{
  "version": 4,
  "terraform_version": "1.8.0",
  "serial": 67,
  "lineage": "d948d693-3940-bba8-6a2a-969ff252f737",
  "outputs": {},
  "resources": [
    {
      "mode": "data",
      "type": "oci_core_images",
      "name": "main",
      "provider": "provider[\"registry.terraform.io/oracle/oci\"]",
      "instances": [
        {
          "schema_version": 0,
          "attributes": {
            "compartment_id": "ocid1.compartment.oc1..aaaaaaaayb54p7ujb5ney2brpvywvuom75et33obzuciqyfqnyhv2g6dtwnq",
            "display_name": null,
            "filter": null,
            "id": "CoreImagesDataSource-2176952253",
            "images": [
              {
                "agent_features": [],
                "base_image_id": "",
                "billable_size_in_gbs": "5",
                "compartment_id": "",
                "create_image_allowed": true,
                "defined_tags": {},
                "display_name": "Oracle-Linux-7.9-2024.05.29-0",
                "freeform_tags": {},
                "id": "ocid1.image.oc1.phx.aaaaaaaakbsr6o55laheu7qou3kjyp2wba2ofxy6p6oljgve4rmrdygrqjja",
                "image_source_details": [],
                "instance_id": "",
                "launch_mode": "NATIVE",
                "launch_options": [
                  {
                    "boot_volume_type": "PARAVIRTUALIZED",
                    "firmware": "UEFI_64",
                    "is_consistent_volume_naming_enabled": true,
                    "is_pv_encryption_in_transit_enabled": true,
                    "network_type": "PARAVIRTUALIZED",
                    "remote_data_volume_type": "PARAVIRTUALIZED"
                  }
                ],
                "listing_type": "",
                "operating_system": "Oracle Linux",
                "operating_system_version": "7.9",
                "size_in_mbs": "47694",
                "state": "AVAILABLE",
                "time_created": "2024-06-05 09:49:15.492 +0000 UTC"
              },
              {
                "agent_features": [],
                "base_image_id": "",
                "billable_size_in_gbs": "4",
                "compartment_id": "",
                "create_image_allowed": true,
                "defined_tags": {},
                "display_name": "Oracle-Linux-7.9-2024.04.19-0",
                "freeform_tags": {},
                "id": "ocid1.image.oc1.phx.aaaaaaaazeo76e5535jswmt5tr5nj4bu6ndx5xdbe7i5tju5rjxpxulkwt5q",
                "image_source_details": [],
                "instance_id": "",
                "launch_mode": "NATIVE",
                "launch_options": [
                  {
                    "boot_volume_type": "PARAVIRTUALIZED",
                    "firmware": "UEFI_64",
                    "is_consistent_volume_naming_enabled": true,
                    "is_pv_encryption_in_transit_enabled": true,
                    "network_type": "PARAVIRTUALIZED",
                    "remote_data_volume_type": "PARAVIRTUALIZED"
                  }
                ],
                "listing_type": "",
                "operating_system": "Oracle Linux",
                "operating_system_version": "7.9",
                "size_in_mbs": "47694",
                "state": "AVAILABLE",
                "time_created": "2024-04-23 20:48:51.081 +0000 UTC"
              },
              {
                "agent_features": [],
                "base_image_id": "",
                "billable_size_in_gbs": "4",
                "compartment_id": "",
                "create_image_allowed": true,
                "defined_tags": {},
                "display_name": "Oracle-Linux-7.9-2024.03.28-0",
                "freeform_tags": {},
                "id": "ocid1.image.oc1.phx.aaaaaaaa7nt27n7ep5gsbcp5e6shrkof6lj5vympxh6epcyy7t3jbslukdda",
                "image_source_details": [],
                "instance_id": "",
                "launch_mode": "NATIVE",
                "launch_options": [
                  {
                    "boot_volume_type": "PARAVIRTUALIZED",
                    "firmware": "UEFI_64",
                    "is_consistent_volume_naming_enabled": true,
                    "is_pv_encryption_in_transit_enabled": true,
                    "network_type": "PARAVIRTUALIZED",
                    "remote_data_volume_type": "PARAVIRTUALIZED"
                  }
                ],
                "listing_type": "",
                "operating_system": "Oracle Linux",
                "operating_system_version": "7.9",
                "size_in_mbs": "47694",
                "state": "AVAILABLE",
                "time_created": "2024-04-15 07:50:14.651 +0000 UTC"
              }
            ],
            "operating_system": "Oracle Linux",
            "operating_system_version": "7.9",
            "shape": "VM.Standard.E4.Flex",
            "sort_by": "TIMECREATED",
            "sort_order": "DESC",
            "state": null
          },
          "sensitive_attributes": []
        }
      ]
    },
    {
      "mode": "data",
      "type": "oci_core_private_ips",
      "name": "private_ips",
      "provider": "provider[\"registry.terraform.io/oracle/oci\"]",
      "instances": [
        {
          "index_key": 0,
          "schema_version": 0,
          "attributes": {
            "filter": null,
            "id": "CorePrivateIpsDataSource-4266589804",
            "ip_address": null,
            "private_ips": [
              {
                "availability_domain": "HUYg:PHX-AD-1",
                "compartment_id": "ocid1.compartment.oc1..aaaaaaaayb54p7ujb5ney2brpvywvuom75et33obzuciqyfqnyhv2g6dtwnq",
                "defined_tags": {
                  "NSAS-Labs.GuildName": "Relational_DB"
                },
                "display_name": "ansible",
                "freeform_tags": {
                  "Owner": "Julien",
                  "module": "oracle-terraform-modules/compute-instance/oci",
                  "terraformed": "Please do not edit manually"
                },
                "hostname_label": "ansible",
                "id": "ocid1.privateip.oc1.phx.abyhqljrnnsrvtqxdft6vyfmd3e5wvuu5pzkrmil3ghyatsn74xq6b23cetq",
                "ip_address": "10.14.5.26",
                "is_primary": true,
                "is_reserved": false,
                "subnet_id": "ocid1.subnet.oc1.phx.aaaaaaaapusu6alhnceh2kzz55nsgb6d77ki7qwfjnqojvaahrcxgywftdhq",
                "time_created": "2024-06-11 07:44:27.113 +0000 UTC",
                "vlan_id": "",
                "vnic_id": "ocid1.vnic.oc1.phx.abyhqljrhkqxxda7tkiuvt3224rlzjjh6pxkexkjkommwz354qeaotwb4fua"
              }
            ],
            "subnet_id": null,
            "vlan_id": null,
            "vnic_id": "ocid1.vnic.oc1.phx.abyhqljrhkqxxda7tkiuvt3224rlzjjh6pxkexkjkommwz354qeaotwb4fua"
          },
          "sensitive_attributes": []
        },
        {
          "index_key": 1,
          "schema_version": 0,
          "attributes": {
            "filter": null,
            "id": "CorePrivateIpsDataSource-1010846056",
            "ip_address": null,
            "private_ips": [
              {
                "availability_domain": "HUYg:PHX-AD-2",
                "compartment_id": "ocid1.compartment.oc1..aaaaaaaayb54p7ujb5ney2brpvywvuom75et33obzuciqyfqnyhv2g6dtwnq",
                "defined_tags": {
                  "NSAS-Labs.GuildName": "Relational_DB"
                },
                "display_name": "mysql_cluster_a",
                "freeform_tags": {
                  "Owner": "Julien",
                  "module": "oracle-terraform-modules/compute-instance/oci",
                  "terraformed": "Please do not edit manually"
                },
                "hostname_label": "mysql-cluster-a",
                "id": "ocid1.privateip.oc1.phx.abyhqljtxxpgtzbo4zxewsghz72bpuo2ja7xuaixp2adcxx3p45rluphlgnq",
                "ip_address": "10.14.2.193",
                "is_primary": true,
                "is_reserved": false,
                "subnet_id": "ocid1.subnet.oc1.phx.aaaaaaaapusu6alhnceh2kzz55nsgb6d77ki7qwfjnqojvaahrcxgywftdhq",
                "time_created": "2024-06-11 07:44:26.91 +0000 UTC",
                "vlan_id": "",
                "vnic_id": "ocid1.vnic.oc1.phx.abyhqljtztkafxzrpchu7ogpvppuroigwykyafccauihb4daxuflpl3dlzyq"
              }
            ],
            "subnet_id": null,
            "vlan_id": null,
            "vnic_id": "ocid1.vnic.oc1.phx.abyhqljtztkafxzrpchu7ogpvppuroigwykyafccauihb4daxuflpl3dlzyq"
          },
          "sensitive_attributes": []
        },
        {
          "index_key": 2,
          "schema_version": 0,
          "attributes": {
            "filter": null,
            "id": "CorePrivateIpsDataSource-311109410",
            "ip_address": null,
            "private_ips": [
              {
                "availability_domain": "HUYg:PHX-AD-3",
                "compartment_id": "ocid1.compartment.oc1..aaaaaaaayb54p7ujb5ney2brpvywvuom75et33obzuciqyfqnyhv2g6dtwnq",
                "defined_tags": {
                  "NSAS-Labs.GuildName": "Relational_DB"
                },
                "display_name": "mysql_cluster_b",
                "freeform_tags": {
                  "Owner": "Julien",
                  "module": "oracle-terraform-modules/compute-instance/oci",
                  "terraformed": "Please do not edit manually"
                },
                "hostname_label": "mysql-cluster-b",
                "id": "ocid1.privateip.oc1.phx.abyhqljsfvmw6shz2jcwrpxbvldjq7qadrqh6tusonwsuraxa4cjd3ii4afa",
                "ip_address": "10.14.13.163",
                "is_primary": true,
                "is_reserved": false,
                "subnet_id": "ocid1.subnet.oc1.phx.aaaaaaaapusu6alhnceh2kzz55nsgb6d77ki7qwfjnqojvaahrcxgywftdhq",
                "time_created": "2024-06-11 07:44:27.28 +0000 UTC",
                "vlan_id": "",
                "vnic_id": "ocid1.vnic.oc1.phx.abyhqljsfkw3qhlrc4m3kfbfqq5vkyv4ez2m2gogll7kdddaznaui645ztga"
              }
            ],
            "subnet_id": null,
            "vlan_id": null,
            "vnic_id": "ocid1.vnic.oc1.phx.abyhqljsfkw3qhlrc4m3kfbfqq5vkyv4ez2m2gogll7kdddaznaui645ztga"
          },
          "sensitive_attributes": []
        }
      ]
    },
    {
      "mode": "data",
      "type": "oci_core_shapes",
      "name": "current_ad",
      "provider": "provider[\"registry.terraform.io/oracle/oci\"]",
      "instances": [
        {
          "schema_version": 0,
          "attributes": {
            "availability_domain": "HUYg:PHX-AD-1",
            "compartment_id": "ocid1.compartment.oc1..aaaaaaaayb54p7ujb5ney2brpvywvuom75et33obzuciqyfqnyhv2g6dtwnq",
            "filter": null,
            "id": "CoreShapesDataSource-2907137339",
            "image_id": null,
            "shapes": [
              {
                "baseline_ocpu_utilizations": [],
                "billing_type": "PAID",
                "gpu_description": "",
                "gpus": 0,
                "is_billed_for_stopped_instance": false,
                "is_flexible": false,
                "is_live_migration_supported": false,
                "is_subcore": false,
                "local_disk_description": "",
                "local_disks": 0,
                "local_disks_total_size_in_gbs": 0,
                "max_vnic_attachment_options": [],
                "max_vnic_attachments": 512,
                "memory_in_gbs": 2304,
                "memory_options": [],
                "min_total_baseline_ocpus_required": 0,
                "name": "BM.Standard.E5.192",
                "network_ports": 2,
                "networking_bandwidth_in_gbps": 100,
                "networking_bandwidth_options": [],
                "ocpu_options": [],
                "ocpus": 192,
                "platform_config_options": [
                  {
                    "access_control_service_options": [
                      {
                        "allowed_values": [
                          true,
                          false
                        ],
                        "is_default_enabled": true
                      }
                    ],
                    "input_output_memory_management_unit_options": [
                      {
                        "allowed_values": [
                          true
                        ],
                        "is_default_enabled": true
                      }
                    ],
                    "measured_boot_options": [
                      {
                        "allowed_values": [
                          false
                        ],
                        "is_default_enabled": false
                      }
                    ],
                    "memory_encryption_options": [
                      {
                        "allowed_values": [
                          true,
                          false
                        ],
                        "is_default_enabled": false
                      }
                    ],
                    "numa_nodes_per_socket_platform_options": [
                      {
                        "allowed_values": [
                          "NPS0",
                          "NPS1",
                          "NPS2",
                          "NPS4"
                        ],
                        "default_value": "NPS1"
                      }
                    ],
                    "percentage_of_cores_enabled_options": [
                      {
                        "default_value": 100,
                        "max": 100,
                        "min": 25
                      }
                    ],
                    "secure_boot_options": [
                      {
                        "allowed_values": [
                          true,
                          false
                        ],
                        "is_default_enabled": false
                      }
                    ],
                    "symmetric_multi_threading_options": [
                      {
                        "allowed_values": [
                          true,
                          false
                        ],
                        "is_default_enabled": true
                      }
                    ],
                    "trusted_platform_module_options": [
                      {
                        "allowed_values": [
                          true,
                          false
                        ],
                        "is_default_enabled": false
                      }
                    ],
                    "type": "GENERIC_BM",
                    "virtual_instructions_options": [
                      {
                        "allowed_values": [
                          true,
                          false
                        ],
                        "is_default_enabled": true
                      }
                    ]
                  }
                ],
                "processor_description": "2.3 GHz AMD EPYC™ 9J14 (Genoa)",
                "quota_names": [
                  "standard-e5-core-count",
                  "standard-e5-memory-count"
                ],
                "rdma_bandwidth_in_gbps": 0,
                "rdma_ports": 0,
                "recommended_alternatives": [],
                "resize_compatible_shapes": []
              },
              {
                "baseline_ocpu_utilizations": [],
                "billing_type": "PAID",
                "gpu_description": "",
                "gpus": 0,
                "is_billed_for_stopped_instance": false,
                "is_flexible": false,
                "is_live_migration_supported": false,
                "is_subcore": false,
                "local_disk_description": "",
                "local_disks": 0,
                "local_disks_total_size_in_gbs": 0,
                "max_vnic_attachment_options": [],
                "max_vnic_attachments": 256,
                "memory_in_gbs": 1024,
                "memory_options": [],
                "min_total_baseline_ocpus_required": 0,
                "name": "BM.Standard.A1.160",
                "network_ports": 2,
                "networking_bandwidth_in_gbps": 100,
                "networking_bandwidth_options": [],
                "ocpu_options": [],
                "ocpus": 160,
                "platform_config_options": [],
                "processor_description": "3.0 GHz Ampere® Altra™",
                "quota_names": [
                  "standard-a1-memory-count",
                  "standard-a1-memory-regional-count",
                  "standard-a1-core-count",
                  "standard-a1-core-regional-count"
                ],
                "rdma_bandwidth_in_gbps": 0,
                "rdma_ports": 0,
                "recommended_alternatives": [],
                "resize_compatible_shapes": []
              },
              {
                "baseline_ocpu_utilizations": [],
                "billing_type": "PAID",
                "gpu_description": "",
                "gpus": 0,
                "is_billed_for_stopped_instance": false,
                "is_flexible": false,
                "is_live_migration_supported": false,
                "is_subcore": false,
                "local_disk_description": "",
                "local_disks": 0,
                "local_disks_total_size_in_gbs": 0,
                "max_vnic_attachment_options": [],
                "max_vnic_attachments": 256,
                "memory_in_gbs": 1024,
                "memory_options": [],
                "min_total_baseline_ocpus_required": 0,
                "name": "BM.Standard3.64",
                "network_ports": 2,
                "networking_bandwidth_in_gbps": 100,
                "networking_bandwidth_options": [],
                "ocpu_options": [],
                "ocpus": 64,
                "platform_config_options": [
                  {
                    "access_control_service_options": [],
                    "input_output_memory_management_unit_options": [
                      {
                        "allowed_values": [
                          true,
                          false
                        ],
                        "is_default_enabled": true
                      }
                    ],
                    "measured_boot_options": [],
                    "memory_encryption_options": [],
                    "numa_nodes_per_socket_platform_options": [
                      {
                        "allowed_values": [
                          "NPS1",
                          "NPS2"
                        ],
                        "default_value": "NPS1"
                      }
                    ],
                    "percentage_of_cores_enabled_options": [
                      {
                        "default_value": 100,
                        "max": 100,
                        "min": 1
                      }
                    ],
                    "secure_boot_options": [
                      {
                        "allowed_values": [
                          true,
                          false
                        ],
                        "is_default_enabled": false
                      }
                    ],
                    "symmetric_multi_threading_options": [
                      {
                        "allowed_values": [
                          true,
                          false
                        ],
                        "is_default_enabled": true
                      }
                    ],
                    "trusted_platform_module_options": [
                      {
                        "allowed_values": [
                          true,
                          false
                        ],
                        "is_default_enabled": false
                      }
                    ],
                    "type": "INTEL_ICELAKE_BM",
                    "virtual_instructions_options": []
                  }
                ],
                "processor_description": "2.6 GHz Intel® Xeon® Platinum 8358 (Ice Lake)",
                "quota_names": [
                  "standard3-memory-count",
                  "standard3-core-count"
                ],
                "rdma_bandwidth_in_gbps": 0,
                "rdma_ports": 0,
                "recommended_alternatives": [],
                "resize_compatible_shapes": []
              },
              {
                "baseline_ocpu_utilizations": [],
                "billing_type": "PAID",
                "gpu_description": "",
                "gpus": 0,
                "is_billed_for_stopped_instance": false,
                "is_flexible": false,
                "is_live_migration_supported": false,
                "is_subcore": false,
                "local_disk_description": "",
                "local_disks": 0,
                "local_disks_total_size_in_gbs": 0,
                "max_vnic_attachment_options": [],
                "max_vnic_attachments": 200,
                "memory_in_gbs": 768,
                "memory_options": [],
                "min_total_baseline_ocpus_required": 0,
                "name": "BM.Standard2.52",
                "network_ports": 2,
                "networking_bandwidth_in_gbps": 50,
                "networking_bandwidth_options": [],
                "ocpu_options": [],
                "ocpus": 52,
                "platform_config_options": [
                  {
                    "access_control_service_options": [],
                    "input_output_memory_management_unit_options": [
                      {
                        "allowed_values": [
                          true,
                          false
                        ],
                        "is_default_enabled": true
                      }
                    ],
                    "measured_boot_options": [
                      {
                        "allowed_values": [
                          false
                        ],
                        "is_default_enabled": false
                      }
                    ],
                    "memory_encryption_options": [],
                    "numa_nodes_per_socket_platform_options": [
                      {
                        "allowed_values": [
                          "NPS1",
                          "NPS2"
                        ],
                        "default_value": "NPS1"
                      }
                    ],
                    "percentage_of_cores_enabled_options": [
                      {
                        "default_value": 100,
                        "max": 100,
                        "min": 1
                      }
                    ],
                    "secure_boot_options": [
                      {
                        "allowed_values": [
                          true,
                          false
                        ],
                        "is_default_enabled": false
                      }
                    ],
                    "symmetric_multi_threading_options": [
                      {
                        "allowed_values": [
                          true,
                          false
                        ],
                        "is_default_enabled": true
                      }
                    ],
                    "trusted_platform_module_options": [
                      {
                        "allowed_values": [
                          true,
                          false
                        ],
                        "is_default_enabled": false
                      }
                    ],
                    "type": "INTEL_SKYLAKE_BM",
                    "virtual_instructions_options": []
                  }
                ],
                "processor_description": "2.0 GHz Intel® Xeon® Platinum 8167M (Skylake)",
                "quota_names": [
                  "standard2-core-count"
                ],
                "rdma_bandwidth_in_gbps": 0,
                "rdma_ports": 0,
                "recommended_alternatives": [],
                "resize_compatible_shapes": []
              },
              {
                "baseline_ocpu_utilizations": [],
                "billing_type": "PAID",
                "gpu_description": "",
                "gpus": 0,
                "is_billed_for_stopped_instance": true,
                "is_flexible": false,
                "is_live_migration_supported": false,
                "is_subcore": false,
                "local_disk_description": "NVMe SSD Storage",
                "local_disks": 1,
                "local_disks_total_size_in_gbs": 3840,
                "max_vnic_attachment_options": [],
                "max_vnic_attachments": 256,
                "memory_in_gbs": 512,
                "memory_options": [],
                "min_total_baseline_ocpus_required": 0,
                "name": "BM.Optimized3.36",
                "network_ports": 2,
                "networking_bandwidth_in_gbps": 100,
                "networking_bandwidth_options": [],
                "ocpu_options": [],
                "ocpus": 36,
                "platform_config_options": [
                  {
                    "access_control_service_options": [],
                    "input_output_memory_management_unit_options": [
                      {
                        "allowed_values": [
                          true,
                          false
                        ],
                        "is_default_enabled": true
                      }
                    ],
                    "measured_boot_options": [],
                    "memory_encryption_options": [],
                    "numa_nodes_per_socket_platform_options": [
                      {
                        "allowed_values": [
                          "NPS1",
                          "NPS2"
                        ],
                        "default_value": "NPS1"
                      }
                    ],
                    "percentage_of_cores_enabled_options": [
                      {
                        "default_value": 100,
                        "max": 100,
                        "min": 1
                      }
                    ],
                    "secure_boot_options": [
                      {
                        "allowed_values": [
                          true,
                          false
                        ],
                        "is_default_enabled": false
                      }
                    ],
                    "symmetric_multi_threading_options": [
                      {
                        "allowed_values": [
                          true,
                          false
                        ],
                        "is_default_enabled": true
                      }
                    ],
                    "trusted_platform_module_options": [
                      {
                        "allowed_values": [
                          true,
                          false
                        ],
                        "is_default_enabled": false
                      }
                    ],
                    "type": "INTEL_ICELAKE_BM",
                    "virtual_instructions_options": []
                  }
                ],
                "processor_description": "3.0 GHz Intel® Xeon® Gold 6354 (Ice Lake)",
                "quota_names": [
                  "optimized3-core-count",
                  "optimized3-memory-count"
                ],
                "rdma_bandwidth_in_gbps": 100,
                "rdma_ports": 1,
                "recommended_alternatives": [],
                "resize_compatible_shapes": []
              },
              {
                "baseline_ocpu_utilizations": [],
                "billing_type": "PAID",
                "gpu_description": "",
                "gpus": 0,
                "is_billed_for_stopped_instance": true,
                "is_flexible": false,
                "is_live_migration_supported": false,
                "is_subcore": false,
                "local_disk_description": "NVMe SSD Storage",
                "local_disks": 8,
                "local_disks_total_size_in_gbs": 54400,
                "max_vnic_attachment_options": [],
                "max_vnic_attachments": 256,
                "memory_in_gbs": 2048,
                "memory_options": [],
                "min_total_baseline_ocpus_required": 0,
                "name": "BM.DenseIO.E4.128",
                "network_ports": 2,
                "networking_bandwidth_in_gbps": 100,
                "networking_bandwidth_options": [],
                "ocpu_options": [],
                "ocpus": 128,
                "platform_config_options": [
                  {
                    "access_control_service_options": [
                      {
                        "allowed_values": [
                          true,
                          false
                        ],
                        "is_default_enabled": true
                      }
                    ],
                    "input_output_memory_management_unit_options": [
                      {
                        "allowed_values": [
                          true,
                          false
                        ],
                        "is_default_enabled": true
                      }
                    ],
                    "measured_boot_options": [
                      {
                        "allowed_values": [
                          false
                        ],
                        "is_default_enabled": false
                      }
                    ],
                    "memory_encryption_options": [
                      {
                        "allowed_values": [
                          true,
                          false
                        ],
                        "is_default_enabled": false
                      }
                    ],
                    "numa_nodes_per_socket_platform_options": [
                      {
                        "allowed_values": [
                          "NPS0",
                          "NPS1",
                          "NPS2",
                          "NPS4"
                        ],
                        "default_value": "NPS1"
                      }
                    ],
                    "percentage_of_cores_enabled_options": [
                      {
                        "default_value": 100,
                        "max": 100,
                        "min": 1
                      }
                    ],
                    "secure_boot_options": [
                      {
                        "allowed_values": [
                          true,
                          false
                        ],
                        "is_default_enabled": false
                      }
                    ],
                    "symmetric_multi_threading_options": [
                      {
                        "allowed_values": [
                          true,
                          false
                        ],
                        "is_default_enabled": true
                      }
                    ],
                    "trusted_platform_module_options": [
                      {
                        "allowed_values": [
                          true,
                          false
                        ],
                        "is_default_enabled": false
                      }
                    ],
                    "type": "AMD_MILAN_BM",
                    "virtual_instructions_options": [
                      {
                        "allowed_values": [
                          true,
                          false
                        ],
                        "is_default_enabled": true
                      }
                    ]
                  }
                ],
                "processor_description": "2.55 GHz AMD EPYC™ 7J13 (Milan)",
                "quota_names": [
                  "dense-io-e4-core-count",
                  "dense-io-e4-memory-count"
                ],
                "rdma_bandwidth_in_gbps": 0,
                "rdma_ports": 0,
                "recommended_alternatives": [],
                "resize_compatible_shapes": []
              },
              {
                "baseline_ocpu_utilizations": [],
                "billing_type": "PAID",
                "gpu_description": "",
                "gpus": 0,
                "is_billed_for_stopped_instance": false,
                "is_flexible": false,
                "is_live_migration_supported": false,
                "is_subcore": false,
                "local_disk_description": "",
                "local_disks": 0,
                "local_disks_total_size_in_gbs": 0,
                "max_vnic_attachment_options": [],
                "max_vnic_attachments": 256,
                "memory_in_gbs": 2048,
                "memory_options": [],
                "min_total_baseline_ocpus_required": 0,
                "name": "BM.Standard.E4.128",
                "network_ports": 2,
                "networking_bandwidth_in_gbps": 100,
                "networking_bandwidth_options": [],
                "ocpu_options": [],
                "ocpus": 128,
                "platform_config_options": [
                  {
                    "access_control_service_options": [
                      {
                        "allowed_values": [
                          true,
                          false
                        ],
                        "is_default_enabled": true
                      }
                    ],
                    "input_output_memory_management_unit_options": [
                      {
                        "allowed_values": [
                          true,
                          false
                        ],
                        "is_default_enabled": true
                      }
                    ],
                    "measured_boot_options": [
                      {
                        "allowed_values": [
                          false
                        ],
                        "is_default_enabled": false
                      }
                    ],
                    "memory_encryption_options": [
                      {
                        "allowed_values": [
                          true,
                          false
                        ],
                        "is_default_enabled": false
                      }
                    ],
                    "numa_nodes_per_socket_platform_options": [
                      {
                        "allowed_values": [
                          "NPS0",
                          "NPS1",
                          "NPS2",
                          "NPS4"
                        ],
                        "default_value": "NPS1"
                      }
                    ],
                    "percentage_of_cores_enabled_options": [
                      {
                        "default_value": 100,
                        "max": 100,
                        "min": 1
                      }
                    ],
                    "secure_boot_options": [
                      {
                        "allowed_values": [
                          true,
                          false
                        ],
                        "is_default_enabled": false
                      }
                    ],
                    "symmetric_multi_threading_options": [
                      {
                        "allowed_values": [
                          true,
                          false
                        ],
                        "is_default_enabled": true
                      }
                    ],
                    "trusted_platform_module_options": [
                      {
                        "allowed_values": [
                          true,
                          false
                        ],
                        "is_default_enabled": false
                      }
                    ],
                    "type": "AMD_MILAN_BM",
                    "virtual_instructions_options": [
                      {
                        "allowed_values": [
                          true,
                          false
                        ],
                        "is_default_enabled": true
                      }
                    ]
                  }
                ],
                "processor_description": "2.55 GHz AMD EPYC™ 7J13 (Milan)",
                "quota_names": [
                  "standard-e4-core-count",
                  "standard-e4-memory-count"
                ],
                "rdma_bandwidth_in_gbps": 0,
                "rdma_ports": 0,
                "recommended_alternatives": [],
                "resize_compatible_shapes": []
              },
              {
                "baseline_ocpu_utilizations": [],
                "billing_type": "PAID",
                "gpu_description": "",
                "gpus": 0,
                "is_billed_for_stopped_instance": false,
                "is_flexible": false,
                "is_live_migration_supported": false,
                "is_subcore": false,
                "local_disk_description": "",
                "local_disks": 0,
                "local_disks_total_size_in_gbs": 0,
                "max_vnic_attachment_options": [],
                "max_vnic_attachments": 256,
                "memory_in_gbs": 2048,
                "memory_options": [],
                "min_total_baseline_ocpus_required": 0,
                "name": "BM.Standard.E3.128",
                "network_ports": 2,
                "networking_bandwidth_in_gbps": 100,
                "networking_bandwidth_options": [],
                "ocpu_options": [],
                "ocpus": 128,
                "platform_config_options": [
                  {
                    "access_control_service_options": [
                      {
                        "allowed_values": [
                          true,
                          false
                        ],
                        "is_default_enabled": true
                      }
                    ],
                    "input_output_memory_management_unit_options": [
                      {
                        "allowed_values": [
                          true,
                          false
                        ],
                        "is_default_enabled": true
                      }
                    ],
                    "measured_boot_options": [
                      {
                        "allowed_values": [
                          false
                        ],
                        "is_default_enabled": false
                      }
                    ],
                    "memory_encryption_options": [
                      {
                        "allowed_values": [
                          true,
                          false
                        ],
                        "is_default_enabled": false
                      }
                    ],
                    "numa_nodes_per_socket_platform_options": [
                      {
                        "allowed_values": [
                          "NPS0",
                          "NPS1",
                          "NPS2",
                          "NPS4"
                        ],
                        "default_value": "NPS1"
                      }
                    ],
                    "percentage_of_cores_enabled_options": [
                      {
                        "default_value": 100,
                        "max": 100,
                        "min": 1
                      }
                    ],
                    "secure_boot_options": [
                      {
                        "allowed_values": [
                          true,
                          false
                        ],
                        "is_default_enabled": false
                      }
                    ],
                    "symmetric_multi_threading_options": [
                      {
                        "allowed_values": [
                          true,
                          false
                        ],
                        "is_default_enabled": true
                      }
                    ],
                    "trusted_platform_module_options": [
                      {
                        "allowed_values": [
                          true,
                          false
                        ],
                        "is_default_enabled": false
                      }
                    ],
                    "type": "AMD_ROME_BM",
                    "virtual_instructions_options": [
                      {
                        "allowed_values": [
                          true,
                          false
                        ],
                        "is_default_enabled": true
                      }
                    ]
                  }
                ],
                "processor_description": "2.25 GHz AMD EPYC™ 7742 (Rome)",
                "quota_names": [
                  "standard-e3-core-ad-count",
                  "standard-e3-memory-count"
                ],
                "rdma_bandwidth_in_gbps": 0,
                "rdma_ports": 0,
                "recommended_alternatives": [],
                "resize_compatible_shapes": []
              },
              {
                "baseline_ocpu_utilizations": [],
                "billing_type": "PAID",
                "gpu_description": "",
                "gpus": 0,
                "is_billed_for_stopped_instance": false,
                "is_flexible": false,
                "is_live_migration_supported": false,
                "is_subcore": false,
                "local_disk_description": "",
                "local_disks": 0,
                "local_disks_total_size_in_gbs": 0,
                "max_vnic_attachment_options": [],
                "max_vnic_attachments": 150,
                "memory_in_gbs": 512,
                "memory_options": [],
                "min_total_baseline_ocpus_required": 0,
                "name": "BM.Standard.E2.64",
                "network_ports": 2,
                "networking_bandwidth_in_gbps": 50,
                "networking_bandwidth_options": [],
                "ocpu_options": [],
                "ocpus": 64,
                "platform_config_options": [],
                "processor_description": "2.0 GHz AMD EPYC™ 7551 (Naples)",
                "quota_names": [
                  "standard-e2-core-count"
                ],
                "rdma_bandwidth_in_gbps": 0,
                "rdma_ports": 0,
                "recommended_alternatives": [
                  {
                    "shape_name": "BM.Standard2.52"
                  },
                  {
                    "shape_name": "BM.Standard.E3.128"
                  }
                ],
                "resize_compatible_shapes": []
              },
              {
                "baseline_ocpu_utilizations": [],
                "billing_type": "PAID",
                "gpu_description": "",
                "gpus": 0,
                "is_billed_for_stopped_instance": true,
                "is_flexible": false,
                "is_live_migration_supported": false,
                "is_subcore": false,
                "local_disk_description": "NVMe SSD Storage",
                "local_disks": 8,
                "local_disks_total_size_in_gbs": 51200,
                "max_vnic_attachment_options": [],
                "max_vnic_attachments": 52,
                "memory_in_gbs": 768,
                "memory_options": [],
                "min_total_baseline_ocpus_required": 0,
                "name": "BM.DenseIO2.52",
                "network_ports": 2,
                "networking_bandwidth_in_gbps": 50,
                "networking_bandwidth_options": [],
                "ocpu_options": [],
                "ocpus": 52,
                "platform_config_options": [
                  {
                    "access_control_service_options": [],
                    "input_output_memory_management_unit_options": [
                      {
                        "allowed_values": [
                          true,
                          false
                        ],
                        "is_default_enabled": true
                      }
                    ],
                    "measured_boot_options": [
                      {
                        "allowed_values": [
                          false
                        ],
                        "is_default_enabled": false
                      }
                    ],
                    "memory_encryption_options": [],
                    "numa_nodes_per_socket_platform_options": [
                      {
                        "allowed_values": [
                          "NPS1",
                          "NPS2"
                        ],
                        "default_value": "NPS1"
                      }
                    ],
                    "percentage_of_cores_enabled_options": [
                      {
                        "default_value": 100,
                        "max": 100,
                        "min": 1
                      }
                    ],
                    "secure_boot_options": [
                      {
                        "allowed_values": [
                          true,
                          false
                        ],
                        "is_default_enabled": false
                      }
                    ],
                    "symmetric_multi_threading_options": [
                      {
                        "allowed_values": [
                          true,
                          false
                        ],
                        "is_default_enabled": true
                      }
                    ],
                    "trusted_platform_module_options": [
                      {
                        "allowed_values": [
                          true,
                          false
                        ],
                        "is_default_enabled": false
                      }
                    ],
                    "type": "INTEL_SKYLAKE_BM",
                    "virtual_instructions_options": []
                  }
                ],
                "processor_description": "2.0 GHz Intel® Xeon® Platinum 8167M (Skylake)",
                "quota_names": [
                  "dense-io2-core-count"
                ],
                "rdma_bandwidth_in_gbps": 0,
                "rdma_ports": 0,
                "recommended_alternatives": [],
                "resize_compatible_shapes": []
              },
              {
                "baseline_ocpu_utilizations": [],
                "billing_type": "PAID",
                "gpu_description": "",
                "gpus": 0,
                "is_billed_for_stopped_instance": true,
                "is_flexible": false,
                "is_live_migration_supported": false,
                "is_subcore": false,
                "local_disk_description": "NVMe SSD Storage",
                "local_disks": 1,
                "local_disks_total_size_in_gbs": 6400,
                "max_vnic_attachment_options": [],
                "max_vnic_attachments": 50,
                "memory_in_gbs": 384,
                "memory_options": [],
                "min_total_baseline_ocpus_required": 0,
                "name": "BM.HPC2.36",
                "network_ports": 1,
                "networking_bandwidth_in_gbps": 25,
                "networking_bandwidth_options": [],
                "ocpu_options": [],
                "ocpus": 36,
                "platform_config_options": [],
                "processor_description": "3.0 GHz Intel® Xeon® Gold 6154 (Skylake)",
                "quota_names": [
                  "hpc2-core-count"
                ],
                "rdma_bandwidth_in_gbps": 100,
                "rdma_ports": 1,
                "recommended_alternatives": [],
                "resize_compatible_shapes": []
              },
              {
                "baseline_ocpu_utilizations": [],
                "billing_type": "PAID",
                "gpu_description": "",
                "gpus": 0,
                "is_billed_for_stopped_instance": false,
                "is_flexible": false,
                "is_live_migration_supported": false,
                "is_subcore": false,
                "local_disk_description": "",
                "local_disks": 0,
                "local_disks_total_size_in_gbs": 0,
                "max_vnic_attachment_options": [],
                "max_vnic_attachments": 100,
                "memory_in_gbs": 256,
                "memory_options": [],
                "min_total_baseline_ocpus_required": 0,
                "name": "BM.Standard1.36",
                "network_ports": 1,
                "networking_bandwidth_in_gbps": 10,
                "networking_bandwidth_options": [],
                "ocpu_options": [],
                "ocpus": 36,
                "platform_config_options": [],
                "processor_description": "2.3 GHz Intel® Xeon® E5-2699 v3 (Haswell)",
                "quota_names": [
                  "standard1-core-count"
                ],
                "rdma_bandwidth_in_gbps": 0,
                "rdma_ports": 0,
                "recommended_alternatives": [
                  {
                    "shape_name": "BM.Standard2.52"
                  },
                  {
                    "shape_name": "BM.Standard3.64"
                  }
                ],
                "resize_compatible_shapes": []
              },
              {
                "baseline_ocpu_utilizations": [],
                "billing_type": "PAID",
                "gpu_description": "",
                "gpus": 0,
                "is_billed_for_stopped_instance": true,
                "is_flexible": false,
                "is_live_migration_supported": false,
                "is_subcore": false,
                "local_disk_description": "NVMe SSD Storage",
                "local_disks": 4,
                "local_disks_total_size_in_gbs": 12800,
                "max_vnic_attachment_options": [],
                "max_vnic_attachments": 36,
                "memory_in_gbs": 512,
                "memory_options": [],
                "min_total_baseline_ocpus_required": 0,
                "name": "BM.HighIO1.36",
                "network_ports": 1,
                "networking_bandwidth_in_gbps": 10,
                "networking_bandwidth_options": [],
                "ocpu_options": [],
                "ocpus": 36,
                "platform_config_options": [],
                "processor_description": "2.3 GHz Intel® Xeon® E5-2699 v3 (Haswell)",
                "quota_names": [
                  "high-io1-core-count"
                ],
                "rdma_bandwidth_in_gbps": 0,
                "rdma_ports": 0,
                "recommended_alternatives": [],
                "resize_compatible_shapes": []
              },
              {
                "baseline_ocpu_utilizations": [],
                "billing_type": "PAID",
                "gpu_description": "",
                "gpus": 0,
                "is_billed_for_stopped_instance": true,
                "is_flexible": false,
                "is_live_migration_supported": false,
                "is_subcore": false,
                "local_disk_description": "NVMe SSD Storage",
                "local_disks": 9,
                "local_disks_total_size_in_gbs": 28800,
                "max_vnic_attachment_options": [],
                "max_vnic_attachments": 36,
                "memory_in_gbs": 512,
                "memory_options": [],
                "min_total_baseline_ocpus_required": 0,
                "name": "BM.DenseIO1.36",
                "network_ports": 1,
                "networking_bandwidth_in_gbps": 10,
                "networking_bandwidth_options": [],
                "ocpu_options": [],
                "ocpus": 36,
                "platform_config_options": [],
                "processor_description": "2.3 GHz Intel® Xeon® E5-2699 v3 (Haswell)",
                "quota_names": [
                  "dense-io1-core-count"
                ],
                "rdma_bandwidth_in_gbps": 0,
                "rdma_ports": 0,
                "recommended_alternatives": [
                  {
                    "shape_name": "BM.DenseIO2.52"
                  }
                ],
                "resize_compatible_shapes": []
              },
              {
                "baseline_ocpu_utilizations": [],
                "billing_type": "PAID",
                "gpu_description": "",
                "gpus": 0,
                "is_billed_for_stopped_instance": false,
                "is_flexible": false,
                "is_live_migration_supported": false,
                "is_subcore": false,
                "local_disk_description": "",
                "local_disks": 0,
                "local_disks_total_size_in_gbs": 0,
                "max_vnic_attachment_options": [],
                "max_vnic_attachments": 44,
                "memory_in_gbs": 512,
                "memory_options": [],
                "min_total_baseline_ocpus_required": 0,
                "name": "BM.Standard.B1.44",
                "network_ports": 1,
                "networking_bandwidth_in_gbps": 25,
                "networking_bandwidth_options": [],
                "ocpu_options": [],
                "ocpus": 44,
                "platform_config_options": [],
                "processor_description": "2.2 GHz Intel® Xeon® E5-2669 v4 (Broadwell)",
                "quota_names": [
                  "standard-b1-core-count"
                ],
                "rdma_bandwidth_in_gbps": 0,
                "rdma_ports": 0,
                "recommended_alternatives": [
                  {
                    "shape_name": "BM.Standard2.52"
                  },
                  {
                    "shape_name": "BM.Standard3.64"
                  }
                ],
                "resize_compatible_shapes": []
              },
              {
                "baseline_ocpu_utilizations": [],
                "billing_type": "PAID",
                "gpu_description": "",
                "gpus": 0,
                "is_billed_for_stopped_instance": false,
                "is_flexible": true,
                "is_live_migration_supported": true,
                "is_subcore": false,
                "local_disk_description": "",
                "local_disks": 0,
                "local_disks_total_size_in_gbs": 0,
                "max_vnic_attachment_options": [
                  {
                    "default_per_ocpu": 2,
                    "max": 24,
                    "min": 2
                  }
                ],
                "max_vnic_attachments": 2,
                "memory_in_gbs": 14,
                "memory_options": [
                  {
                    "default_per_ocpu_in_gbs": 14,
                    "max_in_gbs": 256,
                    "max_per_numa_node_in_gbs": 256,
                    "max_per_ocpu_in_gbs": 64,
                    "min_in_gbs": 1,
                    "min_per_ocpu_in_gbs": 1
                  }
                ],
                "min_total_baseline_ocpus_required": 0,
                "name": "VM.Optimized3.Flex",
                "network_ports": 1,
                "networking_bandwidth_in_gbps": 4,
                "networking_bandwidth_options": [
                  {
                    "default_per_ocpu_in_gbps": 4,
                    "max_in_gbps": 40,
                    "min_in_gbps": 4
                  }
                ],
                "ocpu_options": [
                  {
                    "max": 18,
                    "max_per_numa_node": 18,
                    "min": 1
                  }
                ],
                "ocpus": 1,
                "platform_config_options": [
                  {
                    "access_control_service_options": [],
                    "input_output_memory_management_unit_options": [],
                    "measured_boot_options": [
                      {
                        "allowed_values": [
                          true,
                          false
                        ],
                        "is_default_enabled": false
                      }
                    ],
                    "memory_encryption_options": [],
                    "numa_nodes_per_socket_platform_options": [],
                    "percentage_of_cores_enabled_options": [],
                    "secure_boot_options": [
                      {
                        "allowed_values": [
                          true,
                          false
                        ],
                        "is_default_enabled": false
                      }
                    ],
                    "symmetric_multi_threading_options": [
                      {
                        "allowed_values": [
                          true,
                          false
                        ],
                        "is_default_enabled": true
                      }
                    ],
                    "trusted_platform_module_options": [
                      {
                        "allowed_values": [
                          true,
                          false
                        ],
                        "is_default_enabled": false
                      }
                    ],
                    "type": "INTEL_VM",
                    "virtual_instructions_options": []
                  }
                ],
                "processor_description": "3.0 GHz Intel® Xeon® Gold 6354 (Ice Lake)",
                "quota_names": [
                  "optimized3-core-count",
                  "optimized3-memory-count"
                ],
                "rdma_bandwidth_in_gbps": 0,
                "rdma_ports": 0,
                "recommended_alternatives": [],
                "resize_compatible_shapes": [
                  "VM.Standard1.1",
                  "VM.Standard1.2",
                  "VM.Standard1.4",
                  "VM.Standard1.8",
                  "VM.Standard1.16",
                  "VM.Standard.B1.1",
                  "VM.Standard.B1.2",
                  "VM.Standard.B1.4",
                  "VM.Standard.B1.8",
                  "VM.Standard.B1.16",
                  "VM.Standard.E2.1",
                  "VM.Standard.E2.2",
                  "VM.Standard.E2.4",
                  "VM.Standard.E2.8",
                  "VM.Standard2.1",
                  "VM.Standard2.2",
                  "VM.Standard2.4",
                  "VM.Standard2.8",
                  "VM.Standard2.16",
                  "VM.Standard2.24",
                  "VM.Standard.E3.Flex",
                  "VM.Standard.E4.Flex",
                  "VM.Standard.E5.Flex",
                  "VM.Optimized3.Flex",
                  "VM.Standard3.Flex",
                  "VM.Standard.AMD.Generic",
                  "VM.Standard.Intel.Generic",
                  "VM.Standard.x86.Generic"
                ]
              },
              {
                "baseline_ocpu_utilizations": [
                  "BASELINE_1_8",
                  "BASELINE_1_2",
                  "BASELINE_1_1"
                ],
                "billing_type": "PAID",
                "gpu_description": "",
                "gpus": 0,
                "is_billed_for_stopped_instance": false,
                "is_flexible": true,
                "is_live_migration_supported": true,
                "is_subcore": true,
                "local_disk_description": "",
                "local_disks": 0,
                "local_disks_total_size_in_gbs": 0,
                "max_vnic_attachment_options": [
                  {
                    "default_per_ocpu": 1,
                    "max": 24,
                    "min": 2
                  }
                ],
                "max_vnic_attachments": 2,
                "memory_in_gbs": 16,
                "memory_options": [
                  {
                    "default_per_ocpu_in_gbs": 16,
                    "max_in_gbs": 1760,
                    "max_per_numa_node_in_gbs": 1024,
                    "max_per_ocpu_in_gbs": 64,
                    "min_in_gbs": 1,
                    "min_per_ocpu_in_gbs": 1
                  }
                ],
                "min_total_baseline_ocpus_required": 0,
                "name": "VM.Standard.E4.Flex",
                "network_ports": 1,
                "networking_bandwidth_in_gbps": 1,
                "networking_bandwidth_options": [
                  {
                    "default_per_ocpu_in_gbps": 1,
                    "max_in_gbps": 40,
                    "min_in_gbps": 1
                  }
                ],
                "ocpu_options": [
                  {
                    "max": 114,
                    "max_per_numa_node": 64,
                    "min": 1
                  }
                ],
                "ocpus": 1,
                "platform_config_options": [
                  {
                    "access_control_service_options": [],
                    "input_output_memory_management_unit_options": [],
                    "measured_boot_options": [
                      {
                        "allowed_values": [
                          true,
                          false
                        ],
                        "is_default_enabled": false
                      }
                    ],
                    "memory_encryption_options": [
                      {
                        "allowed_values": [
                          true,
                          false
                        ],
                        "is_default_enabled": false
                      }
                    ],
                    "numa_nodes_per_socket_platform_options": [],
                    "percentage_of_cores_enabled_options": [],
                    "secure_boot_options": [
                      {
                        "allowed_values": [
                          true,
                          false
                        ],
                        "is_default_enabled": false
                      }
                    ],
                    "symmetric_multi_threading_options": [
                      {
                        "allowed_values": [
                          true,
                          false
                        ],
                        "is_default_enabled": true
                      }
                    ],
                    "trusted_platform_module_options": [
                      {
                        "allowed_values": [
                          true,
                          false
                        ],
                        "is_default_enabled": false
                      }
                    ],
                    "type": "AMD_VM",
                    "virtual_instructions_options": []
                  }
                ],
                "processor_description": "2.55 GHz AMD EPYC™ 7J13 (Milan)",
                "quota_names": [
                  "standard-e4-core-count",
                  "standard-e4-memory-count"
                ],
                "rdma_bandwidth_in_gbps": 0,
                "rdma_ports": 0,
                "recommended_alternatives": [],
                "resize_compatible_shapes": [
                  "VM.Standard1.1",
                  "VM.Standard1.2",
                  "VM.Standard1.4",
                  "VM.Standard1.8",
                  "VM.Standard1.16",
                  "VM.Standard.B1.1",
                  "VM.Standard.B1.2",
                  "VM.Standard.B1.4",
                  "VM.Standard.B1.8",
                  "VM.Standard.B1.16",
                  "VM.Standard.E2.1",
                  "VM.Standard.E2.2",
                  "VM.Standard.E2.4",
                  "VM.Standard.E2.8",
                  "VM.Standard2.1",
                  "VM.Standard2.2",
                  "VM.Standard2.4",
                  "VM.Standard2.8",
                  "VM.Standard2.16",
                  "VM.Standard2.24",
                  "VM.Standard.E3.Flex",
                  "VM.Standard.E4.Flex",
                  "VM.Standard.E5.Flex",
                  "VM.Optimized3.Flex",
                  "VM.Standard3.Flex",
                  "VM.Standard.AMD.Generic",
                  "VM.Standard.Intel.Generic",
                  "VM.Standard.x86.Generic"
                ]
              },
              {
                "baseline_ocpu_utilizations": [
                  "BASELINE_1_8",
                  "BASELINE_1_2",
                  "BASELINE_1_1"
                ],
                "billing_type": "PAID",
                "gpu_description": "",
                "gpus": 0,
                "is_billed_for_stopped_instance": false,
                "is_flexible": true,
                "is_live_migration_supported": true,
                "is_subcore": true,
                "local_disk_description": "",
                "local_disks": 0,
                "local_disks_total_size_in_gbs": 0,
                "max_vnic_attachment_options": [
                  {
                    "default_per_ocpu": 1,
                    "max": 24,
                    "min": 2
                  }
                ],
                "max_vnic_attachments": 2,
                "memory_in_gbs": 16,
                "memory_options": [
                  {
                    "default_per_ocpu_in_gbs": 16,
                    "max_in_gbs": 1776,
                    "max_per_numa_node_in_gbs": 1024,
                    "max_per_ocpu_in_gbs": 64,
                    "min_in_gbs": 1,
                    "min_per_ocpu_in_gbs": 1
                  }
                ],
                "min_total_baseline_ocpus_required": 0,
                "name": "VM.Standard.E3.Flex",
                "network_ports": 1,
                "networking_bandwidth_in_gbps": 1,
                "networking_bandwidth_options": [
                  {
                    "default_per_ocpu_in_gbps": 1,
                    "max_in_gbps": 40,
                    "min_in_gbps": 1
                  }
                ],
                "ocpu_options": [
                  {
                    "max": 114,
                    "max_per_numa_node": 64,
                    "min": 1
                  }
                ],
                "ocpus": 1,
                "platform_config_options": [
                  {
                    "access_control_service_options": [],
                    "input_output_memory_management_unit_options": [],
                    "measured_boot_options": [
                      {
                        "allowed_values": [
                          true,
                          false
                        ],
                        "is_default_enabled": false
                      }
                    ],
                    "memory_encryption_options": [
                      {
                        "allowed_values": [
                          true,
                          false
                        ],
                        "is_default_enabled": false
                      }
                    ],
                    "numa_nodes_per_socket_platform_options": [],
                    "percentage_of_cores_enabled_options": [],
                    "secure_boot_options": [
                      {
                        "allowed_values": [
                          true,
                          false
                        ],
                        "is_default_enabled": false
                      }
                    ],
                    "symmetric_multi_threading_options": [
                      {
                        "allowed_values": [
                          true,
                          false
                        ],
                        "is_default_enabled": true
                      }
                    ],
                    "trusted_platform_module_options": [
                      {
                        "allowed_values": [
                          true,
                          false
                        ],
                        "is_default_enabled": false
                      }
                    ],
                    "type": "AMD_VM",
                    "virtual_instructions_options": []
                  }
                ],
                "processor_description": "2.25 GHz AMD EPYC™ 7742 (Rome)",
                "quota_names": [
                  "standard-e3-core-ad-count",
                  "standard-e3-memory-count"
                ],
                "rdma_bandwidth_in_gbps": 0,
                "rdma_ports": 0,
                "recommended_alternatives": [],
                "resize_compatible_shapes": [
                  "VM.Standard1.1",
                  "VM.Standard1.2",
                  "VM.Standard1.4",
                  "VM.Standard1.8",
                  "VM.Standard1.16",
                  "VM.Standard.B1.1",
                  "VM.Standard.B1.2",
                  "VM.Standard.B1.4",
                  "VM.Standard.B1.8",
                  "VM.Standard.B1.16",
                  "VM.Standard.E2.1",
                  "VM.Standard.E2.2",
                  "VM.Standard.E2.4",
                  "VM.Standard.E2.8",
                  "VM.Standard2.1",
                  "VM.Standard2.2",
                  "VM.Standard2.4",
                  "VM.Standard2.8",
                  "VM.Standard2.16",
                  "VM.Standard2.24",
                  "VM.Standard.E3.Flex",
                  "VM.Standard.E4.Flex",
                  "VM.Standard.E5.Flex",
                  "VM.Optimized3.Flex",
                  "VM.Standard3.Flex",
                  "VM.Standard.AMD.Generic",
                  "VM.Standard.Intel.Generic",
                  "VM.Standard.x86.Generic"
                ]
              },
              {
                "baseline_ocpu_utilizations": [],
                "billing_type": "LIMITED_FREE",
                "gpu_description": "",
                "gpus": 0,
                "is_billed_for_stopped_instance": false,
                "is_flexible": true,
                "is_live_migration_supported": true,
                "is_subcore": false,
                "local_disk_description": "",
                "local_disks": 0,
                "local_disks_total_size_in_gbs": 0,
                "max_vnic_attachment_options": [
                  {
                    "default_per_ocpu": 1,
                    "max": 24,
                    "min": 2
                  }
                ],
                "max_vnic_attachments": 2,
                "memory_in_gbs": 6,
                "memory_options": [
                  {
                    "default_per_ocpu_in_gbs": 6,
                    "max_in_gbs": 512,
                    "max_per_numa_node_in_gbs": 512,
                    "max_per_ocpu_in_gbs": 64,
                    "min_in_gbs": 1,
                    "min_per_ocpu_in_gbs": 1
                  }
                ],
                "min_total_baseline_ocpus_required": 0,
                "name": "VM.Standard.A1.Flex",
                "network_ports": 1,
                "networking_bandwidth_in_gbps": 1,
                "networking_bandwidth_options": [
                  {
                    "default_per_ocpu_in_gbps": 1,
                    "max_in_gbps": 40,
                    "min_in_gbps": 1
                  }
                ],
                "ocpu_options": [
                  {
                    "max": 80,
                    "max_per_numa_node": 80,
                    "min": 1
                  }
                ],
                "ocpus": 1,
                "platform_config_options": [],
                "processor_description": "3.0 GHz Ampere® Altra™",
                "quota_names": [
                  "standard-a1-memory-count",
                  "standard-a1-memory-regional-count",
                  "standard-a1-core-count",
                  "standard-a1-core-regional-count"
                ],
                "rdma_bandwidth_in_gbps": 0,
                "rdma_ports": 0,
                "recommended_alternatives": [],
                "resize_compatible_shapes": [
                  "VM.Standard.A1.Flex",
                  "VM.Standard.Ampere.Generic"
                ]
              },
              {
                "baseline_ocpu_utilizations": [],
                "billing_type": "PAID",
                "gpu_description": "",
                "gpus": 0,
                "is_billed_for_stopped_instance": false,
                "is_flexible": false,
                "is_live_migration_supported": true,
                "is_subcore": false,
                "local_disk_description": "",
                "local_disks": 0,
                "local_disks_total_size_in_gbs": 0,
                "max_vnic_attachment_options": [],
                "max_vnic_attachments": 2,
                "memory_in_gbs": 15,
                "memory_options": [],
                "min_total_baseline_ocpus_required": 0,
                "name": "VM.Standard2.1",
                "network_ports": 1,
                "networking_bandwidth_in_gbps": 1,
                "networking_bandwidth_options": [],
                "ocpu_options": [],
                "ocpus": 1,
                "platform_config_options": [
                  {
                    "access_control_service_options": [],
                    "input_output_memory_management_unit_options": [],
                    "measured_boot_options": [
                      {
                        "allowed_values": [
                          true,
                          false
                        ],
                        "is_default_enabled": false
                      }
                    ],
                    "memory_encryption_options": [],
                    "numa_nodes_per_socket_platform_options": [],
                    "percentage_of_cores_enabled_options": [],
                    "secure_boot_options": [
                      {
                        "allowed_values": [
                          true,
                          false
                        ],
                        "is_default_enabled": false
                      }
                    ],
                    "symmetric_multi_threading_options": [
                      {
                        "allowed_values": [
                          true,
                          false
                        ],
                        "is_default_enabled": true
                      }
                    ],
                    "trusted_platform_module_options": [
                      {
                        "allowed_values": [
                          true,
                          false
                        ],
                        "is_default_enabled": false
                      }
                    ],
                    "type": "INTEL_VM",
                    "virtual_instructions_options": []
                  }
                ],
                "processor_description": "2.0 GHz Intel® Xeon® Platinum 8167M (Skylake)",
                "quota_names": [
                  "standard2-core-count"
                ],
                "rdma_bandwidth_in_gbps": 0,
                "rdma_ports": 0,
                "recommended_alternatives": [],
                "resize_compatible_shapes": [
                  "VM.Standard1.1",
                  "VM.Standard1.2",
                  "VM.Standard1.4",
                  "VM.Standard1.8",
                  "VM.Standard1.16",
                  "VM.Standard.B1.1",
                  "VM.Standard.B1.2",
                  "VM.Standard.B1.4",
                  "VM.Standard.B1.8",
                  "VM.Standard.B1.16",
                  "VM.Standard.E2.1",
                  "VM.Standard.E2.2",
                  "VM.Standard.E2.4",
                  "VM.Standard.E2.8",
                  "VM.Standard2.1",
                  "VM.Standard2.2",
                  "VM.Standard2.4",
                  "VM.Standard2.8",
                  "VM.Standard2.16",
                  "VM.Standard2.24",
                  "VM.Standard.E3.Flex",
                  "VM.Standard.E4.Flex",
                  "VM.Standard.E5.Flex",
                  "VM.Optimized3.Flex",
                  "VM.Standard3.Flex",
                  "VM.Standard.AMD.Generic",
                  "VM.Standard.Intel.Generic",
                  "VM.Standard.x86.Generic"
                ]
              },
              {
                "baseline_ocpu_utilizations": [],
                "billing_type": "PAID",
                "gpu_description": "",
                "gpus": 0,
                "is_billed_for_stopped_instance": false,
                "is_flexible": false,
                "is_live_migration_supported": true,
                "is_subcore": false,
                "local_disk_description": "",
                "local_disks": 0,
                "local_disks_total_size_in_gbs": 0,
                "max_vnic_attachment_options": [],
                "max_vnic_attachments": 2,
                "memory_in_gbs": 30,
                "memory_options": [],
                "min_total_baseline_ocpus_required": 0,
                "name": "VM.Standard2.2",
                "network_ports": 1,
                "networking_bandwidth_in_gbps": 2,
                "networking_bandwidth_options": [],
                "ocpu_options": [],
                "ocpus": 2,
                "platform_config_options": [
                  {
                    "access_control_service_options": [],
                    "input_output_memory_management_unit_options": [],
                    "measured_boot_options": [
                      {
                        "allowed_values": [
                          true,
                          false
                        ],
                        "is_default_enabled": false
                      }
                    ],
                    "memory_encryption_options": [],
                    "numa_nodes_per_socket_platform_options": [],
                    "percentage_of_cores_enabled_options": [],
                    "secure_boot_options": [
                      {
                        "allowed_values": [
                          true,
                          false
                        ],
                        "is_default_enabled": false
                      }
                    ],
                    "symmetric_multi_threading_options": [
                      {
                        "allowed_values": [
                          true,
                          false
                        ],
                        "is_default_enabled": true
                      }
                    ],
                    "trusted_platform_module_options": [
                      {
                        "allowed_values": [
                          true,
                          false
                        ],
                        "is_default_enabled": false
                      }
                    ],
                    "type": "INTEL_VM",
                    "virtual_instructions_options": []
                  }
                ],
                "processor_description": "2.0 GHz Intel® Xeon® Platinum 8167M (Skylake)",
                "quota_names": [
                  "standard2-core-count"
                ],
                "rdma_bandwidth_in_gbps": 0,
                "rdma_ports": 0,
                "recommended_alternatives": [],
                "resize_compatible_shapes": [
                  "VM.Standard1.1",
                  "VM.Standard1.2",
                  "VM.Standard1.4",
                  "VM.Standard1.8",
                  "VM.Standard1.16",
                  "VM.Standard.B1.1",
                  "VM.Standard.B1.2",
                  "VM.Standard.B1.4",
                  "VM.Standard.B1.8",
                  "VM.Standard.B1.16",
                  "VM.Standard.E2.1",
                  "VM.Standard.E2.2",
                  "VM.Standard.E2.4",
                  "VM.Standard.E2.8",
                  "VM.Standard2.1",
                  "VM.Standard2.2",
                  "VM.Standard2.4",
                  "VM.Standard2.8",
                  "VM.Standard2.16",
                  "VM.Standard2.24",
                  "VM.Standard.E3.Flex",
                  "VM.Standard.E4.Flex",
                  "VM.Standard.E5.Flex",
                  "VM.Optimized3.Flex",
                  "VM.Standard3.Flex",
                  "VM.Standard.AMD.Generic",
                  "VM.Standard.Intel.Generic",
                  "VM.Standard.x86.Generic"
                ]
              },
              {
                "baseline_ocpu_utilizations": [],
                "billing_type": "PAID",
                "gpu_description": "",
                "gpus": 0,
                "is_billed_for_stopped_instance": false,
                "is_flexible": false,
                "is_live_migration_supported": true,
                "is_subcore": false,
                "local_disk_description": "",
                "local_disks": 0,
                "local_disks_total_size_in_gbs": 0,
                "max_vnic_attachment_options": [],
                "max_vnic_attachments": 4,
                "memory_in_gbs": 60,
                "memory_options": [],
                "min_total_baseline_ocpus_required": 0,
                "name": "VM.Standard2.4",
                "network_ports": 1,
                "networking_bandwidth_in_gbps": 4.099999904632568,
                "networking_bandwidth_options": [],
                "ocpu_options": [],
                "ocpus": 4,
                "platform_config_options": [
                  {
                    "access_control_service_options": [],
                    "input_output_memory_management_unit_options": [],
                    "measured_boot_options": [
                      {
                        "allowed_values": [
                          true,
                          false
                        ],
                        "is_default_enabled": false
                      }
                    ],
                    "memory_encryption_options": [],
                    "numa_nodes_per_socket_platform_options": [],
                    "percentage_of_cores_enabled_options": [],
                    "secure_boot_options": [
                      {
                        "allowed_values": [
                          true,
                          false
                        ],
                        "is_default_enabled": false
                      }
                    ],
                    "symmetric_multi_threading_options": [
                      {
                        "allowed_values": [
                          true,
                          false
                        ],
                        "is_default_enabled": true
                      }
                    ],
                    "trusted_platform_module_options": [
                      {
                        "allowed_values": [
                          true,
                          false
                        ],
                        "is_default_enabled": false
                      }
                    ],
                    "type": "INTEL_VM",
                    "virtual_instructions_options": []
                  }
                ],
                "processor_description": "2.0 GHz Intel® Xeon® Platinum 8167M (Skylake)",
                "quota_names": [
                  "standard2-core-count"
                ],
                "rdma_bandwidth_in_gbps": 0,
                "rdma_ports": 0,
                "recommended_alternatives": [],
                "resize_compatible_shapes": [
                  "VM.Standard1.1",
                  "VM.Standard1.2",
                  "VM.Standard1.4",
                  "VM.Standard1.8",
                  "VM.Standard1.16",
                  "VM.Standard.B1.1",
                  "VM.Standard.B1.2",
                  "VM.Standard.B1.4",
                  "VM.Standard.B1.8",
                  "VM.Standard.B1.16",
                  "VM.Standard.E2.1",
                  "VM.Standard.E2.2",
                  "VM.Standard.E2.4",
                  "VM.Standard.E2.8",
                  "VM.Standard2.1",
                  "VM.Standard2.2",
                  "VM.Standard2.4",
                  "VM.Standard2.8",
                  "VM.Standard2.16",
                  "VM.Standard2.24",
                  "VM.Standard.E3.Flex",
                  "VM.Standard.E4.Flex",
                  "VM.Standard.E5.Flex",
                  "VM.Optimized3.Flex",
                  "VM.Standard3.Flex",
                  "VM.Standard.AMD.Generic",
                  "VM.Standard.Intel.Generic",
                  "VM.Standard.x86.Generic"
                ]
              },
              {
                "baseline_ocpu_utilizations": [],
                "billing_type": "PAID",
                "gpu_description": "",
                "gpus": 0,
                "is_billed_for_stopped_instance": false,
                "is_flexible": false,
                "is_live_migration_supported": true,
                "is_subcore": false,
                "local_disk_description": "",
                "local_disks": 0,
                "local_disks_total_size_in_gbs": 0,
                "max_vnic_attachment_options": [],
                "max_vnic_attachments": 8,
                "memory_in_gbs": 120,
                "memory_options": [],
                "min_total_baseline_ocpus_required": 0,
                "name": "VM.Standard2.8",
                "network_ports": 1,
                "networking_bandwidth_in_gbps": 8.199999809265137,
                "networking_bandwidth_options": [],
                "ocpu_options": [],
                "ocpus": 8,
                "platform_config_options": [
                  {
                    "access_control_service_options": [],
                    "input_output_memory_management_unit_options": [],
                    "measured_boot_options": [
                      {
                        "allowed_values": [
                          true,
                          false
                        ],
                        "is_default_enabled": false
                      }
                    ],
                    "memory_encryption_options": [],
                    "numa_nodes_per_socket_platform_options": [],
                    "percentage_of_cores_enabled_options": [],
                    "secure_boot_options": [
                      {
                        "allowed_values": [
                          true,
                          false
                        ],
                        "is_default_enabled": false
                      }
                    ],
                    "symmetric_multi_threading_options": [
                      {
                        "allowed_values": [
                          true,
                          false
                        ],
                        "is_default_enabled": true
                      }
                    ],
                    "trusted_platform_module_options": [
                      {
                        "allowed_values": [
                          true,
                          false
                        ],
                        "is_default_enabled": false
                      }
                    ],
                    "type": "INTEL_VM",
                    "virtual_instructions_options": []
                  }
                ],
                "processor_description": "2.0 GHz Intel® Xeon® Platinum 8167M (Skylake)",
                "quota_names": [
                  "standard2-core-count"
                ],
                "rdma_bandwidth_in_gbps": 0,
                "rdma_ports": 0,
                "recommended_alternatives": [],
                "resize_compatible_shapes": [
                  "VM.Standard1.1",
                  "VM.Standard1.2",
                  "VM.Standard1.4",
                  "VM.Standard1.8",
                  "VM.Standard1.16",
                  "VM.Standard.B1.1",
                  "VM.Standard.B1.2",
                  "VM.Standard.B1.4",
                  "VM.Standard.B1.8",
                  "VM.Standard.B1.16",
                  "VM.Standard.E2.1",
                  "VM.Standard.E2.2",
                  "VM.Standard.E2.4",
                  "VM.Standard.E2.8",
                  "VM.Standard2.1",
                  "VM.Standard2.2",
                  "VM.Standard2.4",
                  "VM.Standard2.8",
                  "VM.Standard2.16",
                  "VM.Standard2.24",
                  "VM.Standard.E3.Flex",
                  "VM.Standard.E4.Flex",
                  "VM.Standard.E5.Flex",
                  "VM.Optimized3.Flex",
                  "VM.Standard3.Flex",
                  "VM.Standard.AMD.Generic",
                  "VM.Standard.Intel.Generic",
                  "VM.Standard.x86.Generic"
                ]
              },
              {
                "baseline_ocpu_utilizations": [],
                "billing_type": "PAID",
                "gpu_description": "",
                "gpus": 0,
                "is_billed_for_stopped_instance": false,
                "is_flexible": false,
                "is_live_migration_supported": true,
                "is_subcore": false,
                "local_disk_description": "",
                "local_disks": 0,
                "local_disks_total_size_in_gbs": 0,
                "max_vnic_attachment_options": [],
                "max_vnic_attachments": 16,
                "memory_in_gbs": 240,
                "memory_options": [],
                "min_total_baseline_ocpus_required": 0,
                "name": "VM.Standard2.16",
                "network_ports": 1,
                "networking_bandwidth_in_gbps": 16.399999618530273,
                "networking_bandwidth_options": [],
                "ocpu_options": [],
                "ocpus": 16,
                "platform_config_options": [
                  {
                    "access_control_service_options": [],
                    "input_output_memory_management_unit_options": [],
                    "measured_boot_options": [
                      {
                        "allowed_values": [
                          true,
                          false
                        ],
                        "is_default_enabled": false
                      }
                    ],
                    "memory_encryption_options": [],
                    "numa_nodes_per_socket_platform_options": [],
                    "percentage_of_cores_enabled_options": [],
                    "secure_boot_options": [
                      {
                        "allowed_values": [
                          true,
                          false
                        ],
                        "is_default_enabled": false
                      }
                    ],
                    "symmetric_multi_threading_options": [
                      {
                        "allowed_values": [
                          true,
                          false
                        ],
                        "is_default_enabled": true
                      }
                    ],
                    "trusted_platform_module_options": [
                      {
                        "allowed_values": [
                          true,
                          false
                        ],
                        "is_default_enabled": false
                      }
                    ],
                    "type": "INTEL_VM",
                    "virtual_instructions_options": []
                  }
                ],
                "processor_description": "2.0 GHz Intel® Xeon® Platinum 8167M (Skylake)",
                "quota_names": [
                  "standard2-core-count"
                ],
                "rdma_bandwidth_in_gbps": 0,
                "rdma_ports": 0,
                "recommended_alternatives": [],
                "resize_compatible_shapes": [
                  "VM.Standard1.1",
                  "VM.Standard1.2",
                  "VM.Standard1.4",
                  "VM.Standard1.8",
                  "VM.Standard1.16",
                  "VM.Standard.B1.1",
                  "VM.Standard.B1.2",
                  "VM.Standard.B1.4",
                  "VM.Standard.B1.8",
                  "VM.Standard.B1.16",
                  "VM.Standard.E2.1",
                  "VM.Standard.E2.2",
                  "VM.Standard.E2.4",
                  "VM.Standard.E2.8",
                  "VM.Standard2.1",
                  "VM.Standard2.2",
                  "VM.Standard2.4",
                  "VM.Standard2.8",
                  "VM.Standard2.16",
                  "VM.Standard2.24",
                  "VM.Standard.E3.Flex",
                  "VM.Standard.E4.Flex",
                  "VM.Standard.E5.Flex",
                  "VM.Optimized3.Flex",
                  "VM.Standard3.Flex",
                  "VM.Standard.AMD.Generic",
                  "VM.Standard.Intel.Generic",
                  "VM.Standard.x86.Generic"
                ]
              },
              {
                "baseline_ocpu_utilizations": [],
                "billing_type": "PAID",
                "gpu_description": "",
                "gpus": 0,
                "is_billed_for_stopped_instance": false,
                "is_flexible": false,
                "is_live_migration_supported": true,
                "is_subcore": false,
                "local_disk_description": "",
                "local_disks": 0,
                "local_disks_total_size_in_gbs": 0,
                "max_vnic_attachment_options": [],
                "max_vnic_attachments": 24,
                "memory_in_gbs": 320,
                "memory_options": [],
                "min_total_baseline_ocpus_required": 0,
                "name": "VM.Standard2.24",
                "network_ports": 1,
                "networking_bandwidth_in_gbps": 24.600000381469727,
                "networking_bandwidth_options": [],
                "ocpu_options": [],
                "ocpus": 24,
                "platform_config_options": [
                  {
                    "access_control_service_options": [],
                    "input_output_memory_management_unit_options": [],
                    "measured_boot_options": [
                      {
                        "allowed_values": [
                          true,
                          false
                        ],
                        "is_default_enabled": false
                      }
                    ],
                    "memory_encryption_options": [],
                    "numa_nodes_per_socket_platform_options": [],
                    "percentage_of_cores_enabled_options": [],
                    "secure_boot_options": [
                      {
                        "allowed_values": [
                          true,
                          false
                        ],
                        "is_default_enabled": false
                      }
                    ],
                    "symmetric_multi_threading_options": [
                      {
                        "allowed_values": [
                          true,
                          false
                        ],
                        "is_default_enabled": true
                      }
                    ],
                    "trusted_platform_module_options": [
                      {
                        "allowed_values": [
                          true,
                          false
                        ],
                        "is_default_enabled": false
                      }
                    ],
                    "type": "INTEL_VM",
                    "virtual_instructions_options": []
                  }
                ],
                "processor_description": "2.0 GHz Intel® Xeon® Platinum 8167M (Skylake)",
                "quota_names": [
                  "standard2-core-count"
                ],
                "rdma_bandwidth_in_gbps": 0,
                "rdma_ports": 0,
                "recommended_alternatives": [],
                "resize_compatible_shapes": [
                  "VM.Standard1.1",
                  "VM.Standard1.2",
                  "VM.Standard1.4",
                  "VM.Standard1.8",
                  "VM.Standard1.16",
                  "VM.Standard.B1.1",
                  "VM.Standard.B1.2",
                  "VM.Standard.B1.4",
                  "VM.Standard.B1.8",
                  "VM.Standard.B1.16",
                  "VM.Standard.E2.1",
                  "VM.Standard.E2.2",
                  "VM.Standard.E2.4",
                  "VM.Standard.E2.8",
                  "VM.Standard2.1",
                  "VM.Standard2.2",
                  "VM.Standard2.4",
                  "VM.Standard2.8",
                  "VM.Standard2.16",
                  "VM.Standard2.24",
                  "VM.Standard.E3.Flex",
                  "VM.Standard.E4.Flex",
                  "VM.Standard.E5.Flex",
                  "VM.Optimized3.Flex",
                  "VM.Standard3.Flex",
                  "VM.Standard.AMD.Generic",
                  "VM.Standard.Intel.Generic",
                  "VM.Standard.x86.Generic"
                ]
              },
              {
                "baseline_ocpu_utilizations": [],
                "billing_type": "PAID",
                "gpu_description": "",
                "gpus": 0,
                "is_billed_for_stopped_instance": false,
                "is_flexible": false,
                "is_live_migration_supported": true,
                "is_subcore": false,
                "local_disk_description": "",
                "local_disks": 0,
                "local_disks_total_size_in_gbs": 0,
                "max_vnic_attachment_options": [],
                "max_vnic_attachments": 2,
                "memory_in_gbs": 8,
                "memory_options": [],
                "min_total_baseline_ocpus_required": 0,
                "name": "VM.Standard.E2.1",
                "network_ports": 1,
                "networking_bandwidth_in_gbps": 0.699999988079071,
                "networking_bandwidth_options": [],
                "ocpu_options": [],
                "ocpus": 1,
                "platform_config_options": [],
                "processor_description": "2.0 GHz AMD EPYC™ 7551 (Naples)",
                "quota_names": [
                  "standard-e2-core-count"
                ],
                "rdma_bandwidth_in_gbps": 0,
                "rdma_ports": 0,
                "recommended_alternatives": [
                  {
                    "shape_name": "VM.Standard2.1"
                  },
                  {
                    "shape_name": "VM.Standard.E3.Flex"
                  }
                ],
                "resize_compatible_shapes": [
                  "VM.Standard1.1",
                  "VM.Standard1.2",
                  "VM.Standard1.4",
                  "VM.Standard1.8",
                  "VM.Standard1.16",
                  "VM.Standard.B1.1",
                  "VM.Standard.B1.2",
                  "VM.Standard.B1.4",
                  "VM.Standard.B1.8",
                  "VM.Standard.B1.16",
                  "VM.Standard.E2.1",
                  "VM.Standard.E2.2",
                  "VM.Standard.E2.4",
                  "VM.Standard.E2.8",
                  "VM.Standard2.1",
                  "VM.Standard2.2",
                  "VM.Standard2.4",
                  "VM.Standard2.8",
                  "VM.Standard2.16",
                  "VM.Standard2.24",
                  "VM.Standard.E3.Flex",
                  "VM.Standard.E4.Flex",
                  "VM.Standard.E5.Flex",
                  "VM.Optimized3.Flex",
                  "VM.Standard3.Flex",
                  "VM.Standard.AMD.Generic",
                  "VM.Standard.Intel.Generic",
                  "VM.Standard.x86.Generic"
                ]
              },
              {
                "baseline_ocpu_utilizations": [],
                "billing_type": "PAID",
                "gpu_description": "",
                "gpus": 0,
                "is_billed_for_stopped_instance": false,
                "is_flexible": false,
                "is_live_migration_supported": true,
                "is_subcore": false,
                "local_disk_description": "",
                "local_disks": 0,
                "local_disks_total_size_in_gbs": 0,
                "max_vnic_attachment_options": [],
                "max_vnic_attachments": 2,
                "memory_in_gbs": 16,
                "memory_options": [],
                "min_total_baseline_ocpus_required": 0,
                "name": "VM.Standard.E2.2",
                "network_ports": 1,
                "networking_bandwidth_in_gbps": 1.399999976158142,
                "networking_bandwidth_options": [],
                "ocpu_options": [],
                "ocpus": 2,
                "platform_config_options": [],
                "processor_description": "2.0 GHz AMD EPYC™ 7551 (Naples)",
                "quota_names": [
                  "standard-e2-core-count"
                ],
                "rdma_bandwidth_in_gbps": 0,
                "rdma_ports": 0,
                "recommended_alternatives": [
                  {
                    "shape_name": "VM.Standard2.2"
                  },
                  {
                    "shape_name": "VM.Standard.E3.Flex"
                  }
                ],
                "resize_compatible_shapes": [
                  "VM.Standard1.1",
                  "VM.Standard1.2",
                  "VM.Standard1.4",
                  "VM.Standard1.8",
                  "VM.Standard1.16",
                  "VM.Standard.B1.1",
                  "VM.Standard.B1.2",
                  "VM.Standard.B1.4",
                  "VM.Standard.B1.8",
                  "VM.Standard.B1.16",
                  "VM.Standard.E2.1",
                  "VM.Standard.E2.2",
                  "VM.Standard.E2.4",
                  "VM.Standard.E2.8",
                  "VM.Standard2.1",
                  "VM.Standard2.2",
                  "VM.Standard2.4",
                  "VM.Standard2.8",
                  "VM.Standard2.16",
                  "VM.Standard2.24",
                  "VM.Standard.E3.Flex",
                  "VM.Standard.E4.Flex",
                  "VM.Standard.E5.Flex",
                  "VM.Optimized3.Flex",
                  "VM.Standard3.Flex",
                  "VM.Standard.AMD.Generic",
                  "VM.Standard.Intel.Generic",
                  "VM.Standard.x86.Generic"
                ]
              },
              {
                "baseline_ocpu_utilizations": [],
                "billing_type": "PAID",
                "gpu_description": "",
                "gpus": 0,
                "is_billed_for_stopped_instance": false,
                "is_flexible": false,
                "is_live_migration_supported": true,
                "is_subcore": false,
                "local_disk_description": "",
                "local_disks": 0,
                "local_disks_total_size_in_gbs": 0,
                "max_vnic_attachment_options": [],
                "max_vnic_attachments": 4,
                "memory_in_gbs": 32,
                "memory_options": [],
                "min_total_baseline_ocpus_required": 0,
                "name": "VM.Standard.E2.4",
                "network_ports": 1,
                "networking_bandwidth_in_gbps": 2.799999952316284,
                "networking_bandwidth_options": [],
                "ocpu_options": [],
                "ocpus": 4,
                "platform_config_options": [],
                "processor_description": "2.0 GHz AMD EPYC™ 7551 (Naples)",
                "quota_names": [
                  "standard-e2-core-count"
                ],
                "rdma_bandwidth_in_gbps": 0,
                "rdma_ports": 0,
                "recommended_alternatives": [
                  {
                    "shape_name": "VM.Standard2.4"
                  },
                  {
                    "shape_name": "VM.Standard.E3.Flex"
                  }
                ],
                "resize_compatible_shapes": [
                  "VM.Standard1.1",
                  "VM.Standard1.2",
                  "VM.Standard1.4",
                  "VM.Standard1.8",
                  "VM.Standard1.16",
                  "VM.Standard.B1.1",
                  "VM.Standard.B1.2",
                  "VM.Standard.B1.4",
                  "VM.Standard.B1.8",
                  "VM.Standard.B1.16",
                  "VM.Standard.E2.1",
                  "VM.Standard.E2.2",
                  "VM.Standard.E2.4",
                  "VM.Standard.E2.8",
                  "VM.Standard2.1",
                  "VM.Standard2.2",
                  "VM.Standard2.4",
                  "VM.Standard2.8",
                  "VM.Standard2.16",
                  "VM.Standard2.24",
                  "VM.Standard.E3.Flex",
                  "VM.Standard.E4.Flex",
                  "VM.Standard.E5.Flex",
                  "VM.Optimized3.Flex",
                  "VM.Standard3.Flex",
                  "VM.Standard.AMD.Generic",
                  "VM.Standard.Intel.Generic",
                  "VM.Standard.x86.Generic"
                ]
              },
              {
                "baseline_ocpu_utilizations": [],
                "billing_type": "PAID",
                "gpu_description": "",
                "gpus": 0,
                "is_billed_for_stopped_instance": false,
                "is_flexible": false,
                "is_live_migration_supported": true,
                "is_subcore": false,
                "local_disk_description": "",
                "local_disks": 0,
                "local_disks_total_size_in_gbs": 0,
                "max_vnic_attachment_options": [],
                "max_vnic_attachments": 8,
                "memory_in_gbs": 64,
                "memory_options": [],
                "min_total_baseline_ocpus_required": 0,
                "name": "VM.Standard.E2.8",
                "network_ports": 1,
                "networking_bandwidth_in_gbps": 5.599999904632568,
                "networking_bandwidth_options": [],
                "ocpu_options": [],
                "ocpus": 8,
                "platform_config_options": [],
                "processor_description": "2.0 GHz AMD EPYC™ 7551 (Naples)",
                "quota_names": [
                  "standard-e2-core-count"
                ],
                "rdma_bandwidth_in_gbps": 0,
                "rdma_ports": 0,
                "recommended_alternatives": [
                  {
                    "shape_name": "VM.Standard2.8"
                  },
                  {
                    "shape_name": "VM.Standard.E3.Flex"
                  }
                ],
                "resize_compatible_shapes": [
                  "VM.Standard1.1",
                  "VM.Standard1.2",
                  "VM.Standard1.4",
                  "VM.Standard1.8",
                  "VM.Standard1.16",
                  "VM.Standard.B1.1",
                  "VM.Standard.B1.2",
                  "VM.Standard.B1.4",
                  "VM.Standard.B1.8",
                  "VM.Standard.B1.16",
                  "VM.Standard.E2.1",
                  "VM.Standard.E2.2",
                  "VM.Standard.E2.4",
                  "VM.Standard.E2.8",
                  "VM.Standard2.1",
                  "VM.Standard2.2",
                  "VM.Standard2.4",
                  "VM.Standard2.8",
                  "VM.Standard2.16",
                  "VM.Standard2.24",
                  "VM.Standard.E3.Flex",
                  "VM.Standard.E4.Flex",
                  "VM.Standard.E5.Flex",
                  "VM.Optimized3.Flex",
                  "VM.Standard3.Flex",
                  "VM.Standard.AMD.Generic",
                  "VM.Standard.Intel.Generic",
                  "VM.Standard.x86.Generic"
                ]
              },
              {
                "baseline_ocpu_utilizations": [
                  "BASELINE_1_8",
                  "BASELINE_1_2",
                  "BASELINE_1_1"
                ],
                "billing_type": "PAID",
                "gpu_description": "",
                "gpus": 0,
                "is_billed_for_stopped_instance": false,
                "is_flexible": true,
                "is_live_migration_supported": true,
                "is_subcore": true,
                "local_disk_description": "",
                "local_disks": 0,
                "local_disks_total_size_in_gbs": 0,
                "max_vnic_attachment_options": [
                  {
                    "default_per_ocpu": 1,
                    "max": 24,
                    "min": 2
                  }
                ],
                "max_vnic_attachments": 2,
                "memory_in_gbs": 16,
                "memory_options": [
                  {
                    "default_per_ocpu_in_gbs": 16,
                    "max_in_gbs": 896,
                    "max_per_numa_node_in_gbs": 512,
                    "max_per_ocpu_in_gbs": 64,
                    "min_in_gbs": 1,
                    "min_per_ocpu_in_gbs": 1
                  }
                ],
                "min_total_baseline_ocpus_required": 0,
                "name": "VM.Standard3.Flex",
                "network_ports": 1,
                "networking_bandwidth_in_gbps": 1,
                "networking_bandwidth_options": [
                  {
                    "default_per_ocpu_in_gbps": 1,
                    "max_in_gbps": 40,
                    "min_in_gbps": 1
                  }
                ],
                "ocpu_options": [
                  {
                    "max": 56,
                    "max_per_numa_node": 32,
                    "min": 1
                  }
                ],
                "ocpus": 1,
                "platform_config_options": [
                  {
                    "access_control_service_options": [],
                    "input_output_memory_management_unit_options": [],
                    "measured_boot_options": [
                      {
                        "allowed_values": [
                          true,
                          false
                        ],
                        "is_default_enabled": false
                      }
                    ],
                    "memory_encryption_options": [],
                    "numa_nodes_per_socket_platform_options": [],
                    "percentage_of_cores_enabled_options": [],
                    "secure_boot_options": [
                      {
                        "allowed_values": [
                          true,
                          false
                        ],
                        "is_default_enabled": false
                      }
                    ],
                    "symmetric_multi_threading_options": [
                      {
                        "allowed_values": [
                          true,
                          false
                        ],
                        "is_default_enabled": true
                      }
                    ],
                    "trusted_platform_module_options": [
                      {
                        "allowed_values": [
                          true,
                          false
                        ],
                        "is_default_enabled": false
                      }
                    ],
                    "type": "INTEL_VM",
                    "virtual_instructions_options": []
                  }
                ],
                "processor_description": "2.6 GHz Intel® Xeon® Platinum 8358 (Ice Lake)",
                "quota_names": [
                  "standard3-memory-count",
                  "standard3-core-count"
                ],
                "rdma_bandwidth_in_gbps": 0,
                "rdma_ports": 0,
                "recommended_alternatives": [],
                "resize_compatible_shapes": [
                  "VM.Standard1.1",
                  "VM.Standard1.2",
                  "VM.Standard1.4",
                  "VM.Standard1.8",
                  "VM.Standard1.16",
                  "VM.Standard.B1.1",
                  "VM.Standard.B1.2",
                  "VM.Standard.B1.4",
                  "VM.Standard.B1.8",
                  "VM.Standard.B1.16",
                  "VM.Standard.E2.1",
                  "VM.Standard.E2.2",
                  "VM.Standard.E2.4",
                  "VM.Standard.E2.8",
                  "VM.Standard2.1",
                  "VM.Standard2.2",
                  "VM.Standard2.4",
                  "VM.Standard2.8",
                  "VM.Standard2.16",
                  "VM.Standard2.24",
                  "VM.Standard.E3.Flex",
                  "VM.Standard.E4.Flex",
                  "VM.Standard.E5.Flex",
                  "VM.Optimized3.Flex",
                  "VM.Standard3.Flex",
                  "VM.Standard.AMD.Generic",
                  "VM.Standard.Intel.Generic",
                  "VM.Standard.x86.Generic"
                ]
              },
              {
                "baseline_ocpu_utilizations": [],
                "billing_type": "PAID",
                "gpu_description": "",
                "gpus": 0,
                "is_billed_for_stopped_instance": true,
                "is_flexible": false,
                "is_live_migration_supported": false,
                "is_subcore": false,
                "local_disk_description": "NVMe SSD Storage",
                "local_disks": 1,
                "local_disks_total_size_in_gbs": 6400,
                "max_vnic_attachment_options": [],
                "max_vnic_attachments": 8,
                "memory_in_gbs": 120,
                "memory_options": [],
                "min_total_baseline_ocpus_required": 0,
                "name": "VM.DenseIO2.8",
                "network_ports": 1,
                "networking_bandwidth_in_gbps": 8.199999809265137,
                "networking_bandwidth_options": [],
                "ocpu_options": [],
                "ocpus": 8,
                "platform_config_options": [],
                "processor_description": "2.0 GHz Intel® Xeon® Platinum 8167M (Skylake)",
                "quota_names": [
                  "dense-io2-core-count"
                ],
                "rdma_bandwidth_in_gbps": 0,
                "rdma_ports": 0,
                "recommended_alternatives": [],
                "resize_compatible_shapes": []
              },
              {
                "baseline_ocpu_utilizations": [],
                "billing_type": "PAID",
                "gpu_description": "",
                "gpus": 0,
                "is_billed_for_stopped_instance": true,
                "is_flexible": false,
                "is_live_migration_supported": false,
                "is_subcore": false,
                "local_disk_description": "NVMe SSD Storage",
                "local_disks": 2,
                "local_disks_total_size_in_gbs": 12800,
                "max_vnic_attachment_options": [],
                "max_vnic_attachments": 16,
                "memory_in_gbs": 240,
                "memory_options": [],
                "min_total_baseline_ocpus_required": 0,
                "name": "VM.DenseIO2.16",
                "network_ports": 1,
                "networking_bandwidth_in_gbps": 16.399999618530273,
                "networking_bandwidth_options": [],
                "ocpu_options": [],
                "ocpus": 16,
                "platform_config_options": [],
                "processor_description": "2.0 GHz Intel® Xeon® Platinum 8167M (Skylake)",
                "quota_names": [
                  "dense-io2-core-count"
                ],
                "rdma_bandwidth_in_gbps": 0,
                "rdma_ports": 0,
                "recommended_alternatives": [],
                "resize_compatible_shapes": []
              },
              {
                "baseline_ocpu_utilizations": [],
                "billing_type": "PAID",
                "gpu_description": "",
                "gpus": 0,
                "is_billed_for_stopped_instance": true,
                "is_flexible": false,
                "is_live_migration_supported": false,
                "is_subcore": false,
                "local_disk_description": "NVMe SSD Storage",
                "local_disks": 4,
                "local_disks_total_size_in_gbs": 25600,
                "max_vnic_attachment_options": [],
                "max_vnic_attachments": 24,
                "memory_in_gbs": 320,
                "memory_options": [],
                "min_total_baseline_ocpus_required": 0,
                "name": "VM.DenseIO2.24",
                "network_ports": 1,
                "networking_bandwidth_in_gbps": 24.600000381469727,
                "networking_bandwidth_options": [],
                "ocpu_options": [],
                "ocpus": 24,
                "platform_config_options": [],
                "processor_description": "2.0 GHz Intel® Xeon® Platinum 8167M (Skylake)",
                "quota_names": [
                  "dense-io2-core-count"
                ],
                "rdma_bandwidth_in_gbps": 0,
                "rdma_ports": 0,
                "recommended_alternatives": [],
                "resize_compatible_shapes": []
              },
              {
                "baseline_ocpu_utilizations": [],
                "billing_type": "PAID",
                "gpu_description": "",
                "gpus": 0,
                "is_billed_for_stopped_instance": false,
                "is_flexible": false,
                "is_live_migration_supported": true,
                "is_subcore": false,
                "local_disk_description": "",
                "local_disks": 0,
                "local_disks_total_size_in_gbs": 0,
                "max_vnic_attachment_options": [],
                "max_vnic_attachments": 2,
                "memory_in_gbs": 7,
                "memory_options": [],
                "min_total_baseline_ocpus_required": 0,
                "name": "VM.Standard1.1",
                "network_ports": 1,
                "networking_bandwidth_in_gbps": 0.6000000238418579,
                "networking_bandwidth_options": [],
                "ocpu_options": [],
                "ocpus": 1,
                "platform_config_options": [],
                "processor_description": "2.3 GHz Intel® Xeon® E5-2699 v3 (Haswell)",
                "quota_names": [
                  "standard1-core-count"
                ],
                "rdma_bandwidth_in_gbps": 0,
                "rdma_ports": 0,
                "recommended_alternatives": [
                  {
                    "shape_name": "VM.Standard2.1"
                  },
                  {
                    "shape_name": "VM.Standard.E3.Flex"
                  }
                ],
                "resize_compatible_shapes": [
                  "VM.Standard1.1",
                  "VM.Standard1.2",
                  "VM.Standard1.4",
                  "VM.Standard1.8",
                  "VM.Standard1.16",
                  "VM.Standard.B1.1",
                  "VM.Standard.B1.2",
                  "VM.Standard.B1.4",
                  "VM.Standard.B1.8",
                  "VM.Standard.B1.16",
                  "VM.Standard.E2.1",
                  "VM.Standard.E2.2",
                  "VM.Standard.E2.4",
                  "VM.Standard.E2.8",
                  "VM.Standard2.1",
                  "VM.Standard2.2",
                  "VM.Standard2.4",
                  "VM.Standard2.8",
                  "VM.Standard2.16",
                  "VM.Standard2.24",
                  "VM.Standard.E3.Flex",
                  "VM.Standard.E4.Flex",
                  "VM.Standard.E5.Flex",
                  "VM.Optimized3.Flex",
                  "VM.Standard3.Flex",
                  "VM.Standard.AMD.Generic",
                  "VM.Standard.Intel.Generic",
                  "VM.Standard.x86.Generic"
                ]
              },
              {
                "baseline_ocpu_utilizations": [],
                "billing_type": "PAID",
                "gpu_description": "",
                "gpus": 0,
                "is_billed_for_stopped_instance": false,
                "is_flexible": false,
                "is_live_migration_supported": true,
                "is_subcore": false,
                "local_disk_description": "",
                "local_disks": 0,
                "local_disks_total_size_in_gbs": 0,
                "max_vnic_attachment_options": [],
                "max_vnic_attachments": 2,
                "memory_in_gbs": 14,
                "memory_options": [],
                "min_total_baseline_ocpus_required": 0,
                "name": "VM.Standard1.2",
                "network_ports": 1,
                "networking_bandwidth_in_gbps": 1.2000000476837158,
                "networking_bandwidth_options": [],
                "ocpu_options": [],
                "ocpus": 2,
                "platform_config_options": [],
                "processor_description": "2.3 GHz Intel® Xeon® E5-2699 v3 (Haswell)",
                "quota_names": [
                  "standard1-core-count"
                ],
                "rdma_bandwidth_in_gbps": 0,
                "rdma_ports": 0,
                "recommended_alternatives": [
                  {
                    "shape_name": "VM.Standard2.2"
                  },
                  {
                    "shape_name": "VM.Standard.E3.Flex"
                  }
                ],
                "resize_compatible_shapes": [
                  "VM.Standard1.1",
                  "VM.Standard1.2",
                  "VM.Standard1.4",
                  "VM.Standard1.8",
                  "VM.Standard1.16",
                  "VM.Standard.B1.1",
                  "VM.Standard.B1.2",
                  "VM.Standard.B1.4",
                  "VM.Standard.B1.8",
                  "VM.Standard.B1.16",
                  "VM.Standard.E2.1",
                  "VM.Standard.E2.2",
                  "VM.Standard.E2.4",
                  "VM.Standard.E2.8",
                  "VM.Standard2.1",
                  "VM.Standard2.2",
                  "VM.Standard2.4",
                  "VM.Standard2.8",
                  "VM.Standard2.16",
                  "VM.Standard2.24",
                  "VM.Standard.E3.Flex",
                  "VM.Standard.E4.Flex",
                  "VM.Standard.E5.Flex",
                  "VM.Optimized3.Flex",
                  "VM.Standard3.Flex",
                  "VM.Standard.AMD.Generic",
                  "VM.Standard.Intel.Generic",
                  "VM.Standard.x86.Generic"
                ]
              },
              {
                "baseline_ocpu_utilizations": [],
                "billing_type": "PAID",
                "gpu_description": "",
                "gpus": 0,
                "is_billed_for_stopped_instance": false,
                "is_flexible": false,
                "is_live_migration_supported": true,
                "is_subcore": false,
                "local_disk_description": "",
                "local_disks": 0,
                "local_disks_total_size_in_gbs": 0,
                "max_vnic_attachment_options": [],
                "max_vnic_attachments": 4,
                "memory_in_gbs": 28,
                "memory_options": [],
                "min_total_baseline_ocpus_required": 0,
                "name": "VM.Standard1.4",
                "network_ports": 1,
                "networking_bandwidth_in_gbps": 1.2000000476837158,
                "networking_bandwidth_options": [],
                "ocpu_options": [],
                "ocpus": 4,
                "platform_config_options": [],
                "processor_description": "2.3 GHz Intel® Xeon® E5-2699 v3 (Haswell)",
                "quota_names": [
                  "standard1-core-count"
                ],
                "rdma_bandwidth_in_gbps": 0,
                "rdma_ports": 0,
                "recommended_alternatives": [
                  {
                    "shape_name": "VM.Standard2.4"
                  },
                  {
                    "shape_name": "VM.Standard.E3.Flex"
                  }
                ],
                "resize_compatible_shapes": [
                  "VM.Standard1.1",
                  "VM.Standard1.2",
                  "VM.Standard1.4",
                  "VM.Standard1.8",
                  "VM.Standard1.16",
                  "VM.Standard.B1.1",
                  "VM.Standard.B1.2",
                  "VM.Standard.B1.4",
                  "VM.Standard.B1.8",
                  "VM.Standard.B1.16",
                  "VM.Standard.E2.1",
                  "VM.Standard.E2.2",
                  "VM.Standard.E2.4",
                  "VM.Standard.E2.8",
                  "VM.Standard2.1",
                  "VM.Standard2.2",
                  "VM.Standard2.4",
                  "VM.Standard2.8",
                  "VM.Standard2.16",
                  "VM.Standard2.24",
                  "VM.Standard.E3.Flex",
                  "VM.Standard.E4.Flex",
                  "VM.Standard.E5.Flex",
                  "VM.Optimized3.Flex",
                  "VM.Standard3.Flex",
                  "VM.Standard.AMD.Generic",
                  "VM.Standard.Intel.Generic",
                  "VM.Standard.x86.Generic"
                ]
              },
              {
                "baseline_ocpu_utilizations": [],
                "billing_type": "PAID",
                "gpu_description": "",
                "gpus": 0,
                "is_billed_for_stopped_instance": false,
                "is_flexible": false,
                "is_live_migration_supported": true,
                "is_subcore": false,
                "local_disk_description": "",
                "local_disks": 0,
                "local_disks_total_size_in_gbs": 0,
                "max_vnic_attachment_options": [],
                "max_vnic_attachments": 8,
                "memory_in_gbs": 56,
                "memory_options": [],
                "min_total_baseline_ocpus_required": 0,
                "name": "VM.Standard1.8",
                "network_ports": 1,
                "networking_bandwidth_in_gbps": 2.4000000953674316,
                "networking_bandwidth_options": [],
                "ocpu_options": [],
                "ocpus": 8,
                "platform_config_options": [],
                "processor_description": "2.3 GHz Intel® Xeon® E5-2699 v3 (Haswell)",
                "quota_names": [
                  "standard1-core-count"
                ],
                "rdma_bandwidth_in_gbps": 0,
                "rdma_ports": 0,
                "recommended_alternatives": [
                  {
                    "shape_name": "VM.Standard2.8"
                  },
                  {
                    "shape_name": "VM.Standard.E3.Flex"
                  }
                ],
                "resize_compatible_shapes": [
                  "VM.Standard1.1",
                  "VM.Standard1.2",
                  "VM.Standard1.4",
                  "VM.Standard1.8",
                  "VM.Standard1.16",
                  "VM.Standard.B1.1",
                  "VM.Standard.B1.2",
                  "VM.Standard.B1.4",
                  "VM.Standard.B1.8",
                  "VM.Standard.B1.16",
                  "VM.Standard.E2.1",
                  "VM.Standard.E2.2",
                  "VM.Standard.E2.4",
                  "VM.Standard.E2.8",
                  "VM.Standard2.1",
                  "VM.Standard2.2",
                  "VM.Standard2.4",
                  "VM.Standard2.8",
                  "VM.Standard2.16",
                  "VM.Standard2.24",
                  "VM.Standard.E3.Flex",
                  "VM.Standard.E4.Flex",
                  "VM.Standard.E5.Flex",
                  "VM.Optimized3.Flex",
                  "VM.Standard3.Flex",
                  "VM.Standard.AMD.Generic",
                  "VM.Standard.Intel.Generic",
                  "VM.Standard.x86.Generic"
                ]
              },
              {
                "baseline_ocpu_utilizations": [],
                "billing_type": "PAID",
                "gpu_description": "",
                "gpus": 0,
                "is_billed_for_stopped_instance": false,
                "is_flexible": false,
                "is_live_migration_supported": true,
                "is_subcore": false,
                "local_disk_description": "",
                "local_disks": 0,
                "local_disks_total_size_in_gbs": 0,
                "max_vnic_attachment_options": [],
                "max_vnic_attachments": 16,
                "memory_in_gbs": 112,
                "memory_options": [],
                "min_total_baseline_ocpus_required": 0,
                "name": "VM.Standard1.16",
                "network_ports": 1,
                "networking_bandwidth_in_gbps": 4.800000190734863,
                "networking_bandwidth_options": [],
                "ocpu_options": [],
                "ocpus": 16,
                "platform_config_options": [],
                "processor_description": "2.3 GHz Intel® Xeon® E5-2699 v3 (Haswell)",
                "quota_names": [
                  "standard1-core-count"
                ],
                "rdma_bandwidth_in_gbps": 0,
                "rdma_ports": 0,
                "recommended_alternatives": [
                  {
                    "shape_name": "VM.Standard2.16"
                  },
                  {
                    "shape_name": "VM.Standard.E3.Flex"
                  }
                ],
                "resize_compatible_shapes": [
                  "VM.Standard1.1",
                  "VM.Standard1.2",
                  "VM.Standard1.4",
                  "VM.Standard1.8",
                  "VM.Standard1.16",
                  "VM.Standard.B1.1",
                  "VM.Standard.B1.2",
                  "VM.Standard.B1.4",
                  "VM.Standard.B1.8",
                  "VM.Standard.B1.16",
                  "VM.Standard.E2.1",
                  "VM.Standard.E2.2",
                  "VM.Standard.E2.4",
                  "VM.Standard.E2.8",
                  "VM.Standard2.1",
                  "VM.Standard2.2",
                  "VM.Standard2.4",
                  "VM.Standard2.8",
                  "VM.Standard2.16",
                  "VM.Standard2.24",
                  "VM.Standard.E3.Flex",
                  "VM.Standard.E4.Flex",
                  "VM.Standard.E5.Flex",
                  "VM.Optimized3.Flex",
                  "VM.Standard3.Flex",
                  "VM.Standard.AMD.Generic",
                  "VM.Standard.Intel.Generic",
                  "VM.Standard.x86.Generic"
                ]
              },
              {
                "baseline_ocpu_utilizations": [],
                "billing_type": "PAID",
                "gpu_description": "",
                "gpus": 0,
                "is_billed_for_stopped_instance": true,
                "is_flexible": false,
                "is_live_migration_supported": false,
                "is_subcore": false,
                "local_disk_description": "NVMe SSD Storage",
                "local_disks": 1,
                "local_disks_total_size_in_gbs": 3200,
                "max_vnic_attachment_options": [],
                "max_vnic_attachments": 4,
                "memory_in_gbs": 60,
                "memory_options": [],
                "min_total_baseline_ocpus_required": 0,
                "name": "VM.DenseIO1.4",
                "network_ports": 1,
                "networking_bandwidth_in_gbps": 1.2000000476837158,
                "networking_bandwidth_options": [],
                "ocpu_options": [],
                "ocpus": 4,
                "platform_config_options": [],
                "processor_description": "2.3 GHz Intel® Xeon® E5-2699 v3 (Haswell)",
                "quota_names": [
                  "dense-io1-core-count"
                ],
                "rdma_bandwidth_in_gbps": 0,
                "rdma_ports": 0,
                "recommended_alternatives": [
                  {
                    "shape_name": "VM.DenseIO2.8"
                  }
                ],
                "resize_compatible_shapes": []
              },
              {
                "baseline_ocpu_utilizations": [],
                "billing_type": "PAID",
                "gpu_description": "",
                "gpus": 0,
                "is_billed_for_stopped_instance": true,
                "is_flexible": false,
                "is_live_migration_supported": false,
                "is_subcore": false,
                "local_disk_description": "NVMe SSD Storage",
                "local_disks": 2,
                "local_disks_total_size_in_gbs": 6400,
                "max_vnic_attachment_options": [],
                "max_vnic_attachments": 8,
                "memory_in_gbs": 120,
                "memory_options": [],
                "min_total_baseline_ocpus_required": 0,
                "name": "VM.DenseIO1.8",
                "network_ports": 1,
                "networking_bandwidth_in_gbps": 2.4000000953674316,
                "networking_bandwidth_options": [],
                "ocpu_options": [],
                "ocpus": 8,
                "platform_config_options": [],
                "processor_description": "2.3 GHz Intel® Xeon® E5-2699 v3 (Haswell)",
                "quota_names": [
                  "dense-io1-core-count"
                ],
                "rdma_bandwidth_in_gbps": 0,
                "rdma_ports": 0,
                "recommended_alternatives": [
                  {
                    "shape_name": "VM.DenseIO2.8"
                  }
                ],
                "resize_compatible_shapes": []
              },
              {
                "baseline_ocpu_utilizations": [],
                "billing_type": "PAID",
                "gpu_description": "",
                "gpus": 0,
                "is_billed_for_stopped_instance": true,
                "is_flexible": false,
                "is_live_migration_supported": false,
                "is_subcore": false,
                "local_disk_description": "NVMe SSD Storage",
                "local_disks": 4,
                "local_disks_total_size_in_gbs": 12800,
                "max_vnic_attachment_options": [],
                "max_vnic_attachments": 16,
                "memory_in_gbs": 240,
                "memory_options": [],
                "min_total_baseline_ocpus_required": 0,
                "name": "VM.DenseIO1.16",
                "network_ports": 1,
                "networking_bandwidth_in_gbps": 4.800000190734863,
                "networking_bandwidth_options": [],
                "ocpu_options": [],
                "ocpus": 16,
                "platform_config_options": [],
                "processor_description": "2.3 GHz Intel® Xeon® E5-2699 v3 (Haswell)",
                "quota_names": [
                  "dense-io1-core-count"
                ],
                "rdma_bandwidth_in_gbps": 0,
                "rdma_ports": 0,
                "recommended_alternatives": [
                  {
                    "shape_name": "VM.DenseIO2.16"
                  }
                ],
                "resize_compatible_shapes": []
              },
              {
                "baseline_ocpu_utilizations": [],
                "billing_type": "PAID",
                "gpu_description": "",
                "gpus": 0,
                "is_billed_for_stopped_instance": false,
                "is_flexible": false,
                "is_live_migration_supported": true,
                "is_subcore": false,
                "local_disk_description": "",
                "local_disks": 0,
                "local_disks_total_size_in_gbs": 0,
                "max_vnic_attachment_options": [],
                "max_vnic_attachments": 2,
                "memory_in_gbs": 12,
                "memory_options": [],
                "min_total_baseline_ocpus_required": 0,
                "name": "VM.Standard.B1.1",
                "network_ports": 1,
                "networking_bandwidth_in_gbps": 0.6000000238418579,
                "networking_bandwidth_options": [],
                "ocpu_options": [],
                "ocpus": 1,
                "platform_config_options": [],
                "processor_description": "2.2 GHz Intel® Xeon® E5-2669 v4 (Broadwell)",
                "quota_names": [
                  "standard-b1-core-count"
                ],
                "rdma_bandwidth_in_gbps": 0,
                "rdma_ports": 0,
                "recommended_alternatives": [
                  {
                    "shape_name": "VM.Standard2.1"
                  },
                  {
                    "shape_name": "VM.Standard.E3.Flex"
                  }
                ],
                "resize_compatible_shapes": [
                  "VM.Standard1.1",
                  "VM.Standard1.2",
                  "VM.Standard1.4",
                  "VM.Standard1.8",
                  "VM.Standard1.16",
                  "VM.Standard.B1.1",
                  "VM.Standard.B1.2",
                  "VM.Standard.B1.4",
                  "VM.Standard.B1.8",
                  "VM.Standard.B1.16",
                  "VM.Standard.E2.1",
                  "VM.Standard.E2.2",
                  "VM.Standard.E2.4",
                  "VM.Standard.E2.8",
                  "VM.Standard2.1",
                  "VM.Standard2.2",
                  "VM.Standard2.4",
                  "VM.Standard2.8",
                  "VM.Standard2.16",
                  "VM.Standard2.24",
                  "VM.Standard.E3.Flex",
                  "VM.Standard.E4.Flex",
                  "VM.Standard.E5.Flex",
                  "VM.Optimized3.Flex",
                  "VM.Standard3.Flex",
                  "VM.Standard.AMD.Generic",
                  "VM.Standard.Intel.Generic",
                  "VM.Standard.x86.Generic"
                ]
              },
              {
                "baseline_ocpu_utilizations": [],
                "billing_type": "PAID",
                "gpu_description": "",
                "gpus": 0,
                "is_billed_for_stopped_instance": false,
                "is_flexible": false,
                "is_live_migration_supported": true,
                "is_subcore": false,
                "local_disk_description": "",
                "local_disks": 0,
                "local_disks_total_size_in_gbs": 0,
                "max_vnic_attachment_options": [],
                "max_vnic_attachments": 2,
                "memory_in_gbs": 24,
                "memory_options": [],
                "min_total_baseline_ocpus_required": 0,
                "name": "VM.Standard.B1.2",
                "network_ports": 1,
                "networking_bandwidth_in_gbps": 1.2000000476837158,
                "networking_bandwidth_options": [],
                "ocpu_options": [],
                "ocpus": 2,
                "platform_config_options": [],
                "processor_description": "2.2 GHz Intel® Xeon® E5-2669 v4 (Broadwell)",
                "quota_names": [
                  "standard-b1-core-count"
                ],
                "rdma_bandwidth_in_gbps": 0,
                "rdma_ports": 0,
                "recommended_alternatives": [
                  {
                    "shape_name": "VM.Standard2.2"
                  },
                  {
                    "shape_name": "VM.Standard.E3.Flex"
                  }
                ],
                "resize_compatible_shapes": [
                  "VM.Standard1.1",
                  "VM.Standard1.2",
                  "VM.Standard1.4",
                  "VM.Standard1.8",
                  "VM.Standard1.16",
                  "VM.Standard.B1.1",
                  "VM.Standard.B1.2",
                  "VM.Standard.B1.4",
                  "VM.Standard.B1.8",
                  "VM.Standard.B1.16",
                  "VM.Standard.E2.1",
                  "VM.Standard.E2.2",
                  "VM.Standard.E2.4",
                  "VM.Standard.E2.8",
                  "VM.Standard2.1",
                  "VM.Standard2.2",
                  "VM.Standard2.4",
                  "VM.Standard2.8",
                  "VM.Standard2.16",
                  "VM.Standard2.24",
                  "VM.Standard.E3.Flex",
                  "VM.Standard.E4.Flex",
                  "VM.Standard.E5.Flex",
                  "VM.Optimized3.Flex",
                  "VM.Standard3.Flex",
                  "VM.Standard.AMD.Generic",
                  "VM.Standard.Intel.Generic",
                  "VM.Standard.x86.Generic"
                ]
              },
              {
                "baseline_ocpu_utilizations": [],
                "billing_type": "PAID",
                "gpu_description": "",
                "gpus": 0,
                "is_billed_for_stopped_instance": false,
                "is_flexible": false,
                "is_live_migration_supported": true,
                "is_subcore": false,
                "local_disk_description": "",
                "local_disks": 0,
                "local_disks_total_size_in_gbs": 0,
                "max_vnic_attachment_options": [],
                "max_vnic_attachments": 4,
                "memory_in_gbs": 48,
                "memory_options": [],
                "min_total_baseline_ocpus_required": 0,
                "name": "VM.Standard.B1.4",
                "network_ports": 1,
                "networking_bandwidth_in_gbps": 2.4000000953674316,
                "networking_bandwidth_options": [],
                "ocpu_options": [],
                "ocpus": 4,
                "platform_config_options": [],
                "processor_description": "2.2 GHz Intel® Xeon® E5-2669 v4 (Broadwell)",
                "quota_names": [
                  "standard-b1-core-count"
                ],
                "rdma_bandwidth_in_gbps": 0,
                "rdma_ports": 0,
                "recommended_alternatives": [
                  {
                    "shape_name": "VM.Standard2.4"
                  },
                  {
                    "shape_name": "VM.Standard.E3.Flex"
                  }
                ],
                "resize_compatible_shapes": [
                  "VM.Standard1.1",
                  "VM.Standard1.2",
                  "VM.Standard1.4",
                  "VM.Standard1.8",
                  "VM.Standard1.16",
                  "VM.Standard.B1.1",
                  "VM.Standard.B1.2",
                  "VM.Standard.B1.4",
                  "VM.Standard.B1.8",
                  "VM.Standard.B1.16",
                  "VM.Standard.E2.1",
                  "VM.Standard.E2.2",
                  "VM.Standard.E2.4",
                  "VM.Standard.E2.8",
                  "VM.Standard2.1",
                  "VM.Standard2.2",
                  "VM.Standard2.4",
                  "VM.Standard2.8",
                  "VM.Standard2.16",
                  "VM.Standard2.24",
                  "VM.Standard.E3.Flex",
                  "VM.Standard.E4.Flex",
                  "VM.Standard.E5.Flex",
                  "VM.Optimized3.Flex",
                  "VM.Standard3.Flex",
                  "VM.Standard.AMD.Generic",
                  "VM.Standard.Intel.Generic",
                  "VM.Standard.x86.Generic"
                ]
              },
              {
                "baseline_ocpu_utilizations": [],
                "billing_type": "PAID",
                "gpu_description": "",
                "gpus": 0,
                "is_billed_for_stopped_instance": false,
                "is_flexible": false,
                "is_live_migration_supported": true,
                "is_subcore": false,
                "local_disk_description": "",
                "local_disks": 0,
                "local_disks_total_size_in_gbs": 0,
                "max_vnic_attachment_options": [],
                "max_vnic_attachments": 8,
                "memory_in_gbs": 96,
                "memory_options": [],
                "min_total_baseline_ocpus_required": 0,
                "name": "VM.Standard.B1.8",
                "network_ports": 1,
                "networking_bandwidth_in_gbps": 4.800000190734863,
                "networking_bandwidth_options": [],
                "ocpu_options": [],
                "ocpus": 8,
                "platform_config_options": [],
                "processor_description": "2.2 GHz Intel® Xeon® E5-2669 v4 (Broadwell)",
                "quota_names": [
                  "standard-b1-core-count"
                ],
                "rdma_bandwidth_in_gbps": 0,
                "rdma_ports": 0,
                "recommended_alternatives": [
                  {
                    "shape_name": "VM.Standard2.8"
                  },
                  {
                    "shape_name": "VM.Standard.E3.Flex"
                  }
                ],
                "resize_compatible_shapes": [
                  "VM.Standard1.1",
                  "VM.Standard1.2",
                  "VM.Standard1.4",
                  "VM.Standard1.8",
                  "VM.Standard1.16",
                  "VM.Standard.B1.1",
                  "VM.Standard.B1.2",
                  "VM.Standard.B1.4",
                  "VM.Standard.B1.8",
                  "VM.Standard.B1.16",
                  "VM.Standard.E2.1",
                  "VM.Standard.E2.2",
                  "VM.Standard.E2.4",
                  "VM.Standard.E2.8",
                  "VM.Standard2.1",
                  "VM.Standard2.2",
                  "VM.Standard2.4",
                  "VM.Standard2.8",
                  "VM.Standard2.16",
                  "VM.Standard2.24",
                  "VM.Standard.E3.Flex",
                  "VM.Standard.E4.Flex",
                  "VM.Standard.E5.Flex",
                  "VM.Optimized3.Flex",
                  "VM.Standard3.Flex",
                  "VM.Standard.AMD.Generic",
                  "VM.Standard.Intel.Generic",
                  "VM.Standard.x86.Generic"
                ]
              },
              {
                "baseline_ocpu_utilizations": [],
                "billing_type": "PAID",
                "gpu_description": "",
                "gpus": 0,
                "is_billed_for_stopped_instance": false,
                "is_flexible": false,
                "is_live_migration_supported": true,
                "is_subcore": false,
                "local_disk_description": "",
                "local_disks": 0,
                "local_disks_total_size_in_gbs": 0,
                "max_vnic_attachment_options": [],
                "max_vnic_attachments": 16,
                "memory_in_gbs": 192,
                "memory_options": [],
                "min_total_baseline_ocpus_required": 0,
                "name": "VM.Standard.B1.16",
                "network_ports": 1,
                "networking_bandwidth_in_gbps": 9.600000381469727,
                "networking_bandwidth_options": [],
                "ocpu_options": [],
                "ocpus": 16,
                "platform_config_options": [],
                "processor_description": "2.2 GHz Intel® Xeon® E5-2669 v4 (Broadwell)",
                "quota_names": [
                  "standard-b1-core-count"
                ],
                "rdma_bandwidth_in_gbps": 0,
                "rdma_ports": 0,
                "recommended_alternatives": [
                  {
                    "shape_name": "VM.Standard2.16"
                  },
                  {
                    "shape_name": "VM.Standard.E3.Flex"
                  }
                ],
                "resize_compatible_shapes": [
                  "VM.Standard1.1",
                  "VM.Standard1.2",
                  "VM.Standard1.4",
                  "VM.Standard1.8",
                  "VM.Standard1.16",
                  "VM.Standard.B1.1",
                  "VM.Standard.B1.2",
                  "VM.Standard.B1.4",
                  "VM.Standard.B1.8",
                  "VM.Standard.B1.16",
                  "VM.Standard.E2.1",
                  "VM.Standard.E2.2",
                  "VM.Standard.E2.4",
                  "VM.Standard.E2.8",
                  "VM.Standard2.1",
                  "VM.Standard2.2",
                  "VM.Standard2.4",
                  "VM.Standard2.8",
                  "VM.Standard2.16",
                  "VM.Standard2.24",
                  "VM.Standard.E3.Flex",
                  "VM.Standard.E4.Flex",
                  "VM.Standard.E5.Flex",
                  "VM.Optimized3.Flex",
                  "VM.Standard3.Flex",
                  "VM.Standard.AMD.Generic",
                  "VM.Standard.Intel.Generic",
                  "VM.Standard.x86.Generic"
                ]
              },
              {
                "baseline_ocpu_utilizations": [],
                "billing_type": "PAID",
                "gpu_description": "",
                "gpus": 0,
                "is_billed_for_stopped_instance": true,
                "is_flexible": true,
                "is_live_migration_supported": false,
                "is_subcore": false,
                "local_disk_description": "NVMe SSD Storage",
                "local_disks": 1,
                "local_disks_total_size_in_gbs": 6800,
                "max_vnic_attachment_options": [
                  {
                    "default_per_ocpu": 1,
                    "max": 24,
                    "min": 2
                  }
                ],
                "max_vnic_attachments": 2,
                "memory_in_gbs": 16,
                "memory_options": [
                  {
                    "default_per_ocpu_in_gbs": 16,
                    "max_in_gbs": 1024,
                    "max_per_numa_node_in_gbs": 1024,
                    "max_per_ocpu_in_gbs": 64,
                    "min_in_gbs": 1,
                    "min_per_ocpu_in_gbs": 1
                  }
                ],
                "min_total_baseline_ocpus_required": 0,
                "name": "VM.DenseIO.E4.Flex",
                "network_ports": 1,
                "networking_bandwidth_in_gbps": 1,
                "networking_bandwidth_options": [
                  {
                    "default_per_ocpu_in_gbps": 1,
                    "max_in_gbps": 40,
                    "min_in_gbps": 1
                  }
                ],
                "ocpu_options": [
                  {
                    "max": 64,
                    "max_per_numa_node": 64,
                    "min": 1
                  }
                ],
                "ocpus": 1,
                "platform_config_options": [
                  {
                    "access_control_service_options": [],
                    "input_output_memory_management_unit_options": [],
                    "measured_boot_options": [],
                    "memory_encryption_options": [],
                    "numa_nodes_per_socket_platform_options": [],
                    "percentage_of_cores_enabled_options": [],
                    "secure_boot_options": [],
                    "symmetric_multi_threading_options": [
                      {
                        "allowed_values": [
                          true,
                          false
                        ],
                        "is_default_enabled": true
                      }
                    ],
                    "trusted_platform_module_options": [],
                    "type": "AMD_VM",
                    "virtual_instructions_options": []
                  }
                ],
                "processor_description": "2.55 GHz AMD EPYC™ 7J13 (Milan)",
                "quota_names": [
                  "dense-io-e4-core-count",
                  "dense-io-e4-memory-count"
                ],
                "rdma_bandwidth_in_gbps": 0,
                "rdma_ports": 0,
                "recommended_alternatives": [],
                "resize_compatible_shapes": []
              },
              {
                "baseline_ocpu_utilizations": [
                  "BASELINE_1_8",
                  "BASELINE_1_2",
                  "BASELINE_1_1"
                ],
                "billing_type": "PAID",
                "gpu_description": "",
                "gpus": 0,
                "is_billed_for_stopped_instance": false,
                "is_flexible": true,
                "is_live_migration_supported": true,
                "is_subcore": true,
                "local_disk_description": "",
                "local_disks": 0,
                "local_disks_total_size_in_gbs": 0,
                "max_vnic_attachment_options": [
                  {
                    "default_per_ocpu": 1,
                    "max": 24,
                    "min": 2
                  }
                ],
                "max_vnic_attachments": 2,
                "memory_in_gbs": 12,
                "memory_options": [
                  {
                    "default_per_ocpu_in_gbs": 12,
                    "max_in_gbs": 1049,
                    "max_per_numa_node_in_gbs": 1049,
                    "max_per_ocpu_in_gbs": 64,
                    "min_in_gbs": 1,
                    "min_per_ocpu_in_gbs": 1
                  }
                ],
                "min_total_baseline_ocpus_required": 0,
                "name": "VM.Standard.E5.Flex",
                "network_ports": 1,
                "networking_bandwidth_in_gbps": 1,
                "networking_bandwidth_options": [
                  {
                    "default_per_ocpu_in_gbps": 1,
                    "max_in_gbps": 40,
                    "min_in_gbps": 1
                  }
                ],
                "ocpu_options": [
                  {
                    "max": 94,
                    "max_per_numa_node": 94,
                    "min": 1
                  }
                ],
                "ocpus": 1,
                "platform_config_options": [
                  {
                    "access_control_service_options": [],
                    "input_output_memory_management_unit_options": [],
                    "measured_boot_options": [
                      {
                        "allowed_values": [
                          true,
                          false
                        ],
                        "is_default_enabled": false
                      }
                    ],
                    "memory_encryption_options": [],
                    "numa_nodes_per_socket_platform_options": [],
                    "percentage_of_cores_enabled_options": [],
                    "secure_boot_options": [
                      {
                        "allowed_values": [
                          true,
                          false
                        ],
                        "is_default_enabled": false
                      }
                    ],
                    "symmetric_multi_threading_options": [
                      {
                        "allowed_values": [
                          true,
                          false
                        ],
                        "is_default_enabled": true
                      }
                    ],
                    "trusted_platform_module_options": [
                      {
                        "allowed_values": [
                          true,
                          false
                        ],
                        "is_default_enabled": false
                      }
                    ],
                    "type": "AMD_VM",
                    "virtual_instructions_options": []
                  }
                ],
                "processor_description": "2.3 GHz AMD EPYC™ 9J14 (Genoa)",
                "quota_names": [
                  "standard-e5-core-count",
                  "standard-e5-memory-count"
                ],
                "rdma_bandwidth_in_gbps": 0,
                "rdma_ports": 0,
                "recommended_alternatives": [],
                "resize_compatible_shapes": [
                  "VM.Standard1.1",
                  "VM.Standard1.2",
                  "VM.Standard1.4",
                  "VM.Standard1.8",
                  "VM.Standard1.16",
                  "VM.Standard.B1.1",
                  "VM.Standard.B1.2",
                  "VM.Standard.B1.4",
                  "VM.Standard.B1.8",
                  "VM.Standard.B1.16",
                  "VM.Standard.E2.1",
                  "VM.Standard.E2.2",
                  "VM.Standard.E2.4",
                  "VM.Standard.E2.8",
                  "VM.Standard2.1",
                  "VM.Standard2.2",
                  "VM.Standard2.4",
                  "VM.Standard2.8",
                  "VM.Standard2.16",
                  "VM.Standard2.24",
                  "VM.Standard.E3.Flex",
                  "VM.Standard.E4.Flex",
                  "VM.Standard.E5.Flex",
                  "VM.Optimized3.Flex",
                  "VM.Standard3.Flex",
                  "VM.Standard.AMD.Generic",
                  "VM.Standard.Intel.Generic",
                  "VM.Standard.x86.Generic"
                ]
              },
              {
                "baseline_ocpu_utilizations": [],
                "billing_type": "PAID",
                "gpu_description": "",
                "gpus": 0,
                "is_billed_for_stopped_instance": false,
                "is_flexible": true,
                "is_live_migration_supported": true,
                "is_subcore": false,
                "local_disk_description": "",
                "local_disks": 0,
                "local_disks_total_size_in_gbs": 0,
                "max_vnic_attachment_options": [
                  {
                    "default_per_ocpu": 0,
                    "max": 24,
                    "min": 2
                  }
                ],
                "max_vnic_attachments": 2,
                "memory_in_gbs": 16,
                "memory_options": [
                  {
                    "default_per_ocpu_in_gbs": 0,
                    "max_in_gbs": 1024,
                    "max_per_numa_node_in_gbs": 1024,
                    "max_per_ocpu_in_gbs": 64,
                    "min_in_gbs": 1,
                    "min_per_ocpu_in_gbs": 1
                  }
                ],
                "min_total_baseline_ocpus_required": 0,
                "name": "VM.Standard.AMD.Generic",
                "network_ports": 0,
                "networking_bandwidth_in_gbps": 0,
                "networking_bandwidth_options": [
                  {
                    "default_per_ocpu_in_gbps": 0,
                    "max_in_gbps": 40,
                    "min_in_gbps": 1
                  }
                ],
                "ocpu_options": [
                  {
                    "max": 64,
                    "max_per_numa_node": 64,
                    "min": 1
                  }
                ],
                "ocpus": 1,
                "platform_config_options": [],
                "processor_description": "AMD processor. VM.Standard.E3 processor generation or later",
                "quota_names": [
                  "standard-amd-generic-core-count",
                  "standard-amd-generic-memory-count"
                ],
                "rdma_bandwidth_in_gbps": 0,
                "rdma_ports": 0,
                "recommended_alternatives": [],
                "resize_compatible_shapes": [
                  "VM.Standard1.1",
                  "VM.Standard1.2",
                  "VM.Standard1.4",
                  "VM.Standard1.8",
                  "VM.Standard1.16",
                  "VM.Standard.B1.1",
                  "VM.Standard.B1.2",
                  "VM.Standard.B1.4",
                  "VM.Standard.B1.8",
                  "VM.Standard.B1.16",
                  "VM.Standard.E2.1",
                  "VM.Standard.E2.2",
                  "VM.Standard.E2.4",
                  "VM.Standard.E2.8",
                  "VM.Standard2.1",
                  "VM.Standard2.2",
                  "VM.Standard2.4",
                  "VM.Standard2.8",
                  "VM.Standard2.16",
                  "VM.Standard2.24",
                  "VM.Standard.E3.Flex",
                  "VM.Standard.E4.Flex",
                  "VM.Standard.E5.Flex",
                  "VM.Optimized3.Flex",
                  "VM.Standard3.Flex",
                  "VM.Standard.AMD.Generic",
                  "VM.Standard.Intel.Generic",
                  "VM.Standard.x86.Generic"
                ]
              },
              {
                "baseline_ocpu_utilizations": [],
                "billing_type": "PAID",
                "gpu_description": "",
                "gpus": 0,
                "is_billed_for_stopped_instance": false,
                "is_flexible": true,
                "is_live_migration_supported": true,
                "is_subcore": false,
                "local_disk_description": "",
                "local_disks": 0,
                "local_disks_total_size_in_gbs": 0,
                "max_vnic_attachment_options": [
                  {
                    "default_per_ocpu": 0,
                    "max": 24,
                    "min": 2
                  }
                ],
                "max_vnic_attachments": 2,
                "memory_in_gbs": 6,
                "memory_options": [
                  {
                    "default_per_ocpu_in_gbs": 0,
                    "max_in_gbs": 512,
                    "max_per_numa_node_in_gbs": 512,
                    "max_per_ocpu_in_gbs": 64,
                    "min_in_gbs": 1,
                    "min_per_ocpu_in_gbs": 1
                  }
                ],
                "min_total_baseline_ocpus_required": 0,
                "name": "VM.Standard.Ampere.Generic",
                "network_ports": 0,
                "networking_bandwidth_in_gbps": 0,
                "networking_bandwidth_options": [
                  {
                    "default_per_ocpu_in_gbps": 0,
                    "max_in_gbps": 40,
                    "min_in_gbps": 1
                  }
                ],
                "ocpu_options": [
                  {
                    "max": 80,
                    "max_per_numa_node": 80,
                    "min": 1
                  }
                ],
                "ocpus": 1,
                "platform_config_options": [],
                "processor_description": "Any Ampere processor",
                "quota_names": [
                  "standard-ampere-generic-core-count",
                  "standard-ampere-generic-memory-count"
                ],
                "rdma_bandwidth_in_gbps": 0,
                "rdma_ports": 0,
                "recommended_alternatives": [],
                "resize_compatible_shapes": [
                  "VM.Standard.A1.Flex",
                  "VM.Standard.Ampere.Generic"
                ]
              },
              {
                "baseline_ocpu_utilizations": [],
                "billing_type": "PAID",
                "gpu_description": "",
                "gpus": 0,
                "is_billed_for_stopped_instance": false,
                "is_flexible": true,
                "is_live_migration_supported": true,
                "is_subcore": false,
                "local_disk_description": "",
                "local_disks": 0,
                "local_disks_total_size_in_gbs": 0,
                "max_vnic_attachment_options": [
                  {
                    "default_per_ocpu": 0,
                    "max": 24,
                    "min": 2
                  }
                ],
                "max_vnic_attachments": 2,
                "memory_in_gbs": 16,
                "memory_options": [
                  {
                    "default_per_ocpu_in_gbs": 0,
                    "max_in_gbs": 512,
                    "max_per_numa_node_in_gbs": 512,
                    "max_per_ocpu_in_gbs": 64,
                    "min_in_gbs": 1,
                    "min_per_ocpu_in_gbs": 1
                  }
                ],
                "min_total_baseline_ocpus_required": 0,
                "name": "VM.Standard.Intel.Generic",
                "network_ports": 0,
                "networking_bandwidth_in_gbps": 0,
                "networking_bandwidth_options": [
                  {
                    "default_per_ocpu_in_gbps": 0,
                    "max_in_gbps": 40,
                    "min_in_gbps": 1
                  }
                ],
                "ocpu_options": [
                  {
                    "max": 32,
                    "max_per_numa_node": 32,
                    "min": 1
                  }
                ],
                "ocpus": 1,
                "platform_config_options": [],
                "processor_description": "Intel processor. VM.Standard2 processor generation or later",
                "quota_names": [
                  "standard-intel-generic-core-count",
                  "standard-intel-generic-memory-count"
                ],
                "rdma_bandwidth_in_gbps": 0,
                "rdma_ports": 0,
                "recommended_alternatives": [],
                "resize_compatible_shapes": [
                  "VM.Standard1.1",
                  "VM.Standard1.2",
                  "VM.Standard1.4",
                  "VM.Standard1.8",
                  "VM.Standard1.16",
                  "VM.Standard.B1.1",
                  "VM.Standard.B1.2",
                  "VM.Standard.B1.4",
                  "VM.Standard.B1.8",
                  "VM.Standard.B1.16",
                  "VM.Standard.E2.1",
                  "VM.Standard.E2.2",
                  "VM.Standard.E2.4",
                  "VM.Standard.E2.8",
                  "VM.Standard2.1",
                  "VM.Standard2.2",
                  "VM.Standard2.4",
                  "VM.Standard2.8",
                  "VM.Standard2.16",
                  "VM.Standard2.24",
                  "VM.Standard.E3.Flex",
                  "VM.Standard.E4.Flex",
                  "VM.Standard.E5.Flex",
                  "VM.Optimized3.Flex",
                  "VM.Standard3.Flex",
                  "VM.Standard.AMD.Generic",
                  "VM.Standard.Intel.Generic",
                  "VM.Standard.x86.Generic"
                ]
              },
              {
                "baseline_ocpu_utilizations": [],
                "billing_type": "PAID",
                "gpu_description": "",
                "gpus": 0,
                "is_billed_for_stopped_instance": false,
                "is_flexible": true,
                "is_live_migration_supported": true,
                "is_subcore": false,
                "local_disk_description": "",
                "local_disks": 0,
                "local_disks_total_size_in_gbs": 0,
                "max_vnic_attachment_options": [
                  {
                    "default_per_ocpu": 0,
                    "max": 24,
                    "min": 2
                  }
                ],
                "max_vnic_attachments": 2,
                "memory_in_gbs": 16,
                "memory_options": [
                  {
                    "default_per_ocpu_in_gbs": 0,
                    "max_in_gbs": 512,
                    "max_per_numa_node_in_gbs": 512,
                    "max_per_ocpu_in_gbs": 64,
                    "min_in_gbs": 1,
                    "min_per_ocpu_in_gbs": 1
                  }
                ],
                "min_total_baseline_ocpus_required": 0,
                "name": "VM.Standard.x86.Generic",
                "network_ports": 0,
                "networking_bandwidth_in_gbps": 0,
                "networking_bandwidth_options": [
                  {
                    "default_per_ocpu_in_gbps": 0,
                    "max_in_gbps": 40,
                    "min_in_gbps": 1
                  }
                ],
                "ocpu_options": [
                  {
                    "max": 32,
                    "max_per_numa_node": 32,
                    "min": 1
                  }
                ],
                "ocpus": 1,
                "platform_config_options": [],
                "processor_description": "Either an Intel or an AMD processor. VM.Standard2 processor generation or later (Intel) and VM.Standard.E3 processor generation or later (AMD)",
                "quota_names": [
                  "standard-x86-generic-core-count",
                  "standard-x86-generic-memory-count"
                ],
                "rdma_bandwidth_in_gbps": 0,
                "rdma_ports": 0,
                "recommended_alternatives": [],
                "resize_compatible_shapes": [
                  "VM.Standard1.1",
                  "VM.Standard1.2",
                  "VM.Standard1.4",
                  "VM.Standard1.8",
                  "VM.Standard1.16",
                  "VM.Standard.B1.1",
                  "VM.Standard.B1.2",
                  "VM.Standard.B1.4",
                  "VM.Standard.B1.8",
                  "VM.Standard.B1.16",
                  "VM.Standard.E2.1",
                  "VM.Standard.E2.2",
                  "VM.Standard.E2.4",
                  "VM.Standard.E2.8",
                  "VM.Standard2.1",
                  "VM.Standard2.2",
                  "VM.Standard2.4",
                  "VM.Standard2.8",
                  "VM.Standard2.16",
                  "VM.Standard2.24",
                  "VM.Standard.E3.Flex",
                  "VM.Standard.E4.Flex",
                  "VM.Standard.E5.Flex",
                  "VM.Optimized3.Flex",
                  "VM.Standard3.Flex",
                  "VM.Standard.AMD.Generic",
                  "VM.Standard.Intel.Generic",
                  "VM.Standard.x86.Generic"
                ]
              }
            ]
          },
          "sensitive_attributes": []
        }
      ]
    },
    {
      "mode": "data",
      "type": "oci_core_subnet",
      "name": "instance_subnet",
      "provider": "provider[\"registry.terraform.io/oracle/oci\"]",
      "instances": [
        {
          "index_key": 0,
          "schema_version": 0,
          "attributes": {
            "availability_domain": null,
            "cidr_block": "10.14.0.0/20",
            "compartment_id": "ocid1.compartment.oc1..aaaaaaaayb54p7ujb5ney2brpvywvuom75et33obzuciqyfqnyhv2g6dtwnq",
            "defined_tags": {
              "NSAS-Labs.GuildName": "Relational_DB"
            },
            "dhcp_options_id": "ocid1.dhcpoptions.oc1.phx.aaaaaaaafjc4ck2jl2olqjis5i2ce7d6glqi26nvbg5tvpxkbrmv2xzad4pa",
            "display_name": "Relational_DB-PrivSub1",
            "dns_label": "relationaldbpri",
            "freeform_tags": {},
            "id": "ocid1.subnet.oc1.phx.aaaaaaaapusu6alhnceh2kzz55nsgb6d77ki7qwfjnqojvaahrcxgywftdhq",
            "ipv6cidr_block": null,
            "ipv6cidr_blocks": [],
            "ipv6virtual_router_ip": null,
            "prohibit_internet_ingress": true,
            "prohibit_public_ip_on_vnic": true,
            "route_table_id": "ocid1.routetable.oc1.phx.aaaaaaaa2mk5q3ar3kkhduo5lbnnbfpwrwemuqdtz3tpgdmurjggwnpzjpeq",
            "security_list_ids": [
              "ocid1.securitylist.oc1.phx.aaaaaaaawywvfbxtey7bjjwngtqs2ydqjrwufa4vld4gdrzn3szel743znqq"
            ],
            "state": "AVAILABLE",
            "subnet_domain_name": "relationaldbpri.relationaldbpri.oraclevcn.com",
            "subnet_id": "ocid1.subnet.oc1.phx.aaaaaaaapusu6alhnceh2kzz55nsgb6d77ki7qwfjnqojvaahrcxgywftdhq",
            "time_created": "2022-06-06 18:08:12.093 +0000 UTC",
            "vcn_id": "ocid1.vcn.oc1.phx.amaaaaaad2zjmiaavg63zvq2hi3bja2f2b6trva455im3ihtwpiqweocymiq",
            "virtual_router_ip": "10.14.0.1",
            "virtual_router_mac": "00:00:17:F9:B8:22"
          },
          "sensitive_attributes": []
        }
      ]
    },
    {
      "mode": "data",
      "type": "oci_core_subnets",
      "name": "subnets",
      "provider": "provider[\"registry.terraform.io/oracle/oci\"]",
      "instances": [
        {
          "schema_version": 0,
          "attributes": {
            "compartment_id": "ocid1.compartment.oc1..aaaaaaaayb54p7ujb5ney2brpvywvuom75et33obzuciqyfqnyhv2g6dtwnq",
            "display_name": null,
            "filter": null,
            "id": "CoreSubnetsDataSource-4012883807",
            "state": null,
            "subnets": [
              {
                "availability_domain": "",
                "cidr_block": "10.14.0.0/20",
                "compartment_id": "ocid1.compartment.oc1..aaaaaaaayb54p7ujb5ney2brpvywvuom75et33obzuciqyfqnyhv2g6dtwnq",
                "defined_tags": {
                  "NSAS-Labs.GuildName": "Relational_DB"
                },
                "dhcp_options_id": "ocid1.dhcpoptions.oc1.phx.aaaaaaaafjc4ck2jl2olqjis5i2ce7d6glqi26nvbg5tvpxkbrmv2xzad4pa",
                "display_name": "Relational_DB-PrivSub1",
                "dns_label": "relationaldbpri",
                "freeform_tags": {},
                "id": "ocid1.subnet.oc1.phx.aaaaaaaapusu6alhnceh2kzz55nsgb6d77ki7qwfjnqojvaahrcxgywftdhq",
                "ipv6cidr_block": "",
                "ipv6cidr_blocks": [],
                "ipv6virtual_router_ip": "",
                "prohibit_internet_ingress": true,
                "prohibit_public_ip_on_vnic": true,
                "route_table_id": "ocid1.routetable.oc1.phx.aaaaaaaa2mk5q3ar3kkhduo5lbnnbfpwrwemuqdtz3tpgdmurjggwnpzjpeq",
                "security_list_ids": [
                  "ocid1.securitylist.oc1.phx.aaaaaaaawywvfbxtey7bjjwngtqs2ydqjrwufa4vld4gdrzn3szel743znqq"
                ],
                "state": "AVAILABLE",
                "subnet_domain_name": "relationaldbpri.relationaldbpri.oraclevcn.com",
                "time_created": "2022-06-06 18:08:12.093 +0000 UTC",
                "vcn_id": "ocid1.vcn.oc1.phx.amaaaaaad2zjmiaavg63zvq2hi3bja2f2b6trva455im3ihtwpiqweocymiq",
                "virtual_router_ip": "10.14.0.1",
                "virtual_router_mac": "00:00:17:F9:B8:22"
              }
            ],
            "vcn_id": null
          },
          "sensitive_attributes": []
        }
      ]
    },
    {
      "mode": "data",
      "type": "oci_core_vnic_attachments",
      "name": "vnic_attachment",
      "provider": "provider[\"registry.terraform.io/oracle/oci\"]",
      "instances": [
        {
          "index_key": 0,
          "schema_version": 0,
          "attributes": {
            "availability_domain": null,
            "compartment_id": "ocid1.compartment.oc1..aaaaaaaayb54p7ujb5ney2brpvywvuom75et33obzuciqyfqnyhv2g6dtwnq",
            "filter": null,
            "id": "CoreVnicAttachmentsDataSource-2353034968",
            "instance_id": "ocid1.instance.oc1.phx.anyhqljrd2zjmiactgcthe3ak6orewfsljvb24t5d3up25kte6szeccxyq2q",
            "vnic_attachments": [
              {
                "availability_domain": "HUYg:PHX-AD-1",
                "compartment_id": "ocid1.compartment.oc1..aaaaaaaayb54p7ujb5ney2brpvywvuom75et33obzuciqyfqnyhv2g6dtwnq",
                "create_vnic_details": [],
                "display_name": "",
                "id": "ocid1.vnicattachment.oc1.phx.anyhqljrd2zjmiacftsnqcezquyndtv4vsi4slpwvmd3wo5kdtryoe4ox2mq",
                "instance_id": "ocid1.instance.oc1.phx.anyhqljrd2zjmiactgcthe3ak6orewfsljvb24t5d3up25kte6szeccxyq2q",
                "nic_index": 0,
                "state": "ATTACHED",
                "subnet_id": "ocid1.subnet.oc1.phx.aaaaaaaapusu6alhnceh2kzz55nsgb6d77ki7qwfjnqojvaahrcxgywftdhq",
                "time_created": "2024-06-11 07:44:27.333 +0000 UTC",
                "vlan_id": "",
                "vlan_tag": 47,
                "vnic_id": "ocid1.vnic.oc1.phx.abyhqljrhkqxxda7tkiuvt3224rlzjjh6pxkexkjkommwz354qeaotwb4fua"
              }
            ],
            "vnic_id": null
          },
          "sensitive_attributes": []
        },
        {
          "index_key": 1,
          "schema_version": 0,
          "attributes": {
            "availability_domain": null,
            "compartment_id": "ocid1.compartment.oc1..aaaaaaaayb54p7ujb5ney2brpvywvuom75et33obzuciqyfqnyhv2g6dtwnq",
            "filter": null,
            "id": "CoreVnicAttachmentsDataSource-765535305",
            "instance_id": "ocid1.instance.oc1.phx.anyhqljtd2zjmiacknshmmxxqwyse2uvydgafklb75gvfvacfdrqhm4ggplq",
            "vnic_attachments": [
              {
                "availability_domain": "HUYg:PHX-AD-2",
                "compartment_id": "ocid1.compartment.oc1..aaaaaaaayb54p7ujb5ney2brpvywvuom75et33obzuciqyfqnyhv2g6dtwnq",
                "create_vnic_details": [],
                "display_name": "",
                "id": "ocid1.vnicattachment.oc1.phx.anyhqljtd2zjmiact5tlltecibwjjmnpms2s7dxb26scfik4pnndmes4f6lq",
                "instance_id": "ocid1.instance.oc1.phx.anyhqljtd2zjmiacknshmmxxqwyse2uvydgafklb75gvfvacfdrqhm4ggplq",
                "nic_index": 0,
                "state": "ATTACHED",
                "subnet_id": "ocid1.subnet.oc1.phx.aaaaaaaapusu6alhnceh2kzz55nsgb6d77ki7qwfjnqojvaahrcxgywftdhq",
                "time_created": "2024-06-11 07:44:27.119 +0000 UTC",
                "vlan_id": "",
                "vlan_tag": 3963,
                "vnic_id": "ocid1.vnic.oc1.phx.abyhqljtztkafxzrpchu7ogpvppuroigwykyafccauihb4daxuflpl3dlzyq"
              }
            ],
            "vnic_id": null
          },
          "sensitive_attributes": []
        },
        {
          "index_key": 2,
          "schema_version": 0,
          "attributes": {
            "availability_domain": null,
            "compartment_id": "ocid1.compartment.oc1..aaaaaaaayb54p7ujb5ney2brpvywvuom75et33obzuciqyfqnyhv2g6dtwnq",
            "filter": null,
            "id": "CoreVnicAttachmentsDataSource-3651247638",
            "instance_id": "ocid1.instance.oc1.phx.anyhqljsd2zjmiac424veldd356ynersrudyvzsuxvsbornt7wpc3rkhq6ca",
            "vnic_attachments": [
              {
                "availability_domain": "HUYg:PHX-AD-3",
                "compartment_id": "ocid1.compartment.oc1..aaaaaaaayb54p7ujb5ney2brpvywvuom75et33obzuciqyfqnyhv2g6dtwnq",
                "create_vnic_details": [],
                "display_name": "",
                "id": "ocid1.vnicattachment.oc1.phx.anyhqljsd2zjmiacgzezo3fu2lks4lht7jyyq6oqkkmnkxfwehpxvjcqdlwa",
                "instance_id": "ocid1.instance.oc1.phx.anyhqljsd2zjmiac424veldd356ynersrudyvzsuxvsbornt7wpc3rkhq6ca",
                "nic_index": 0,
                "state": "ATTACHED",
                "subnet_id": "ocid1.subnet.oc1.phx.aaaaaaaapusu6alhnceh2kzz55nsgb6d77ki7qwfjnqojvaahrcxgywftdhq",
                "time_created": "2024-06-11 07:44:27.482 +0000 UTC",
                "vlan_id": "",
                "vlan_tag": 1480,
                "vnic_id": "ocid1.vnic.oc1.phx.abyhqljsfkw3qhlrc4m3kfbfqq5vkyv4ez2m2gogll7kdddaznaui645ztga"
              }
            ],
            "vnic_id": null
          },
          "sensitive_attributes": []
        }
      ]
    },
    {
      "mode": "data",
      "type": "oci_core_volume_backup_policies",
      "name": "default_backup_policies",
      "provider": "provider[\"registry.terraform.io/oracle/oci\"]",
      "instances": [
        {
          "schema_version": 0,
          "attributes": {
            "compartment_id": null,
            "filter": null,
            "id": "CoreVolumeBackupPoliciesDataSource-0",
            "volume_backup_policies": [
              {
                "compartment_id": "",
                "defined_tags": {},
                "destination_region": "",
                "display_name": "silver",
                "freeform_tags": {},
                "id": "ocid1.volumebackuppolicy.oc1..aaaaaaaa7hwv7iscewqqcmyqe2zuzfce6setvckhbxduswtxf6ctew7e54ja",
                "schedules": [
                  {
                    "backup_type": "INCREMENTAL",
                    "day_of_month": -1,
                    "day_of_week": "",
                    "hour_of_day": -1,
                    "month": "",
                    "offset_seconds": 0,
                    "offset_type": "",
                    "period": "ONE_WEEK",
                    "retention_seconds": 2419200,
                    "time_zone": "REGIONAL_DATA_CENTER_TIME"
                  },
                  {
                    "backup_type": "INCREMENTAL",
                    "day_of_month": -1,
                    "day_of_week": "",
                    "hour_of_day": -1,
                    "month": "",
                    "offset_seconds": 0,
                    "offset_type": "",
                    "period": "ONE_MONTH",
                    "retention_seconds": 31557600,
                    "time_zone": "REGIONAL_DATA_CENTER_TIME"
                  },
                  {
                    "backup_type": "INCREMENTAL",
                    "day_of_month": -1,
                    "day_of_week": "",
                    "hour_of_day": -1,
                    "month": "",
                    "offset_seconds": 0,
                    "offset_type": "",
                    "period": "ONE_YEAR",
                    "retention_seconds": 157680000,
                    "time_zone": "REGIONAL_DATA_CENTER_TIME"
                  }
                ],
                "time_created": "2017-10-01 00:00:00.001 +0000 UTC"
              },
              {
                "compartment_id": "",
                "defined_tags": {},
                "destination_region": "",
                "display_name": "bronze",
                "freeform_tags": {},
                "id": "ocid1.volumebackuppolicy.oc1..aaaaaaaadrzfwjb5tflixtmy5axp2kx65uqakgnupfogabzjhtn5x5dfra6q",
                "schedules": [
                  {
                    "backup_type": "INCREMENTAL",
                    "day_of_month": -1,
                    "day_of_week": "",
                    "hour_of_day": -1,
                    "month": "",
                    "offset_seconds": 0,
                    "offset_type": "",
                    "period": "ONE_MONTH",
                    "retention_seconds": 31557600,
                    "time_zone": "REGIONAL_DATA_CENTER_TIME"
                  },
                  {
                    "backup_type": "INCREMENTAL",
                    "day_of_month": -1,
                    "day_of_week": "",
                    "hour_of_day": -1,
                    "month": "",
                    "offset_seconds": 0,
                    "offset_type": "",
                    "period": "ONE_YEAR",
                    "retention_seconds": 157680000,
                    "time_zone": "REGIONAL_DATA_CENTER_TIME"
                  }
                ],
                "time_created": "2017-10-01 00:00:00 +0000 UTC"
              },
              {
                "compartment_id": "",
                "defined_tags": {},
                "destination_region": "",
                "display_name": "gold",
                "freeform_tags": {},
                "id": "ocid1.volumebackuppolicy.oc1..aaaaaaaagcremuefit7dpcnjpdrtphjk4bwm3emm55t6cghctt2m6iyyjdva",
                "schedules": [
                  {
                    "backup_type": "INCREMENTAL",
                    "day_of_month": -1,
                    "day_of_week": "",
                    "hour_of_day": -1,
                    "month": "",
                    "offset_seconds": 0,
                    "offset_type": "",
                    "period": "ONE_DAY",
                    "retention_seconds": 604800,
                    "time_zone": "REGIONAL_DATA_CENTER_TIME"
                  },
                  {
                    "backup_type": "INCREMENTAL",
                    "day_of_month": -1,
                    "day_of_week": "",
                    "hour_of_day": -1,
                    "month": "",
                    "offset_seconds": 0,
                    "offset_type": "",
                    "period": "ONE_WEEK",
                    "retention_seconds": 2419200,
                    "time_zone": "REGIONAL_DATA_CENTER_TIME"
                  },
                  {
                    "backup_type": "INCREMENTAL",
                    "day_of_month": -1,
                    "day_of_week": "",
                    "hour_of_day": -1,
                    "month": "",
                    "offset_seconds": 0,
                    "offset_type": "",
                    "period": "ONE_MONTH",
                    "retention_seconds": 31557600,
                    "time_zone": "REGIONAL_DATA_CENTER_TIME"
                  },
                  {
                    "backup_type": "INCREMENTAL",
                    "day_of_month": -1,
                    "day_of_week": "",
                    "hour_of_day": -1,
                    "month": "",
                    "offset_seconds": 0,
                    "offset_type": "",
                    "period": "ONE_YEAR",
                    "retention_seconds": 157680000,
                    "time_zone": "REGIONAL_DATA_CENTER_TIME"
                  }
                ],
                "time_created": "2017-10-01 00:00:00.002 +0000 UTC"
              }
            ]
          },
          "sensitive_attributes": []
        }
      ]
    },
    {
      "mode": "data",
      "type": "oci_identity_availability_domains",
      "name": "ad",
      "provider": "provider[\"registry.terraform.io/oracle/oci\"]",
      "instances": [
        {
          "schema_version": 0,
          "attributes": {
            "availability_domains": [
              {
                "compartment_id": "ocid1.compartment.oc1..aaaaaaaayb54p7ujb5ney2brpvywvuom75et33obzuciqyfqnyhv2g6dtwnq",
                "id": "ocid1.availabilitydomain.oc1..aaaaaaaac7uydq54rcymamzauv5pd23qk2g2vqlrfu5jd3y6i6qxpvvzkf7a",
                "name": "HUYg:PHX-AD-1"
              },
              {
                "compartment_id": "ocid1.compartment.oc1..aaaaaaaayb54p7ujb5ney2brpvywvuom75et33obzuciqyfqnyhv2g6dtwnq",
                "id": "ocid1.availabilitydomain.oc1..aaaaaaaaupx7ga46w4xbb3fnkoh7rtyumacyb3ek6bw7bt3qff3mgt3mbrlq",
                "name": "HUYg:PHX-AD-2"
              },
              {
                "compartment_id": "ocid1.compartment.oc1..aaaaaaaayb54p7ujb5ney2brpvywvuom75et33obzuciqyfqnyhv2g6dtwnq",
                "id": "ocid1.availabilitydomain.oc1..aaaaaaaakemzo4ywaynz573sk4jpvwuqi7vmcuxajxfv4jjj2pthez3j2hbq",
                "name": "HUYg:PHX-AD-3"
              }
            ],
            "compartment_id": "ocid1.compartment.oc1..aaaaaaaayb54p7ujb5ney2brpvywvuom75et33obzuciqyfqnyhv2g6dtwnq",
            "filter": null,
            "id": "IdentityAvailabilityDomainsDataSource-4012883807"
          },
          "sensitive_attributes": []
        }
      ]
    },
    {
      "mode": "managed",
      "type": "oci_core_instance",
      "name": "instance",
      "provider": "provider[\"registry.terraform.io/oracle/oci\"]",
      "instances": [
        {
          "index_key": 0,
          "schema_version": 0,
          "attributes": {
            "agent_config": [
              {
                "are_all_plugins_disabled": false,
                "is_management_disabled": false,
                "is_monitoring_disabled": false,
                "plugins_config": [
                  {
                    "desired_state": "ENABLED",
                    "name": "Oracle Autonomous Linux"
                  },
                  {
                    "desired_state": "ENABLED",
                    "name": "Bastion"
                  },
                  {
                    "desired_state": "DISABLED",
                    "name": "Block Volume Management"
                  },
                  {
                    "desired_state": "ENABLED",
                    "name": "Custom Logs Monitoring"
                  },
                  {
                    "desired_state": "DISABLED",
                    "name": "Management Agent"
                  },
                  {
                    "desired_state": "ENABLED",
                    "name": "Compute Instance Monitoring"
                  },
                  {
                    "desired_state": "ENABLED",
                    "name": "OS Management Service Agent"
                  },
                  {
                    "desired_state": "ENABLED",
                    "name": "Compute Instance Run Command"
                  },
                  {
                    "desired_state": "ENABLED",
                    "name": "Vulnerability Scanning"
                  },
                  {
                    "desired_state": "DISABLED",
                    "name": "Oracle Java Management Service"
                  }
                ]
              }
            ],
            "async": null,
            "availability_config": [
              {
                "is_live_migration_preferred": false,
                "recovery_action": "RESTORE_INSTANCE"
              }
            ],
            "availability_domain": "HUYg:PHX-AD-1",
            "boot_volume_id": "ocid1.bootvolume.oc1.phx.abyhqljrxebkhpfhahmbiqpuqpswrllrw2a5ibr3sfacmwrmjsvd3ssc3fkq",
            "capacity_reservation_id": null,
            "compartment_id": "ocid1.compartment.oc1..aaaaaaaayb54p7ujb5ney2brpvywvuom75et33obzuciqyfqnyhv2g6dtwnq",
            "compute_cluster_id": null,
            "create_vnic_details": [
              {
                "assign_private_dns_record": false,
                "assign_public_ip": "false",
                "defined_tags": {},
                "display_name": "ansible",
                "freeform_tags": {
                  "module": "oracle-terraform-modules/compute-instance/oci",
                  "terraformed": "Please do not edit manually"
                },
                "hostname_label": "ansible",
                "nsg_ids": [],
                "private_ip": "10.14.5.26",
                "skip_source_dest_check": false,
                "subnet_id": "ocid1.subnet.oc1.phx.aaaaaaaapusu6alhnceh2kzz55nsgb6d77ki7qwfjnqojvaahrcxgywftdhq",
                "vlan_id": ""
              }
            ],
            "dedicated_vm_host_id": null,
            "defined_tags": {},
            "display_name": "ansible",
            "extended_metadata": {},
            "fault_domain": "FAULT-DOMAIN-1",
            "freeform_tags": {
              "Owner": "Julien"
            },
            "hostname_label": "ansible",
            "id": "ocid1.instance.oc1.phx.anyhqljrd2zjmiactgcthe3ak6orewfsljvb24t5d3up25kte6szeccxyq2q",
            "image": "ocid1.image.oc1.phx.aaaaaaaakbsr6o55laheu7qou3kjyp2wba2ofxy6p6oljgve4rmrdygrqjja",
            "instance_options": [
              {
                "are_legacy_imds_endpoints_disabled": true
              }
            ],
            "ipxe_script": null,
            "is_cross_numa_node": false,
            "is_pv_encryption_in_transit_enabled": null,
            "launch_mode": "PARAVIRTUALIZED",
            "launch_options": [
              {
                "boot_volume_type": "PARAVIRTUALIZED",
                "firmware": "UEFI_64",
                "is_consistent_volume_naming_enabled": true,
                "is_pv_encryption_in_transit_enabled": false,
                "network_type": "PARAVIRTUALIZED",
                "remote_data_volume_type": "PARAVIRTUALIZED"
              }
            ],
            "metadata": {
              "ssh_authorized_keys": "ssh-rsa AAAAB3NzaC1yc2EAAAADAQABAAABgQDK1fkb0aEeB3+UfALnb5mLsj9WEpMoxDR5xg717KbK3XpzYye9Z8CqTT1Btp6kVoJ5l+YE9l7v7ExoiEcp2uVYHn15WDVBYycUrw6yIg46hGbyUcveZ+AVHWdY+Zln3aUc/Bn6IFYG5UoMOGAnYJZhYntrhEjLVuc5pi5a9a8tir24fZt+ng8n3MxTUn8NPt9b34LukeNWOIgqsLQlButLFODWKrXbx4o6iQU7/9tWl3oVrU+bVb5L5KMlbP++rb4Vy0MKOGLKooLFwq9u9WeYH29Gq/8bICoRBvpPXzjKPCtuFB0c6TrPLOZLwMpfOkJieFww2fhs+f+i5q+wmtP1JCfAfKeH3bdewlxszN2m95OzA8VZlryfkedFTKcyxfqdAngz1Hf6mxIU32rsRmXVGqQssH81TBO7DUHMnyNTuZ0uKPSyH3+4EtWzZ2dp/1OuAOBdKdGsvBYZkbj73C5ohhZaVy9p3yDUCSFM8V8Mqg9zcwfcTC4S/xLLY+haHFk= andonoovj@JumpySkyBison\r\n"
            },
            "platform_config": [],
            "preemptible_instance_config": [],
            "preserve_boot_volume": false,
            "private_ip": "10.14.5.26",
            "public_ip": "",
            "region": "phx",
            "shape": "VM.Standard3.Flex",
            "shape_config": [
              {
                "baseline_ocpu_utilization": "BASELINE_1_1",
                "gpu_description": "",
                "gpus": 0,
                "local_disk_description": "",
                "local_disks": 0,
                "local_disks_total_size_in_gbs": 0,
                "max_vnic_attachments": 2,
                "memory_in_gbs": 16,
                "networking_bandwidth_in_gbps": 1,
                "nvmes": 0,
                "ocpus": 1,
                "processor_description": "2.6 GHz Intel® Xeon® Platinum 8358 (Ice Lake)"
              }
            ],
            "source_details": [
              {
                "boot_volume_size_in_gbs": "47",
                "boot_volume_vpus_per_gb": "10",
                "kms_key_id": "",
                "source_id": "ocid1.image.oc1.phx.aaaaaaaakbsr6o55laheu7qou3kjyp2wba2ofxy6p6oljgve4rmrdygrqjja",
                "source_type": "image"
              }
            ],
            "state": "RUNNING",
            "subnet_id": "ocid1.subnet.oc1.phx.aaaaaaaapusu6alhnceh2kzz55nsgb6d77ki7qwfjnqojvaahrcxgywftdhq",
            "system_tags": {},
            "time_created": "2024-06-11 07:44:24.352 +0000 UTC",
            "time_maintenance_reboot_due": "",
            "timeouts": {
              "create": "25m",
              "delete": null,
              "update": null
            },
            "update_operation_constraint": null
          },
          "sensitive_attributes": [],
          "private": "eyJlMmJmYjczMC1lY2FhLTExZTYtOGY4OC0zNDM2M2JjN2M0YzAiOnsiY3JlYXRlIjoxNTAwMDAwMDAwMDAwLCJkZWxldGUiOjQ1MDAwMDAwMDAwMDAsInVwZGF0ZSI6MjcwMDAwMDAwMDAwMH19",
          "dependencies": [
            "data.oci_core_images.main",
            "data.oci_core_shapes.current_ad",
            "data.oci_core_subnet.instance_subnet",
            "data.oci_identity_availability_domains.ad"
          ]
        },
        {
          "index_key": 1,
          "schema_version": 0,
          "attributes": {
            "agent_config": [
              {
                "are_all_plugins_disabled": false,
                "is_management_disabled": false,
                "is_monitoring_disabled": false,
                "plugins_config": [
                  {
                    "desired_state": "ENABLED",
                    "name": "Oracle Autonomous Linux"
                  },
                  {
                    "desired_state": "ENABLED",
                    "name": "Bastion"
                  },
                  {
                    "desired_state": "DISABLED",
                    "name": "Block Volume Management"
                  },
                  {
                    "desired_state": "ENABLED",
                    "name": "Custom Logs Monitoring"
                  },
                  {
                    "desired_state": "DISABLED",
                    "name": "Management Agent"
                  },
                  {
                    "desired_state": "ENABLED",
                    "name": "Compute Instance Monitoring"
                  },
                  {
                    "desired_state": "ENABLED",
                    "name": "OS Management Service Agent"
                  },
                  {
                    "desired_state": "ENABLED",
                    "name": "Compute Instance Run Command"
                  },
                  {
                    "desired_state": "ENABLED",
                    "name": "Vulnerability Scanning"
                  },
                  {
                    "desired_state": "DISABLED",
                    "name": "Oracle Java Management Service"
                  }
                ]
              }
            ],
            "async": null,
            "availability_config": [
              {
                "is_live_migration_preferred": false,
                "recovery_action": "RESTORE_INSTANCE"
              }
            ],
            "availability_domain": "HUYg:PHX-AD-2",
            "boot_volume_id": "ocid1.bootvolume.oc1.phx.abyhqljt6za5ylzi2hdfkvcr6ickosxovfz6ud3tvsh6t65g6n5yu566lhra",
            "capacity_reservation_id": null,
            "compartment_id": "ocid1.compartment.oc1..aaaaaaaayb54p7ujb5ney2brpvywvuom75et33obzuciqyfqnyhv2g6dtwnq",
            "compute_cluster_id": null,
            "create_vnic_details": [
              {
                "assign_private_dns_record": false,
                "assign_public_ip": "false",
                "defined_tags": {},
                "display_name": "mysql_cluster_a",
                "freeform_tags": {
                  "module": "oracle-terraform-modules/compute-instance/oci",
                  "terraformed": "Please do not edit manually"
                },
                "hostname_label": "mysql-cluster-a",
                "nsg_ids": [],
                "private_ip": "10.14.2.193",
                "skip_source_dest_check": false,
                "subnet_id": "ocid1.subnet.oc1.phx.aaaaaaaapusu6alhnceh2kzz55nsgb6d77ki7qwfjnqojvaahrcxgywftdhq",
                "vlan_id": ""
              }
            ],
            "dedicated_vm_host_id": null,
            "defined_tags": {},
            "display_name": "mysql_cluster_a",
            "extended_metadata": {},
            "fault_domain": "FAULT-DOMAIN-2",
            "freeform_tags": {
              "Owner": "Julien"
            },
            "hostname_label": "mysql-cluster-a",
            "id": "ocid1.instance.oc1.phx.anyhqljtd2zjmiacknshmmxxqwyse2uvydgafklb75gvfvacfdrqhm4ggplq",
            "image": "ocid1.image.oc1.phx.aaaaaaaakbsr6o55laheu7qou3kjyp2wba2ofxy6p6oljgve4rmrdygrqjja",
            "instance_options": [
              {
                "are_legacy_imds_endpoints_disabled": true
              }
            ],
            "ipxe_script": null,
            "is_cross_numa_node": false,
            "is_pv_encryption_in_transit_enabled": null,
            "launch_mode": "PARAVIRTUALIZED",
            "launch_options": [
              {
                "boot_volume_type": "PARAVIRTUALIZED",
                "firmware": "UEFI_64",
                "is_consistent_volume_naming_enabled": true,
                "is_pv_encryption_in_transit_enabled": false,
                "network_type": "PARAVIRTUALIZED",
                "remote_data_volume_type": "PARAVIRTUALIZED"
              }
            ],
            "metadata": {
              "ssh_authorized_keys": "ssh-rsa AAAAB3NzaC1yc2EAAAADAQABAAABgQDK1fkb0aEeB3+UfALnb5mLsj9WEpMoxDR5xg717KbK3XpzYye9Z8CqTT1Btp6kVoJ5l+YE9l7v7ExoiEcp2uVYHn15WDVBYycUrw6yIg46hGbyUcveZ+AVHWdY+Zln3aUc/Bn6IFYG5UoMOGAnYJZhYntrhEjLVuc5pi5a9a8tir24fZt+ng8n3MxTUn8NPt9b34LukeNWOIgqsLQlButLFODWKrXbx4o6iQU7/9tWl3oVrU+bVb5L5KMlbP++rb4Vy0MKOGLKooLFwq9u9WeYH29Gq/8bICoRBvpPXzjKPCtuFB0c6TrPLOZLwMpfOkJieFww2fhs+f+i5q+wmtP1JCfAfKeH3bdewlxszN2m95OzA8VZlryfkedFTKcyxfqdAngz1Hf6mxIU32rsRmXVGqQssH81TBO7DUHMnyNTuZ0uKPSyH3+4EtWzZ2dp/1OuAOBdKdGsvBYZkbj73C5ohhZaVy9p3yDUCSFM8V8Mqg9zcwfcTC4S/xLLY+haHFk= andonoovj@JumpySkyBison\r\n"
            },
            "platform_config": [],
            "preemptible_instance_config": [],
            "preserve_boot_volume": false,
            "private_ip": "10.14.2.193",
            "public_ip": "",
            "region": "phx",
            "shape": "VM.Standard3.Flex",
            "shape_config": [
              {
                "baseline_ocpu_utilization": "BASELINE_1_1",
                "gpu_description": "",
                "gpus": 0,
                "local_disk_description": "",
                "local_disks": 0,
                "local_disks_total_size_in_gbs": 0,
                "max_vnic_attachments": 2,
                "memory_in_gbs": 16,
                "networking_bandwidth_in_gbps": 1,
                "nvmes": 0,
                "ocpus": 1,
                "processor_description": "2.6 GHz Intel® Xeon® Platinum 8358 (Ice Lake)"
              }
            ],
            "source_details": [
              {
                "boot_volume_size_in_gbs": "47",
                "boot_volume_vpus_per_gb": "10",
                "kms_key_id": "",
                "source_id": "ocid1.image.oc1.phx.aaaaaaaakbsr6o55laheu7qou3kjyp2wba2ofxy6p6oljgve4rmrdygrqjja",
                "source_type": "image"
              }
            ],
            "state": "RUNNING",
            "subnet_id": "ocid1.subnet.oc1.phx.aaaaaaaapusu6alhnceh2kzz55nsgb6d77ki7qwfjnqojvaahrcxgywftdhq",
            "system_tags": {},
            "time_created": "2024-06-11 07:44:24.26 +0000 UTC",
            "time_maintenance_reboot_due": "",
            "timeouts": {
              "create": "25m",
              "delete": null,
              "update": null
            },
            "update_operation_constraint": null
          },
          "sensitive_attributes": [],
          "private": "eyJlMmJmYjczMC1lY2FhLTExZTYtOGY4OC0zNDM2M2JjN2M0YzAiOnsiY3JlYXRlIjoxNTAwMDAwMDAwMDAwLCJkZWxldGUiOjQ1MDAwMDAwMDAwMDAsInVwZGF0ZSI6MjcwMDAwMDAwMDAwMH19",
          "dependencies": [
            "data.oci_core_images.main",
            "data.oci_core_shapes.current_ad",
            "data.oci_core_subnet.instance_subnet",
            "data.oci_identity_availability_domains.ad"
          ]
        },
        {
          "index_key": 2,
          "schema_version": 0,
          "attributes": {
            "agent_config": [
              {
                "are_all_plugins_disabled": false,
                "is_management_disabled": false,
                "is_monitoring_disabled": false,
                "plugins_config": [
                  {
                    "desired_state": "ENABLED",
                    "name": "Oracle Autonomous Linux"
                  },
                  {
                    "desired_state": "ENABLED",
                    "name": "Bastion"
                  },
                  {
                    "desired_state": "DISABLED",
                    "name": "Block Volume Management"
                  },
                  {
                    "desired_state": "ENABLED",
                    "name": "Custom Logs Monitoring"
                  },
                  {
                    "desired_state": "DISABLED",
                    "name": "Management Agent"
                  },
                  {
                    "desired_state": "ENABLED",
                    "name": "Compute Instance Monitoring"
                  },
                  {
                    "desired_state": "ENABLED",
                    "name": "OS Management Service Agent"
                  },
                  {
                    "desired_state": "ENABLED",
                    "name": "Compute Instance Run Command"
                  },
                  {
                    "desired_state": "ENABLED",
                    "name": "Vulnerability Scanning"
                  },
                  {
                    "desired_state": "DISABLED",
                    "name": "Oracle Java Management Service"
                  }
                ]
              }
            ],
            "async": null,
            "availability_config": [
              {
                "is_live_migration_preferred": false,
                "recovery_action": "RESTORE_INSTANCE"
              }
            ],
            "availability_domain": "HUYg:PHX-AD-3",
            "boot_volume_id": "ocid1.bootvolume.oc1.phx.abyhqljsjfkxin6gm3ydqabvlhj5v2zplwmtylwmnhjsiw2qyk7ninzzsg3q",
            "capacity_reservation_id": null,
            "compartment_id": "ocid1.compartment.oc1..aaaaaaaayb54p7ujb5ney2brpvywvuom75et33obzuciqyfqnyhv2g6dtwnq",
            "compute_cluster_id": null,
            "create_vnic_details": [
              {
                "assign_private_dns_record": false,
                "assign_public_ip": "false",
                "defined_tags": {},
                "display_name": "mysql_cluster_b",
                "freeform_tags": {
                  "module": "oracle-terraform-modules/compute-instance/oci",
                  "terraformed": "Please do not edit manually"
                },
                "hostname_label": "mysql-cluster-b",
                "nsg_ids": [],
                "private_ip": "10.14.13.163",
                "skip_source_dest_check": false,
                "subnet_id": "ocid1.subnet.oc1.phx.aaaaaaaapusu6alhnceh2kzz55nsgb6d77ki7qwfjnqojvaahrcxgywftdhq",
                "vlan_id": ""
              }
            ],
            "dedicated_vm_host_id": null,
            "defined_tags": {},
            "display_name": "mysql_cluster_b",
            "extended_metadata": {},
            "fault_domain": "FAULT-DOMAIN-1",
            "freeform_tags": {
              "Owner": "Julien"
            },
            "hostname_label": "mysql-cluster-b",
            "id": "ocid1.instance.oc1.phx.anyhqljsd2zjmiac424veldd356ynersrudyvzsuxvsbornt7wpc3rkhq6ca",
            "image": "ocid1.image.oc1.phx.aaaaaaaakbsr6o55laheu7qou3kjyp2wba2ofxy6p6oljgve4rmrdygrqjja",
            "instance_options": [
              {
                "are_legacy_imds_endpoints_disabled": true
              }
            ],
            "ipxe_script": null,
            "is_cross_numa_node": false,
            "is_pv_encryption_in_transit_enabled": null,
            "launch_mode": "PARAVIRTUALIZED",
            "launch_options": [
              {
                "boot_volume_type": "PARAVIRTUALIZED",
                "firmware": "UEFI_64",
                "is_consistent_volume_naming_enabled": true,
                "is_pv_encryption_in_transit_enabled": false,
                "network_type": "PARAVIRTUALIZED",
                "remote_data_volume_type": "PARAVIRTUALIZED"
              }
            ],
            "metadata": {
              "ssh_authorized_keys": "ssh-rsa AAAAB3NzaC1yc2EAAAADAQABAAABgQDK1fkb0aEeB3+UfALnb5mLsj9WEpMoxDR5xg717KbK3XpzYye9Z8CqTT1Btp6kVoJ5l+YE9l7v7ExoiEcp2uVYHn15WDVBYycUrw6yIg46hGbyUcveZ+AVHWdY+Zln3aUc/Bn6IFYG5UoMOGAnYJZhYntrhEjLVuc5pi5a9a8tir24fZt+ng8n3MxTUn8NPt9b34LukeNWOIgqsLQlButLFODWKrXbx4o6iQU7/9tWl3oVrU+bVb5L5KMlbP++rb4Vy0MKOGLKooLFwq9u9WeYH29Gq/8bICoRBvpPXzjKPCtuFB0c6TrPLOZLwMpfOkJieFww2fhs+f+i5q+wmtP1JCfAfKeH3bdewlxszN2m95OzA8VZlryfkedFTKcyxfqdAngz1Hf6mxIU32rsRmXVGqQssH81TBO7DUHMnyNTuZ0uKPSyH3+4EtWzZ2dp/1OuAOBdKdGsvBYZkbj73C5ohhZaVy9p3yDUCSFM8V8Mqg9zcwfcTC4S/xLLY+haHFk= andonoovj@JumpySkyBison\r\n"
            },
            "platform_config": [],
            "preemptible_instance_config": [],
            "preserve_boot_volume": false,
            "private_ip": "10.14.13.163",
            "public_ip": "",
            "region": "phx",
            "shape": "VM.Standard3.Flex",
            "shape_config": [
              {
                "baseline_ocpu_utilization": "BASELINE_1_1",
                "gpu_description": "",
                "gpus": 0,
                "local_disk_description": "",
                "local_disks": 0,
                "local_disks_total_size_in_gbs": 0,
                "max_vnic_attachments": 2,
                "memory_in_gbs": 16,
                "networking_bandwidth_in_gbps": 1,
                "nvmes": 0,
                "ocpus": 1,
                "processor_description": "2.6 GHz Intel® Xeon® Platinum 8358 (Ice Lake)"
              }
            ],
            "source_details": [
              {
                "boot_volume_size_in_gbs": "47",
                "boot_volume_vpus_per_gb": "10",
                "kms_key_id": "",
                "source_id": "ocid1.image.oc1.phx.aaaaaaaakbsr6o55laheu7qou3kjyp2wba2ofxy6p6oljgve4rmrdygrqjja",
                "source_type": "image"
              }
            ],
            "state": "RUNNING",
            "subnet_id": "ocid1.subnet.oc1.phx.aaaaaaaapusu6alhnceh2kzz55nsgb6d77ki7qwfjnqojvaahrcxgywftdhq",
            "system_tags": {},
            "time_created": "2024-06-11 07:44:24.508 +0000 UTC",
            "time_maintenance_reboot_due": "",
            "timeouts": {
              "create": "25m",
              "delete": null,
              "update": null
            },
            "update_operation_constraint": null
          },
          "sensitive_attributes": [],
          "private": "eyJlMmJmYjczMC1lY2FhLTExZTYtOGY4OC0zNDM2M2JjN2M0YzAiOnsiY3JlYXRlIjoxNTAwMDAwMDAwMDAwLCJkZWxldGUiOjQ1MDAwMDAwMDAwMDAsInVwZGF0ZSI6MjcwMDAwMDAwMDAwMH19",
          "dependencies": [
            "data.oci_core_images.main",
            "data.oci_core_shapes.current_ad",
            "data.oci_core_subnet.instance_subnet",
            "data.oci_identity_availability_domains.ad"
          ]
        },
        {
          "index_key": 3,
          "schema_version": 0,
          "attributes": {
            "agent_config": [
              {
                "are_all_plugins_disabled": false,
                "is_management_disabled": false,
                "is_monitoring_disabled": false,
                "plugins_config": [
                  {
                    "desired_state": "ENABLED",
                    "name": "Oracle Autonomous Linux"
                  },
                  {
                    "desired_state": "ENABLED",
                    "name": "Bastion"
                  },
                  {
                    "desired_state": "DISABLED",
                    "name": "Block Volume Management"
                  },
                  {
                    "desired_state": "ENABLED",
                    "name": "Custom Logs Monitoring"
                  },
                  {
                    "desired_state": "DISABLED",
                    "name": "Management Agent"
                  },
                  {
                    "desired_state": "ENABLED",
                    "name": "Compute Instance Monitoring"
                  },
                  {
                    "desired_state": "ENABLED",
                    "name": "OS Management Service Agent"
                  },
                  {
                    "desired_state": "ENABLED",
                    "name": "Compute Instance Run Command"
                  },
                  {
                    "desired_state": "ENABLED",
                    "name": "Vulnerability Scanning"
                  },
                  {
                    "desired_state": "DISABLED",
                    "name": "Oracle Java Management Service"
                  }
                ]
              }
            ],
            "async": null,
            "availability_config": [
              {
                "is_live_migration_preferred": false,
                "recovery_action": "RESTORE_INSTANCE"
              }
            ],
            "availability_domain": "HUYg:PHX-AD-1",
            "boot_volume_id": "ocid1.bootvolume.oc1.phx.abyhqljrdtmrs2arpxlmim24pzqgahenvwgqwkh2bcgnq3i2ic5wx5pjamzq",
            "capacity_reservation_id": null,
            "compartment_id": "ocid1.compartment.oc1..aaaaaaaayb54p7ujb5ney2brpvywvuom75et33obzuciqyfqnyhv2g6dtwnq",
            "compute_cluster_id": null,
            "create_vnic_details": [
              {
                "assign_private_dns_record": false,
                "assign_public_ip": "false",
                "defined_tags": {},
                "display_name": "mysql_cluster_c",
                "freeform_tags": {
                  "module": "oracle-terraform-modules/compute-instance/oci",
                  "terraformed": "Please do not edit manually"
                },
                "hostname_label": "mysql-cluster-c",
                "nsg_ids": [],
                "private_ip": "10.14.4.178",
                "skip_source_dest_check": false,
                "subnet_id": "ocid1.subnet.oc1.phx.aaaaaaaapusu6alhnceh2kzz55nsgb6d77ki7qwfjnqojvaahrcxgywftdhq",
                "vlan_id": ""
              }
            ],
            "dedicated_vm_host_id": null,
            "defined_tags": {},
            "display_name": "mysql_cluster_c",
            "extended_metadata": {},
            "fault_domain": "FAULT-DOMAIN-1",
            "freeform_tags": {
              "Owner": "Julien"
            },
            "hostname_label": "mysql-cluster-c",
            "id": "ocid1.instance.oc1.phx.anyhqljrd2zjmiacnvf3rjr24s3laquaxvid5izff7sewk22mmpi5i4gzfqq",
            "image": "ocid1.image.oc1.phx.aaaaaaaakbsr6o55laheu7qou3kjyp2wba2ofxy6p6oljgve4rmrdygrqjja",
            "instance_options": [
              {
                "are_legacy_imds_endpoints_disabled": true
              }
            ],
            "ipxe_script": null,
            "is_cross_numa_node": false,
            "is_pv_encryption_in_transit_enabled": null,
            "launch_mode": "PARAVIRTUALIZED",
            "launch_options": [
              {
                "boot_volume_type": "PARAVIRTUALIZED",
                "firmware": "UEFI_64",
                "is_consistent_volume_naming_enabled": true,
                "is_pv_encryption_in_transit_enabled": false,
                "network_type": "PARAVIRTUALIZED",
                "remote_data_volume_type": "PARAVIRTUALIZED"
              }
            ],
            "metadata": {
              "ssh_authorized_keys": "ssh-rsa AAAAB3NzaC1yc2EAAAADAQABAAABgQDK1fkb0aEeB3+UfALnb5mLsj9WEpMoxDR5xg717KbK3XpzYye9Z8CqTT1Btp6kVoJ5l+YE9l7v7ExoiEcp2uVYHn15WDVBYycUrw6yIg46hGbyUcveZ+AVHWdY+Zln3aUc/Bn6IFYG5UoMOGAnYJZhYntrhEjLVuc5pi5a9a8tir24fZt+ng8n3MxTUn8NPt9b34LukeNWOIgqsLQlButLFODWKrXbx4o6iQU7/9tWl3oVrU+bVb5L5KMlbP++rb4Vy0MKOGLKooLFwq9u9WeYH29Gq/8bICoRBvpPXzjKPCtuFB0c6TrPLOZLwMpfOkJieFww2fhs+f+i5q+wmtP1JCfAfKeH3bdewlxszN2m95OzA8VZlryfkedFTKcyxfqdAngz1Hf6mxIU32rsRmXVGqQssH81TBO7DUHMnyNTuZ0uKPSyH3+4EtWzZ2dp/1OuAOBdKdGsvBYZkbj73C5ohhZaVy9p3yDUCSFM8V8Mqg9zcwfcTC4S/xLLY+haHFk= andonoovj@JumpySkyBison\r\n"
            },
            "platform_config": [],
            "preemptible_instance_config": [],
            "preserve_boot_volume": false,
            "private_ip": "10.14.4.178",
            "public_ip": "",
            "region": "phx",
            "shape": "VM.Standard3.Flex",
            "shape_config": [
              {
                "baseline_ocpu_utilization": "BASELINE_1_1",
                "gpu_description": "",
                "gpus": 0,
                "local_disk_description": "",
                "local_disks": 0,
                "local_disks_total_size_in_gbs": 0,
                "max_vnic_attachments": 2,
                "memory_in_gbs": 16,
                "networking_bandwidth_in_gbps": 1,
                "nvmes": 0,
                "ocpus": 1,
                "processor_description": "2.6 GHz Intel® Xeon® Platinum 8358 (Ice Lake)"
              }
            ],
            "source_details": [
              {
                "boot_volume_size_in_gbs": "47",
                "boot_volume_vpus_per_gb": "10",
                "kms_key_id": "",
                "source_id": "ocid1.image.oc1.phx.aaaaaaaakbsr6o55laheu7qou3kjyp2wba2ofxy6p6oljgve4rmrdygrqjja",
                "source_type": "image"
              }
            ],
            "state": "RUNNING",
            "subnet_id": "ocid1.subnet.oc1.phx.aaaaaaaapusu6alhnceh2kzz55nsgb6d77ki7qwfjnqojvaahrcxgywftdhq",
            "system_tags": {},
            "time_created": "2024-06-11 07:44:24.162 +0000 UTC",
            "time_maintenance_reboot_due": "",
            "timeouts": {
              "create": "25m",
              "delete": null,
              "update": null
            },
            "update_operation_constraint": null
          },
          "sensitive_attributes": [],
          "private": "eyJlMmJmYjczMC1lY2FhLTExZTYtOGY4OC0zNDM2M2JjN2M0YzAiOnsiY3JlYXRlIjoxNTAwMDAwMDAwMDAwLCJkZWxldGUiOjQ1MDAwMDAwMDAwMDAsInVwZGF0ZSI6MjcwMDAwMDAwMDAwMH19",
          "dependencies": [
            "data.oci_core_images.main",
            "data.oci_core_shapes.current_ad",
            "data.oci_core_subnet.instance_subnet",
            "data.oci_identity_availability_domains.ad"
          ]
        },
        {
          "index_key": 4,
          "schema_version": 0,
          "attributes": {
            "agent_config": [
              {
                "are_all_plugins_disabled": false,
                "is_management_disabled": false,
                "is_monitoring_disabled": false,
                "plugins_config": [
                  {
                    "desired_state": "ENABLED",
                    "name": "Oracle Autonomous Linux"
                  },
                  {
                    "desired_state": "ENABLED",
                    "name": "Bastion"
                  },
                  {
                    "desired_state": "DISABLED",
                    "name": "Block Volume Management"
                  },
                  {
                    "desired_state": "ENABLED",
                    "name": "Custom Logs Monitoring"
                  },
                  {
                    "desired_state": "DISABLED",
                    "name": "Management Agent"
                  },
                  {
                    "desired_state": "ENABLED",
                    "name": "Compute Instance Monitoring"
                  },
                  {
                    "desired_state": "ENABLED",
                    "name": "OS Management Service Agent"
                  },
                  {
                    "desired_state": "ENABLED",
                    "name": "Compute Instance Run Command"
                  },
                  {
                    "desired_state": "ENABLED",
                    "name": "Vulnerability Scanning"
                  },
                  {
                    "desired_state": "DISABLED",
                    "name": "Oracle Java Management Service"
                  }
                ]
              }
            ],
            "async": null,
            "availability_config": [
              {
                "is_live_migration_preferred": false,
                "recovery_action": "RESTORE_INSTANCE"
              }
            ],
            "availability_domain": "HUYg:PHX-AD-2",
            "boot_volume_id": "ocid1.bootvolume.oc1.phx.abyhqljtmhmvdfuh5x3twp4b6f3gt3brkd2srvpsrqtog7tyracyckqk4axq",
            "capacity_reservation_id": null,
            "compartment_id": "ocid1.compartment.oc1..aaaaaaaayb54p7ujb5ney2brpvywvuom75et33obzuciqyfqnyhv2g6dtwnq",
            "compute_cluster_id": null,
            "create_vnic_details": [
              {
                "assign_private_dns_record": false,
                "assign_public_ip": "false",
                "defined_tags": {
                  "NSAS-Labs.GuildName": "Relational_DB"
                },
                "display_name": "mysql_router_a",
                "freeform_tags": {
                  "Owner": "Julien",
                  "module": "oracle-terraform-modules/compute-instance/oci",
                  "terraformed": "Please do not edit manually"
                },
                "hostname_label": "mysql-router-a",
                "nsg_ids": null,
                "private_ip": "10.14.11.108",
                "skip_source_dest_check": false,
                "subnet_id": "ocid1.subnet.oc1.phx.aaaaaaaapusu6alhnceh2kzz55nsgb6d77ki7qwfjnqojvaahrcxgywftdhq",
                "vlan_id": ""
              }
            ],
            "dedicated_vm_host_id": null,
            "defined_tags": {
              "NSAS-Labs.GuildName": "Relational_DB"
            },
            "display_name": "mysql_router_a",
            "extended_metadata": null,
            "fault_domain": "FAULT-DOMAIN-1",
            "freeform_tags": {
              "Owner": "Julien"
            },
            "hostname_label": "mysql-router-a",
            "id": "ocid1.instance.oc1.phx.anyhqljtd2zjmiacwb7zczhd4jjzhypgx2ndqzigdaow6mnuhxcde2g2nsoq",
            "image": "ocid1.image.oc1.phx.aaaaaaaakbsr6o55laheu7qou3kjyp2wba2ofxy6p6oljgve4rmrdygrqjja",
            "instance_options": [
              {
                "are_legacy_imds_endpoints_disabled": true
              }
            ],
            "ipxe_script": null,
            "is_cross_numa_node": false,
            "is_pv_encryption_in_transit_enabled": null,
            "launch_mode": "PARAVIRTUALIZED",
            "launch_options": [
              {
                "boot_volume_type": "PARAVIRTUALIZED",
                "firmware": "UEFI_64",
                "is_consistent_volume_naming_enabled": true,
                "is_pv_encryption_in_transit_enabled": false,
                "network_type": "PARAVIRTUALIZED",
                "remote_data_volume_type": "PARAVIRTUALIZED"
              }
            ],
            "metadata": {
              "ssh_authorized_keys": "ssh-rsa AAAAB3NzaC1yc2EAAAADAQABAAABgQDK1fkb0aEeB3+UfALnb5mLsj9WEpMoxDR5xg717KbK3XpzYye9Z8CqTT1Btp6kVoJ5l+YE9l7v7ExoiEcp2uVYHn15WDVBYycUrw6yIg46hGbyUcveZ+AVHWdY+Zln3aUc/Bn6IFYG5UoMOGAnYJZhYntrhEjLVuc5pi5a9a8tir24fZt+ng8n3MxTUn8NPt9b34LukeNWOIgqsLQlButLFODWKrXbx4o6iQU7/9tWl3oVrU+bVb5L5KMlbP++rb4Vy0MKOGLKooLFwq9u9WeYH29Gq/8bICoRBvpPXzjKPCtuFB0c6TrPLOZLwMpfOkJieFww2fhs+f+i5q+wmtP1JCfAfKeH3bdewlxszN2m95OzA8VZlryfkedFTKcyxfqdAngz1Hf6mxIU32rsRmXVGqQssH81TBO7DUHMnyNTuZ0uKPSyH3+4EtWzZ2dp/1OuAOBdKdGsvBYZkbj73C5ohhZaVy9p3yDUCSFM8V8Mqg9zcwfcTC4S/xLLY+haHFk= andonoovj@JumpySkyBison\r\n"
            },
            "platform_config": [],
            "preemptible_instance_config": [],
            "preserve_boot_volume": false,
            "private_ip": "10.14.11.108",
            "public_ip": "",
            "region": "phx",
            "shape": "VM.Standard3.Flex",
            "shape_config": [
              {
                "baseline_ocpu_utilization": "BASELINE_1_1",
                "gpu_description": "",
                "gpus": 0,
                "local_disk_description": "",
                "local_disks": 0,
                "local_disks_total_size_in_gbs": 0,
                "max_vnic_attachments": 2,
                "memory_in_gbs": 16,
                "networking_bandwidth_in_gbps": 1,
                "nvmes": 0,
                "ocpus": 1,
                "processor_description": "2.6 GHz Intel® Xeon® Platinum 8358 (Ice Lake)"
              }
            ],
            "source_details": [
              {
                "boot_volume_size_in_gbs": "47",
                "boot_volume_vpus_per_gb": "10",
                "kms_key_id": "",
                "source_id": "ocid1.image.oc1.phx.aaaaaaaakbsr6o55laheu7qou3kjyp2wba2ofxy6p6oljgve4rmrdygrqjja",
                "source_type": "image"
              }
            ],
            "state": "RUNNING",
            "subnet_id": "ocid1.subnet.oc1.phx.aaaaaaaapusu6alhnceh2kzz55nsgb6d77ki7qwfjnqojvaahrcxgywftdhq",
            "system_tags": {},
            "time_created": "2024-07-14 08:03:49.247 +0000 UTC",
            "time_maintenance_reboot_due": "",
            "timeouts": {
              "create": "25m",
              "delete": null,
              "update": null
            },
            "update_operation_constraint": null
          },
          "sensitive_attributes": [],
          "private": "eyJlMmJmYjczMC1lY2FhLTExZTYtOGY4OC0zNDM2M2JjN2M0YzAiOnsiY3JlYXRlIjoxNTAwMDAwMDAwMDAwLCJkZWxldGUiOjQ1MDAwMDAwMDAwMDAsInVwZGF0ZSI6MjcwMDAwMDAwMDAwMH19",
          "dependencies": [
            "data.oci_core_images.main",
            "data.oci_core_shapes.current_ad",
            "data.oci_core_subnet.instance_subnet",
            "data.oci_identity_availability_domains.ad"
          ]
        },
        {
          "index_key": 5,
          "schema_version": 0,
          "attributes": {
            "agent_config": [
              {
                "are_all_plugins_disabled": false,
                "is_management_disabled": false,
                "is_monitoring_disabled": false,
                "plugins_config": [
                  {
                    "desired_state": "ENABLED",
                    "name": "Oracle Autonomous Linux"
                  },
                  {
                    "desired_state": "ENABLED",
                    "name": "Bastion"
                  },
                  {
                    "desired_state": "DISABLED",
                    "name": "Block Volume Management"
                  },
                  {
                    "desired_state": "ENABLED",
                    "name": "Custom Logs Monitoring"
                  },
                  {
                    "desired_state": "DISABLED",
                    "name": "Management Agent"
                  },
                  {
                    "desired_state": "ENABLED",
                    "name": "Compute Instance Monitoring"
                  },
                  {
                    "desired_state": "ENABLED",
                    "name": "OS Management Service Agent"
                  },
                  {
                    "desired_state": "ENABLED",
                    "name": "Compute Instance Run Command"
                  },
                  {
                    "desired_state": "ENABLED",
                    "name": "Vulnerability Scanning"
                  },
                  {
                    "desired_state": "DISABLED",
                    "name": "Oracle Java Management Service"
                  }
                ]
              }
            ],
            "async": null,
            "availability_config": [
              {
                "is_live_migration_preferred": false,
                "recovery_action": "RESTORE_INSTANCE"
              }
            ],
            "availability_domain": "HUYg:PHX-AD-3",
            "boot_volume_id": "ocid1.bootvolume.oc1.phx.abyhqljsiajjah7jpub5fmx5yrkgl7wco6awupqjej4nan2ovdu5l7v33wcq",
            "capacity_reservation_id": null,
            "compartment_id": "ocid1.compartment.oc1..aaaaaaaayb54p7ujb5ney2brpvywvuom75et33obzuciqyfqnyhv2g6dtwnq",
            "compute_cluster_id": null,
            "create_vnic_details": [
              {
                "assign_private_dns_record": false,
                "assign_public_ip": "false",
                "defined_tags": {
                  "NSAS-Labs.GuildName": "Relational_DB"
                },
                "display_name": "mysql_router_b",
                "freeform_tags": {
                  "Owner": "Julien",
                  "module": "oracle-terraform-modules/compute-instance/oci",
                  "terraformed": "Please do not edit manually"
                },
                "hostname_label": "mysql-router-b",
                "nsg_ids": null,
                "private_ip": "10.14.2.123",
                "skip_source_dest_check": false,
                "subnet_id": "ocid1.subnet.oc1.phx.aaaaaaaapusu6alhnceh2kzz55nsgb6d77ki7qwfjnqojvaahrcxgywftdhq",
                "vlan_id": ""
              }
            ],
            "dedicated_vm_host_id": null,
            "defined_tags": {
              "NSAS-Labs.GuildName": "Relational_DB"
            },
            "display_name": "mysql_router_b",
            "extended_metadata": null,
            "fault_domain": "FAULT-DOMAIN-1",
            "freeform_tags": {
              "Owner": "Julien"
            },
            "hostname_label": "mysql-router-b",
            "id": "ocid1.instance.oc1.phx.anyhqljsd2zjmiacuzd7glt2da2g6hwnyctghzdekdzdmuguhvppsbp2dq2q",
            "image": "ocid1.image.oc1.phx.aaaaaaaakbsr6o55laheu7qou3kjyp2wba2ofxy6p6oljgve4rmrdygrqjja",
            "instance_options": [
              {
                "are_legacy_imds_endpoints_disabled": true
              }
            ],
            "ipxe_script": null,
            "is_cross_numa_node": false,
            "is_pv_encryption_in_transit_enabled": null,
            "launch_mode": "PARAVIRTUALIZED",
            "launch_options": [
              {
                "boot_volume_type": "PARAVIRTUALIZED",
                "firmware": "UEFI_64",
                "is_consistent_volume_naming_enabled": true,
                "is_pv_encryption_in_transit_enabled": false,
                "network_type": "PARAVIRTUALIZED",
                "remote_data_volume_type": "PARAVIRTUALIZED"
              }
            ],
            "metadata": {
              "ssh_authorized_keys": "ssh-rsa AAAAB3NzaC1yc2EAAAADAQABAAABgQDK1fkb0aEeB3+UfALnb5mLsj9WEpMoxDR5xg717KbK3XpzYye9Z8CqTT1Btp6kVoJ5l+YE9l7v7ExoiEcp2uVYHn15WDVBYycUrw6yIg46hGbyUcveZ+AVHWdY+Zln3aUc/Bn6IFYG5UoMOGAnYJZhYntrhEjLVuc5pi5a9a8tir24fZt+ng8n3MxTUn8NPt9b34LukeNWOIgqsLQlButLFODWKrXbx4o6iQU7/9tWl3oVrU+bVb5L5KMlbP++rb4Vy0MKOGLKooLFwq9u9WeYH29Gq/8bICoRBvpPXzjKPCtuFB0c6TrPLOZLwMpfOkJieFww2fhs+f+i5q+wmtP1JCfAfKeH3bdewlxszN2m95OzA8VZlryfkedFTKcyxfqdAngz1Hf6mxIU32rsRmXVGqQssH81TBO7DUHMnyNTuZ0uKPSyH3+4EtWzZ2dp/1OuAOBdKdGsvBYZkbj73C5ohhZaVy9p3yDUCSFM8V8Mqg9zcwfcTC4S/xLLY+haHFk= andonoovj@JumpySkyBison\r\n"
            },
            "platform_config": [],
            "preemptible_instance_config": [],
            "preserve_boot_volume": false,
            "private_ip": "10.14.2.123",
            "public_ip": "",
            "region": "phx",
            "shape": "VM.Standard3.Flex",
            "shape_config": [
              {
                "baseline_ocpu_utilization": "BASELINE_1_1",
                "gpu_description": "",
                "gpus": 0,
                "local_disk_description": "",
                "local_disks": 0,
                "local_disks_total_size_in_gbs": 0,
                "max_vnic_attachments": 2,
                "memory_in_gbs": 16,
                "networking_bandwidth_in_gbps": 1,
                "nvmes": 0,
                "ocpus": 1,
                "processor_description": "2.6 GHz Intel® Xeon® Platinum 8358 (Ice Lake)"
              }
            ],
            "source_details": [
              {
                "boot_volume_size_in_gbs": "47",
                "boot_volume_vpus_per_gb": "10",
                "kms_key_id": "",
                "source_id": "ocid1.image.oc1.phx.aaaaaaaakbsr6o55laheu7qou3kjyp2wba2ofxy6p6oljgve4rmrdygrqjja",
                "source_type": "image"
              }
            ],
            "state": "RUNNING",
            "subnet_id": "ocid1.subnet.oc1.phx.aaaaaaaapusu6alhnceh2kzz55nsgb6d77ki7qwfjnqojvaahrcxgywftdhq",
            "system_tags": {},
            "time_created": "2024-07-14 08:03:49.41 +0000 UTC",
            "time_maintenance_reboot_due": "",
            "timeouts": {
              "create": "25m",
              "delete": null,
              "update": null
            },
            "update_operation_constraint": null
          },
          "sensitive_attributes": [],
          "private": "eyJlMmJmYjczMC1lY2FhLTExZTYtOGY4OC0zNDM2M2JjN2M0YzAiOnsiY3JlYXRlIjoxNTAwMDAwMDAwMDAwLCJkZWxldGUiOjQ1MDAwMDAwMDAwMDAsInVwZGF0ZSI6MjcwMDAwMDAwMDAwMH19",
          "dependencies": [
            "data.oci_core_images.main",
            "data.oci_core_shapes.current_ad",
            "data.oci_core_subnet.instance_subnet",
            "data.oci_identity_availability_domains.ad"
          ]
        },
        {
          "index_key": 6,
          "schema_version": 0,
          "attributes": {
            "agent_config": [
              {
                "are_all_plugins_disabled": false,
                "is_management_disabled": false,
                "is_monitoring_disabled": false,
                "plugins_config": [
                  {
                    "desired_state": "ENABLED",
                    "name": "Oracle Autonomous Linux"
                  },
                  {
                    "desired_state": "ENABLED",
                    "name": "Bastion"
                  },
                  {
                    "desired_state": "DISABLED",
                    "name": "Block Volume Management"
                  },
                  {
                    "desired_state": "ENABLED",
                    "name": "Custom Logs Monitoring"
                  },
                  {
                    "desired_state": "DISABLED",
                    "name": "Management Agent"
                  },
                  {
                    "desired_state": "ENABLED",
                    "name": "Compute Instance Monitoring"
                  },
                  {
                    "desired_state": "ENABLED",
                    "name": "OS Management Service Agent"
                  },
                  {
                    "desired_state": "ENABLED",
                    "name": "Compute Instance Run Command"
                  },
                  {
                    "desired_state": "ENABLED",
                    "name": "Vulnerability Scanning"
                  },
                  {
                    "desired_state": "DISABLED",
                    "name": "Oracle Java Management Service"
                  }
                ]
              }
            ],
            "async": null,
            "availability_config": [
              {
                "is_live_migration_preferred": false,
                "recovery_action": "RESTORE_INSTANCE"
              }
            ],
            "availability_domain": "HUYg:PHX-AD-1",
            "boot_volume_id": "ocid1.bootvolume.oc1.phx.abyhqljrhtndaf2uwomcpkqveejrn5sr3wftmivvjjxrscywt2nphu5vvjiq",
            "capacity_reservation_id": null,
            "compartment_id": "ocid1.compartment.oc1..aaaaaaaayb54p7ujb5ney2brpvywvuom75et33obzuciqyfqnyhv2g6dtwnq",
            "compute_cluster_id": null,
            "create_vnic_details": [
              {
                "assign_private_dns_record": false,
                "assign_public_ip": "false",
                "defined_tags": {
                  "NSAS-Labs.GuildName": "Relational_DB"
                },
                "display_name": "mysql_router_c",
                "freeform_tags": {
                  "Owner": "Julien",
                  "module": "oracle-terraform-modules/compute-instance/oci",
                  "terraformed": "Please do not edit manually"
                },
                "hostname_label": "mysql-router-c",
                "nsg_ids": null,
                "private_ip": "10.14.5.204",
                "skip_source_dest_check": false,
                "subnet_id": "ocid1.subnet.oc1.phx.aaaaaaaapusu6alhnceh2kzz55nsgb6d77ki7qwfjnqojvaahrcxgywftdhq",
                "vlan_id": ""
              }
            ],
            "dedicated_vm_host_id": null,
            "defined_tags": {
              "NSAS-Labs.GuildName": "Relational_DB"
            },
            "display_name": "mysql_router_c",
            "extended_metadata": null,
            "fault_domain": "FAULT-DOMAIN-2",
            "freeform_tags": {
              "Owner": "Julien"
            },
            "hostname_label": "mysql-router-c",
            "id": "ocid1.instance.oc1.phx.anyhqljrd2zjmiacfdiudkbwutnncl4aq5x43yjfw63tj35j3u3nzabzv5sa",
            "image": "ocid1.image.oc1.phx.aaaaaaaakbsr6o55laheu7qou3kjyp2wba2ofxy6p6oljgve4rmrdygrqjja",
            "instance_options": [
              {
                "are_legacy_imds_endpoints_disabled": true
              }
            ],
            "ipxe_script": null,
            "is_cross_numa_node": false,
            "is_pv_encryption_in_transit_enabled": null,
            "launch_mode": "PARAVIRTUALIZED",
            "launch_options": [
              {
                "boot_volume_type": "PARAVIRTUALIZED",
                "firmware": "UEFI_64",
                "is_consistent_volume_naming_enabled": true,
                "is_pv_encryption_in_transit_enabled": false,
                "network_type": "PARAVIRTUALIZED",
                "remote_data_volume_type": "PARAVIRTUALIZED"
              }
            ],
            "metadata": {
              "ssh_authorized_keys": "ssh-rsa AAAAB3NzaC1yc2EAAAADAQABAAABgQDK1fkb0aEeB3+UfALnb5mLsj9WEpMoxDR5xg717KbK3XpzYye9Z8CqTT1Btp6kVoJ5l+YE9l7v7ExoiEcp2uVYHn15WDVBYycUrw6yIg46hGbyUcveZ+AVHWdY+Zln3aUc/Bn6IFYG5UoMOGAnYJZhYntrhEjLVuc5pi5a9a8tir24fZt+ng8n3MxTUn8NPt9b34LukeNWOIgqsLQlButLFODWKrXbx4o6iQU7/9tWl3oVrU+bVb5L5KMlbP++rb4Vy0MKOGLKooLFwq9u9WeYH29Gq/8bICoRBvpPXzjKPCtuFB0c6TrPLOZLwMpfOkJieFww2fhs+f+i5q+wmtP1JCfAfKeH3bdewlxszN2m95OzA8VZlryfkedFTKcyxfqdAngz1Hf6mxIU32rsRmXVGqQssH81TBO7DUHMnyNTuZ0uKPSyH3+4EtWzZ2dp/1OuAOBdKdGsvBYZkbj73C5ohhZaVy9p3yDUCSFM8V8Mqg9zcwfcTC4S/xLLY+haHFk= andonoovj@JumpySkyBison\r\n"
            },
            "platform_config": [],
            "preemptible_instance_config": [],
            "preserve_boot_volume": false,
            "private_ip": "10.14.5.204",
            "public_ip": "",
            "region": "phx",
            "shape": "VM.Standard3.Flex",
            "shape_config": [
              {
                "baseline_ocpu_utilization": "BASELINE_1_1",
                "gpu_description": "",
                "gpus": 0,
                "local_disk_description": "",
                "local_disks": 0,
                "local_disks_total_size_in_gbs": 0,
                "max_vnic_attachments": 2,
                "memory_in_gbs": 16,
                "networking_bandwidth_in_gbps": 1,
                "nvmes": 0,
                "ocpus": 1,
                "processor_description": "2.6 GHz Intel® Xeon® Platinum 8358 (Ice Lake)"
              }
            ],
            "source_details": [
              {
                "boot_volume_size_in_gbs": "47",
                "boot_volume_vpus_per_gb": "10",
                "kms_key_id": "",
                "source_id": "ocid1.image.oc1.phx.aaaaaaaakbsr6o55laheu7qou3kjyp2wba2ofxy6p6oljgve4rmrdygrqjja",
                "source_type": "image"
              }
            ],
            "state": "RUNNING",
            "subnet_id": "ocid1.subnet.oc1.phx.aaaaaaaapusu6alhnceh2kzz55nsgb6d77ki7qwfjnqojvaahrcxgywftdhq",
            "system_tags": {},
            "time_created": "2024-07-14 08:03:49.461 +0000 UTC",
            "time_maintenance_reboot_due": "",
            "timeouts": {
              "create": "25m",
              "delete": null,
              "update": null
            },
            "update_operation_constraint": null
          },
          "sensitive_attributes": [],
          "private": "eyJlMmJmYjczMC1lY2FhLTExZTYtOGY4OC0zNDM2M2JjN2M0YzAiOnsiY3JlYXRlIjoxNTAwMDAwMDAwMDAwLCJkZWxldGUiOjQ1MDAwMDAwMDAwMDAsInVwZGF0ZSI6MjcwMDAwMDAwMDAwMH19",
          "dependencies": [
            "data.oci_core_images.main",
            "data.oci_core_shapes.current_ad",
            "data.oci_core_subnet.instance_subnet",
            "data.oci_identity_availability_domains.ad"
          ]
        }
      ]
    }
  ],
  "check_results": [
    {
      "object_kind": "var",
      "config_addr": "var.baseline_ocpu_utilization",
      "status": "pass",
      "objects": [
        {
          "object_addr": "var.baseline_ocpu_utilization",
          "status": "pass"
        }
      ]
    },
    {
      "object_kind": "var",
      "config_addr": "var.instance_state",
      "status": "pass",
      "objects": [
        {
          "object_addr": "var.instance_state",
          "status": "pass"
        }
      ]
    },
    {
      "object_kind": "var",
      "config_addr": "var.public_ip",
      "status": "pass",
      "objects": [
        {
          "object_addr": "var.public_ip",
          "status": "pass"
        }
      ]
    },
    {
      "object_kind": "var",
      "config_addr": "var.boot_volume_backup_policy",
      "status": "pass",
      "objects": [
        {
          "object_addr": "var.boot_volume_backup_policy",
          "status": "pass"
        }
      ]
    }
  ]
}
